// !$*UTF8*$!
{
	archiveVersion = 1;
	classes = {
	};
	objectVersion = 46;
	objects = {

/* Begin PBXBuildFile section */
		2ACE4012D5344BA68AE83CA9 /* libz.tbd in Frameworks */ = {isa = PBXBuildFile; fileRef = 1E11984458714DEDB8081244 /* libz.tbd */; };
		2D2264F55C8B79DD33D62300 /* libPods-hedvig.a in Frameworks */ = {isa = PBXBuildFile; fileRef = E7D1DC928F6C1DB18EBE8064 /* libPods-hedvig.a */; };
		544ED67F4B9649438F02FDD3 /* CircularStd-Bold.ttf in Resources */ = {isa = PBXBuildFile; fileRef = 4CB76B2DDD2F4C42A9C41DF6 /* CircularStd-Bold.ttf */; };
		559CCAF02121B3530080C272 /* debug.xcconfig in Resources */ = {isa = PBXBuildFile; fileRef = 559CCAEF2121B3530080C272 /* debug.xcconfig */; };
		55A1D9ED211DB2FA00547027 /* GoogleService-Info.plist in Resources */ = {isa = PBXBuildFile; fileRef = 55A1D9EC211DB2FA00547027 /* GoogleService-Info.plist */; };
		64ADFEB80E9B4CE188FF5E21 /* SoRay-ExtraBold.ttf in Resources */ = {isa = PBXBuildFile; fileRef = 446808BB14A544DA8419781D /* SoRay-ExtraBold.ttf */; };
		AC5BB2AB4E954E429F91AB9E /* Merriweather-Light.ttf in Resources */ = {isa = PBXBuildFile; fileRef = D398F87383C7495A9938B698 /* Merriweather-Light.ttf */; };
		B56386491DB9693800A0598C /* AppDelegate.swift in Sources */ = {isa = PBXBuildFile; fileRef = B56386481DB9693800A0598C /* AppDelegate.swift */; };
		B56386511DB9693800A0598C /* Assets.xcassets in Resources */ = {isa = PBXBuildFile; fileRef = B56386501DB9693800A0598C /* Assets.xcassets */; };
		BBAFAB7DAC15463DAA2348E5 /* CircularStd-Book.ttf in Resources */ = {isa = PBXBuildFile; fileRef = 7B57D15156864FA4B906A3EC /* CircularStd-Book.ttf */; };
		EBECC19F21B8112D00716BEA /* MarketingScreenComponent.swift in Sources */ = {isa = PBXBuildFile; fileRef = EBECC19E21B8112D00716BEA /* MarketingScreenComponent.swift */; };
		EBECC21521B811F500716BEA /* .swiftlint.yml in Resources */ = {isa = PBXBuildFile; fileRef = EBECC1A721B811F400716BEA /* .swiftlint.yml */; };
		EBECC23821B811F500716BEA /* AppNavigation.swift in Sources */ = {isa = PBXBuildFile; fileRef = EBECC1DB21B811F500716BEA /* AppNavigation.swift */; };
		EBECC23921B811F500716BEA /* DependenciesContainer.swift in Sources */ = {isa = PBXBuildFile; fileRef = EBECC1DD21B811F500716BEA /* DependenciesContainer.swift */; };
		EBECC23A21B811F500716BEA /* AppState.swift in Sources */ = {isa = PBXBuildFile; fileRef = EBECC1DF21B811F500716BEA /* AppState.swift */; };
		EBECC23B21B811F500716BEA /* Message.swift in Sources */ = {isa = PBXBuildFile; fileRef = EBECC1E021B811F500716BEA /* Message.swift */; };
		EBECC23C21B811F500716BEA /* AuthorizationToken.swift in Sources */ = {isa = PBXBuildFile; fileRef = EBECC1E121B811F500716BEA /* AuthorizationToken.swift */; };
		EBECC23D21B811F500716BEA /* LaunchScreen.storyboard in Resources */ = {isa = PBXBuildFile; fileRef = EBECC1E221B811F500716BEA /* LaunchScreen.storyboard */; };
		EBECC23E21B811F500716BEA /* SetMessages.swift in Sources */ = {isa = PBXBuildFile; fileRef = EBECC1E521B811F500716BEA /* SetMessages.swift */; };
		EBECC23F21B811F500716BEA /* SendMessage.swift in Sources */ = {isa = PBXBuildFile; fileRef = EBECC1E621B811F500716BEA /* SendMessage.swift */; };
		EBECC24021B811F500716BEA /* AppActions.swift in Sources */ = {isa = PBXBuildFile; fileRef = EBECC1E721B811F500716BEA /* AppActions.swift */; };
		EBECC24121B811F500716BEA /* InsertMessage.swift in Sources */ = {isa = PBXBuildFile; fileRef = EBECC1E821B811F500716BEA /* InsertMessage.swift */; };
		EBECC24321B811F500716BEA /* ApolloClient+Flow.swift in Sources */ = {isa = PBXBuildFile; fileRef = EBECC1EB21B811F500716BEA /* ApolloClient+Flow.swift */; };
		EBECC24421B811F500716BEA /* Messages.graphql in Resources */ = {isa = PBXBuildFile; fileRef = EBECC1ED21B811F500716BEA /* Messages.graphql */; };
		EBECC24521B811F500716BEA /* SendChatTextResponse.graphql in Resources */ = {isa = PBXBuildFile; fileRef = EBECC1EE21B811F500716BEA /* SendChatTextResponse.graphql */; };
		EBECC24621B811F500716BEA /* CurrentChatResponseSubscription.graphql in Resources */ = {isa = PBXBuildFile; fileRef = EBECC1EF21B811F500716BEA /* CurrentChatResponseSubscription.graphql */; };
		EBECC24721B811F500716BEA /* MarketingStories.graphql in Resources */ = {isa = PBXBuildFile; fileRef = EBECC1F021B811F500716BEA /* MarketingStories.graphql */; };
		EBECC24821B811F500716BEA /* CreateSession.graphql in Resources */ = {isa = PBXBuildFile; fileRef = EBECC1F121B811F500716BEA /* CreateSession.graphql */; };
		EBECC24921B811F500716BEA /* MessageSubscription.graphql in Resources */ = {isa = PBXBuildFile; fileRef = EBECC1F221B811F500716BEA /* MessageSubscription.graphql */; };
		EBECC24A21B811F500716BEA /* SendChatSingleSelectResponse.graphql in Resources */ = {isa = PBXBuildFile; fileRef = EBECC1F321B811F500716BEA /* SendChatSingleSelectResponse.graphql */; };
		EBECC24B21B811F500716BEA /* schema.json in Resources */ = {isa = PBXBuildFile; fileRef = EBECC1F421B811F500716BEA /* schema.json */; };
		EBECC24C21B811F500716BEA /* API.swift in Sources */ = {isa = PBXBuildFile; fileRef = EBECC1F521B811F500716BEA /* API.swift */; };
		EBECC24D21B811F500716BEA /* HedvigApolloClient.swift in Sources */ = {isa = PBXBuildFile; fileRef = EBECC1F621B811F500716BEA /* HedvigApolloClient.swift */; };
		EBECC24E21B811F500716BEA /* Assets.xcassets in Resources */ = {isa = PBXBuildFile; fileRef = EBECC1F821B811F500716BEA /* Assets.xcassets */; };
		EBECC24F21B811F500716BEA /* HedvigColors.swift in Sources */ = {isa = PBXBuildFile; fileRef = EBECC1F921B811F500716BEA /* HedvigColors.swift */; };
		EBECC25021B811F500716BEA /* Icon.swift in Sources */ = {isa = PBXBuildFile; fileRef = EBECC1FB21B811F500716BEA /* Icon.swift */; };
		EBECC25321B811F500716BEA /* HedvigFonts.swift in Sources */ = {isa = PBXBuildFile; fileRef = EBECC1FF21B811F500716BEA /* HedvigFonts.swift */; };
		EBECC25721B811F500716BEA /* .swiftlint in Resources */ = {isa = PBXBuildFile; fileRef = EBECC20321B811F500716BEA /* .swiftlint */; };
		EBECC25821B811F500716BEA /* Hedvig.xcworkspace in Resources */ = {isa = PBXBuildFile; fileRef = EBECC20421B811F500716BEA /* Hedvig.xcworkspace */; };
		EBECC25921B811F500716BEA /* .gitignore in Resources */ = {isa = PBXBuildFile; fileRef = EBECC20521B811F500716BEA /* .gitignore */; };
		EBECC25A21B811F500716BEA /* Podfile in Resources */ = {isa = PBXBuildFile; fileRef = EBECC20621B811F500716BEA /* Podfile */; };
		EBECC25E21B811F500716BEA /* Podfile.lock in Resources */ = {isa = PBXBuildFile; fileRef = EBECC20E21B811F500716BEA /* Podfile.lock */; };
		EBECC26621B9230000716BEA /* NativeRouting.swift in Sources */ = {isa = PBXBuildFile; fileRef = EBECC26521B9230000716BEA /* NativeRouting.swift */; };
		EBECC26821B92E4800716BEA /* NativeRouting.m in Sources */ = {isa = PBXBuildFile; fileRef = EBECC26721B92E4800716BEA /* NativeRouting.m */; };
		EBECC35221C1020000716BEA /* Launch.swift in Sources */ = {isa = PBXBuildFile; fileRef = EBECC31E21C1020000716BEA /* Launch.swift */; };
		EBECC35321C1020000716BEA /* MarketingPresentationStyle.swift in Sources */ = {isa = PBXBuildFile; fileRef = EBECC32021C1020000716BEA /* MarketingPresentationStyle.swift */; };
		EBECC35421C1020000716BEA /* MarketingEndScreen.swift in Sources */ = {isa = PBXBuildFile; fileRef = EBECC32121C1020000716BEA /* MarketingEndScreen.swift */; };
		EBECC35521C1020000716BEA /* Logo.swift in Sources */ = {isa = PBXBuildFile; fileRef = EBECC32321C1020000716BEA /* Logo.swift */; };
		EBECC35621C1020000716BEA /* MemberActionButtons.swift in Sources */ = {isa = PBXBuildFile; fileRef = EBECC32521C1020000716BEA /* MemberActionButtons.swift */; };
		EBECC35721C1020000716BEA /* NewMemberButton.swift in Sources */ = {isa = PBXBuildFile; fileRef = EBECC32621C1020000716BEA /* NewMemberButton.swift */; };
		EBECC35821C1020000716BEA /* ExistingMemberButton.swift in Sources */ = {isa = PBXBuildFile; fileRef = EBECC32721C1020000716BEA /* ExistingMemberButton.swift */; };
		EBECC35921C1020000716BEA /* StoriesIndicator.swift in Sources */ = {isa = PBXBuildFile; fileRef = EBECC32821C1020000716BEA /* StoriesIndicator.swift */; };
		EBECC35A21C1020000716BEA /* Stories.swift in Sources */ = {isa = PBXBuildFile; fileRef = EBECC32921C1020000716BEA /* Stories.swift */; };
		EBECC35B21C1020000716BEA /* StoriesCollection.swift in Sources */ = {isa = PBXBuildFile; fileRef = EBECC32A21C1020000716BEA /* StoriesCollection.swift */; };
		EBECC35C21C1020000716BEA /* SkipToNextButton.swift in Sources */ = {isa = PBXBuildFile; fileRef = EBECC32C21C1020000716BEA /* SkipToNextButton.swift */; };
		EBECC35D21C1020000716BEA /* SkipToPreviousButton.swift in Sources */ = {isa = PBXBuildFile; fileRef = EBECC32D21C1020000716BEA /* SkipToPreviousButton.swift */; };
		EBECC35E21C1020000716BEA /* End.swift in Sources */ = {isa = PBXBuildFile; fileRef = EBECC32E21C1020000716BEA /* End.swift */; };
		EBECC35F21C1020000716BEA /* MarketingStory.swift in Sources */ = {isa = PBXBuildFile; fileRef = EBECC32F21C1020000716BEA /* MarketingStory.swift */; };
		EBECC36021C1020000716BEA /* Marketing.swift in Sources */ = {isa = PBXBuildFile; fileRef = EBECC33021C1020000716BEA /* Marketing.swift */; };
		EBECC36121C1020000716BEA /* ChatViewController.swift in Sources */ = {isa = PBXBuildFile; fileRef = EBECC33221C1020000716BEA /* ChatViewController.swift */; };
		EBECC36221C1020000716BEA /* Chat.swift in Sources */ = {isa = PBXBuildFile; fileRef = EBECC33321C1020000716BEA /* Chat.swift */; };
		EBECC36321C1020000716BEA /* ChatPresentationStyle.swift in Sources */ = {isa = PBXBuildFile; fileRef = EBECC33421C1020000716BEA /* ChatPresentationStyle.swift */; };
		EBECC36421C1020000716BEA /* SendingIndicator.swift in Sources */ = {isa = PBXBuildFile; fileRef = EBECC33721C1020000716BEA /* SendingIndicator.swift */; };
		EBECC36521C1020000716BEA /* MessageView.swift in Sources */ = {isa = PBXBuildFile; fileRef = EBECC33821C1020000716BEA /* MessageView.swift */; };
		EBECC36621C1020000716BEA /* ListView.swift in Sources */ = {isa = PBXBuildFile; fileRef = EBECC33A21C1020000716BEA /* ListView.swift */; };
		EBECC36721C1020000716BEA /* SendButton.swift in Sources */ = {isa = PBXBuildFile; fileRef = EBECC33C21C1020000716BEA /* SendButton.swift */; };
		EBECC36821C1020000716BEA /* SelectButton.swift in Sources */ = {isa = PBXBuildFile; fileRef = EBECC33E21C1020000716BEA /* SelectButton.swift */; };
		EBECC36921C1020000716BEA /* SelectCollectionView.swift in Sources */ = {isa = PBXBuildFile; fileRef = EBECC33F21C1020000716BEA /* SelectCollectionView.swift */; };
		EBECC36A21C1020000716BEA /* SelectCollectionViewCell.swift in Sources */ = {isa = PBXBuildFile; fileRef = EBECC34021C1020000716BEA /* SelectCollectionViewCell.swift */; };
		EBECC36B21C1020100716BEA /* SafeAreaContainer.swift in Sources */ = {isa = PBXBuildFile; fileRef = EBECC34121C1020000716BEA /* SafeAreaContainer.swift */; };
		EBECC36C21C1020100716BEA /* InputFieldView.swift in Sources */ = {isa = PBXBuildFile; fileRef = EBECC34221C1020000716BEA /* InputFieldView.swift */; };
		EBECC36D21C1020100716BEA /* ChatView.swift in Sources */ = {isa = PBXBuildFile; fileRef = EBECC34321C1020000716BEA /* ChatView.swift */; };
		EBECC36E21C1020100716BEA /* TransitionStyle.swift in Sources */ = {isa = PBXBuildFile; fileRef = EBECC34521C1020000716BEA /* TransitionStyle.swift */; };
		EBECC36F21C1020100716BEA /* Callbacker+Signal.swift in Sources */ = {isa = PBXBuildFile; fileRef = EBECC34621C1020000716BEA /* Callbacker+Signal.swift */; };
		EBECC37021C1020100716BEA /* CoreSignal+Animation.swift in Sources */ = {isa = PBXBuildFile; fileRef = EBECC34721C1020000716BEA /* CoreSignal+Animation.swift */; };
		EBECC37121C1020100716BEA /* CopyableLabel.swift in Sources */ = {isa = PBXBuildFile; fileRef = EBECC34821C1020000716BEA /* CopyableLabel.swift */; };
		EBECC37221C1020100716BEA /* CollectionKit+UpdateRows.swift in Sources */ = {isa = PBXBuildFile; fileRef = EBECC34921C1020000716BEA /* CollectionKit+UpdateRows.swift */; };
		EBECC37321C1020100716BEA /* UIView+RadiusMask.swift in Sources */ = {isa = PBXBuildFile; fileRef = EBECC34A21C1020000716BEA /* UIView+RadiusMask.swift */; };
		EBECC37421C1020100716BEA /* UIView+Viewable.swift in Sources */ = {isa = PBXBuildFile; fileRef = EBECC34B21C1020000716BEA /* UIView+Viewable.swift */; };
		EBECC37521C1020100716BEA /* UIView+addConstraint.swift in Sources */ = {isa = PBXBuildFile; fileRef = EBECC34C21C1020000716BEA /* UIView+addConstraint.swift */; };
		EBECC37621C1020100716BEA /* AnimationStyle.swift in Sources */ = {isa = PBXBuildFile; fileRef = EBECC34D21C1020000716BEA /* AnimationStyle.swift */; };
		EBECC37721C1020100716BEA /* CollectionKit+ScrollTo.swift in Sources */ = {isa = PBXBuildFile; fileRef = EBECC34E21C1020000716BEA /* CollectionKit+ScrollTo.swift */; };
		EBECC37821C1020100716BEA /* Viewable.swift in Sources */ = {isa = PBXBuildFile; fileRef = EBECC34F21C1020000716BEA /* Viewable.swift */; };
		EBECC37921C1020100716BEA /* SpringAnimationStyle.swift in Sources */ = {isa = PBXBuildFile; fileRef = EBECC35021C1020000716BEA /* SpringAnimationStyle.swift */; };
		EBECC37A21C1020100716BEA /* ButtonStyle.swift in Sources */ = {isa = PBXBuildFile; fileRef = EBECC35121C1020000716BEA /* ButtonStyle.swift */; };
/* End PBXBuildFile section */

/* Begin PBXContainerItemProxy section */
		EBECC21121B811F500716BEA /* PBXContainerItemProxy */ = {
			isa = PBXContainerItemProxy;
			containerPortal = EBECC1A821B811F400716BEA /* Hedvig.xcodeproj */;
			proxyType = 2;
			remoteGlobalIDString = EB75E15121930A94006B5CE4;
			remoteInfo = Hedvig;
		};
		EBECC21321B811F500716BEA /* PBXContainerItemProxy */ = {
			isa = PBXContainerItemProxy;
			containerPortal = EBECC1A821B811F400716BEA /* Hedvig.xcodeproj */;
			proxyType = 2;
			remoteGlobalIDString = EB75E16521930A95006B5CE4;
			remoteInfo = HedvigTests;
		};
/* End PBXContainerItemProxy section */

/* Begin PBXFileReference section */
		08E5427420879B64DB0FAC97 /* Pods-hedvig.staging.xcconfig */ = {isa = PBXFileReference; includeInIndex = 1; lastKnownFileType = text.xcconfig; name = "Pods-hedvig.staging.xcconfig"; path = "Pods/Target Support Files/Pods-hedvig/Pods-hedvig.staging.xcconfig"; sourceTree = "<group>"; };
		14DAAD861ADCC674F81A246E /* Pods-hedvig.release.xcconfig */ = {isa = PBXFileReference; includeInIndex = 1; lastKnownFileType = text.xcconfig; name = "Pods-hedvig.release.xcconfig"; path = "Pods/Target Support Files/Pods-hedvig/Pods-hedvig.release.xcconfig"; sourceTree = "<group>"; };
		1E11984458714DEDB8081244 /* libz.tbd */ = {isa = PBXFileReference; explicitFileType = undefined; fileEncoding = 9; includeInIndex = 0; lastKnownFileType = "sourcecode.text-based-dylib-definition"; name = libz.tbd; path = usr/lib/libz.tbd; sourceTree = SDKROOT; };
		2DCF4132F2BAB8D3F906C415 /* Pods-hedvig.debug - staging.xcconfig */ = {isa = PBXFileReference; includeInIndex = 1; lastKnownFileType = text.xcconfig; name = "Pods-hedvig.debug - staging.xcconfig"; path = "Pods/Target Support Files/Pods-hedvig/Pods-hedvig.debug - staging.xcconfig"; sourceTree = "<group>"; };
		2EE5FB9DB54A633C563A341F /* Pods-hedvig.release - staging.xcconfig */ = {isa = PBXFileReference; includeInIndex = 1; lastKnownFileType = text.xcconfig; name = "Pods-hedvig.release - staging.xcconfig"; path = "Pods/Target Support Files/Pods-hedvig/Pods-hedvig.release - staging.xcconfig"; sourceTree = "<group>"; };
		40A4E138DA01BAEEA68F884C /* Pods-hedvig.debug - dev.xcconfig */ = {isa = PBXFileReference; includeInIndex = 1; lastKnownFileType = text.xcconfig; name = "Pods-hedvig.debug - dev.xcconfig"; path = "Pods/Target Support Files/Pods-hedvig/Pods-hedvig.debug - dev.xcconfig"; sourceTree = "<group>"; };
		446808BB14A544DA8419781D /* SoRay-ExtraBold.ttf */ = {isa = PBXFileReference; explicitFileType = undefined; fileEncoding = 9; includeInIndex = 0; lastKnownFileType = unknown; name = "SoRay-ExtraBold.ttf"; path = "../assets/fonts/SoRay-ExtraBold.ttf"; sourceTree = "<group>"; };
		4CB76B2DDD2F4C42A9C41DF6 /* CircularStd-Bold.ttf */ = {isa = PBXFileReference; explicitFileType = undefined; fileEncoding = 9; includeInIndex = 0; lastKnownFileType = unknown; name = "CircularStd-Bold.ttf"; path = "../assets/fonts/CircularStd-Bold.ttf"; sourceTree = "<group>"; };
		559CCAD6211F1AC10080C272 /* hedvig.entitlements */ = {isa = PBXFileReference; lastKnownFileType = text.plist.entitlements; path = hedvig.entitlements; sourceTree = "<group>"; };
		559CCAEF2121B3530080C272 /* debug.xcconfig */ = {isa = PBXFileReference; fileEncoding = 4; lastKnownFileType = text.xcconfig; path = debug.xcconfig; sourceTree = "<group>"; };
		559CCAF12121B42C0080C272 /* staging.xcconfig */ = {isa = PBXFileReference; lastKnownFileType = text.xcconfig; path = staging.xcconfig; sourceTree = "<group>"; };
		559CCAF22121B4620080C272 /* release.xcconfig */ = {isa = PBXFileReference; lastKnownFileType = text.xcconfig; path = release.xcconfig; sourceTree = "<group>"; };
		55A1D9EC211DB2FA00547027 /* GoogleService-Info.plist */ = {isa = PBXFileReference; fileEncoding = 4; lastKnownFileType = text.plist.xml; path = "GoogleService-Info.plist"; sourceTree = "<group>"; };
		7B57D15156864FA4B906A3EC /* CircularStd-Book.ttf */ = {isa = PBXFileReference; explicitFileType = undefined; fileEncoding = 9; includeInIndex = 0; lastKnownFileType = unknown; name = "CircularStd-Book.ttf"; path = "../assets/fonts/CircularStd-Book.ttf"; sourceTree = "<group>"; };
		7CDE8491802332E881E48B7F /* Pods-hedvig.debug - production.xcconfig */ = {isa = PBXFileReference; includeInIndex = 1; lastKnownFileType = text.xcconfig; name = "Pods-hedvig.debug - production.xcconfig"; path = "Pods/Target Support Files/Pods-hedvig/Pods-hedvig.debug - production.xcconfig"; sourceTree = "<group>"; };
		ABC3DF484F2DAA91A9A81943 /* Pods-hedvig.debug.xcconfig */ = {isa = PBXFileReference; includeInIndex = 1; lastKnownFileType = text.xcconfig; name = "Pods-hedvig.debug.xcconfig"; path = "Pods/Target Support Files/Pods-hedvig/Pods-hedvig.debug.xcconfig"; sourceTree = "<group>"; };
		B56386411DB9693800A0598C /* Hedvig Dev.app */ = {isa = PBXFileReference; explicitFileType = wrapper.application; includeInIndex = 0; path = "Hedvig Dev.app"; sourceTree = BUILT_PRODUCTS_DIR; };
		B56386481DB9693800A0598C /* AppDelegate.swift */ = {isa = PBXFileReference; lastKnownFileType = sourcecode.swift; path = AppDelegate.swift; sourceTree = "<group>"; };
		B56386501DB9693800A0598C /* Assets.xcassets */ = {isa = PBXFileReference; lastKnownFileType = folder.assetcatalog; path = Assets.xcassets; sourceTree = "<group>"; };
		B563865C1DB96A5E00A0598C /* Info.plist */ = {isa = PBXFileReference; fileEncoding = 4; lastKnownFileType = text.plist.xml; path = Info.plist; sourceTree = "<group>"; };
		BA6B49A7D50CBF7527166E28 /* Pods-hedvig.release - dev.xcconfig */ = {isa = PBXFileReference; includeInIndex = 1; lastKnownFileType = text.xcconfig; name = "Pods-hedvig.release - dev.xcconfig"; path = "Pods/Target Support Files/Pods-hedvig/Pods-hedvig.release - dev.xcconfig"; sourceTree = "<group>"; };
		D398F87383C7495A9938B698 /* Merriweather-Light.ttf */ = {isa = PBXFileReference; explicitFileType = undefined; fileEncoding = 9; includeInIndex = 0; lastKnownFileType = unknown; name = "Merriweather-Light.ttf"; path = "../assets/fonts/Merriweather-Light.ttf"; sourceTree = "<group>"; };
		D5671F6FBF53920F1E91F718 /* Pods-hedvig.release - production.xcconfig */ = {isa = PBXFileReference; includeInIndex = 1; lastKnownFileType = text.xcconfig; name = "Pods-hedvig.release - production.xcconfig"; path = "Pods/Target Support Files/Pods-hedvig/Pods-hedvig.release - production.xcconfig"; sourceTree = "<group>"; };
		E7D1DC928F6C1DB18EBE8064 /* libPods-hedvig.a */ = {isa = PBXFileReference; explicitFileType = archive.ar; includeInIndex = 0; path = "libPods-hedvig.a"; sourceTree = BUILT_PRODUCTS_DIR; };
		EB3A235521A57EE4007F52B6 /* hedvig-Bridging-Header.h */ = {isa = PBXFileReference; lastKnownFileType = sourcecode.c.h; path = "hedvig-Bridging-Header.h"; sourceTree = "<group>"; };
		EBC15BDB2126C0D700D0E296 /* libRNFirebase.a */ = {isa = PBXFileReference; explicitFileType = archive.ar; path = libRNFirebase.a; sourceTree = BUILT_PRODUCTS_DIR; };
		EBECC19E21B8112D00716BEA /* MarketingScreenComponent.swift */ = {isa = PBXFileReference; lastKnownFileType = sourcecode.swift; path = MarketingScreenComponent.swift; sourceTree = "<group>"; };
		EBECC1A721B811F400716BEA /* .swiftlint.yml */ = {isa = PBXFileReference; fileEncoding = 4; lastKnownFileType = text; path = .swiftlint.yml; sourceTree = "<group>"; };
		EBECC1A821B811F400716BEA /* Hedvig.xcodeproj */ = {isa = PBXFileReference; lastKnownFileType = "wrapper.pb-project"; path = Hedvig.xcodeproj; sourceTree = "<group>"; };
		EBECC1DB21B811F500716BEA /* AppNavigation.swift */ = {isa = PBXFileReference; fileEncoding = 4; lastKnownFileType = sourcecode.swift; path = AppNavigation.swift; sourceTree = "<group>"; };
		EBECC1DD21B811F500716BEA /* DependenciesContainer.swift */ = {isa = PBXFileReference; fileEncoding = 4; lastKnownFileType = sourcecode.swift; path = DependenciesContainer.swift; sourceTree = "<group>"; };
		EBECC1DF21B811F500716BEA /* AppState.swift */ = {isa = PBXFileReference; fileEncoding = 4; lastKnownFileType = sourcecode.swift; path = AppState.swift; sourceTree = "<group>"; };
		EBECC1E021B811F500716BEA /* Message.swift */ = {isa = PBXFileReference; fileEncoding = 4; lastKnownFileType = sourcecode.swift; path = Message.swift; sourceTree = "<group>"; };
		EBECC1E121B811F500716BEA /* AuthorizationToken.swift */ = {isa = PBXFileReference; fileEncoding = 4; lastKnownFileType = sourcecode.swift; path = AuthorizationToken.swift; sourceTree = "<group>"; };
		EBECC1E321B811F500716BEA /* Base */ = {isa = PBXFileReference; lastKnownFileType = file.storyboard; name = Base; path = Base.lproj/LaunchScreen.storyboard; sourceTree = "<group>"; };
		EBECC1E521B811F500716BEA /* SetMessages.swift */ = {isa = PBXFileReference; fileEncoding = 4; lastKnownFileType = sourcecode.swift; path = SetMessages.swift; sourceTree = "<group>"; };
		EBECC1E621B811F500716BEA /* SendMessage.swift */ = {isa = PBXFileReference; fileEncoding = 4; lastKnownFileType = sourcecode.swift; path = SendMessage.swift; sourceTree = "<group>"; };
		EBECC1E721B811F500716BEA /* AppActions.swift */ = {isa = PBXFileReference; fileEncoding = 4; lastKnownFileType = sourcecode.swift; path = AppActions.swift; sourceTree = "<group>"; };
		EBECC1E821B811F500716BEA /* InsertMessage.swift */ = {isa = PBXFileReference; fileEncoding = 4; lastKnownFileType = sourcecode.swift; path = InsertMessage.swift; sourceTree = "<group>"; };
		EBECC1E921B811F500716BEA /* AppDelegate.swift */ = {isa = PBXFileReference; fileEncoding = 4; lastKnownFileType = sourcecode.swift; path = AppDelegate.swift; sourceTree = "<group>"; };
		EBECC1EB21B811F500716BEA /* ApolloClient+Flow.swift */ = {isa = PBXFileReference; fileEncoding = 4; lastKnownFileType = sourcecode.swift; path = "ApolloClient+Flow.swift"; sourceTree = "<group>"; };
		EBECC1ED21B811F500716BEA /* Messages.graphql */ = {isa = PBXFileReference; fileEncoding = 4; lastKnownFileType = text; path = Messages.graphql; sourceTree = "<group>"; };
		EBECC1EE21B811F500716BEA /* SendChatTextResponse.graphql */ = {isa = PBXFileReference; fileEncoding = 4; lastKnownFileType = text; path = SendChatTextResponse.graphql; sourceTree = "<group>"; };
		EBECC1EF21B811F500716BEA /* CurrentChatResponseSubscription.graphql */ = {isa = PBXFileReference; fileEncoding = 4; lastKnownFileType = text; path = CurrentChatResponseSubscription.graphql; sourceTree = "<group>"; };
		EBECC1F021B811F500716BEA /* MarketingStories.graphql */ = {isa = PBXFileReference; fileEncoding = 4; lastKnownFileType = text; path = MarketingStories.graphql; sourceTree = "<group>"; };
		EBECC1F121B811F500716BEA /* CreateSession.graphql */ = {isa = PBXFileReference; fileEncoding = 4; lastKnownFileType = text; path = CreateSession.graphql; sourceTree = "<group>"; };
		EBECC1F221B811F500716BEA /* MessageSubscription.graphql */ = {isa = PBXFileReference; fileEncoding = 4; lastKnownFileType = text; path = MessageSubscription.graphql; sourceTree = "<group>"; };
		EBECC1F321B811F500716BEA /* SendChatSingleSelectResponse.graphql */ = {isa = PBXFileReference; fileEncoding = 4; lastKnownFileType = text; path = SendChatSingleSelectResponse.graphql; sourceTree = "<group>"; };
		EBECC1F421B811F500716BEA /* schema.json */ = {isa = PBXFileReference; fileEncoding = 4; lastKnownFileType = text.json; path = schema.json; sourceTree = "<group>"; };
		EBECC1F521B811F500716BEA /* API.swift */ = {isa = PBXFileReference; fileEncoding = 4; lastKnownFileType = sourcecode.swift; path = API.swift; sourceTree = "<group>"; };
		EBECC1F621B811F500716BEA /* HedvigApolloClient.swift */ = {isa = PBXFileReference; fileEncoding = 4; lastKnownFileType = sourcecode.swift; path = HedvigApolloClient.swift; sourceTree = "<group>"; };
		EBECC1F821B811F500716BEA /* Assets.xcassets */ = {isa = PBXFileReference; lastKnownFileType = folder.assetcatalog; path = Assets.xcassets; sourceTree = "<group>"; };
		EBECC1F921B811F500716BEA /* HedvigColors.swift */ = {isa = PBXFileReference; fileEncoding = 4; lastKnownFileType = sourcecode.swift; path = HedvigColors.swift; sourceTree = "<group>"; };
		EBECC1FB21B811F500716BEA /* Icon.swift */ = {isa = PBXFileReference; fileEncoding = 4; lastKnownFileType = sourcecode.swift; path = Icon.swift; sourceTree = "<group>"; };
		EBECC1FD21B811F500716BEA /* Merriweather-Light.ttf */ = {isa = PBXFileReference; lastKnownFileType = file; path = "Merriweather-Light.ttf"; sourceTree = "<group>"; };
		EBECC1FE21B811F500716BEA /* SoRay-ExtraBold.ttf */ = {isa = PBXFileReference; lastKnownFileType = file; path = "SoRay-ExtraBold.ttf"; sourceTree = "<group>"; };
		EBECC1FF21B811F500716BEA /* HedvigFonts.swift */ = {isa = PBXFileReference; fileEncoding = 4; lastKnownFileType = sourcecode.swift; path = HedvigFonts.swift; sourceTree = "<group>"; };
		EBECC20021B811F500716BEA /* CircularStd-Book.ttf */ = {isa = PBXFileReference; lastKnownFileType = file; path = "CircularStd-Book.ttf"; sourceTree = "<group>"; };
		EBECC20121B811F500716BEA /* CircularStd-Bold.ttf */ = {isa = PBXFileReference; lastKnownFileType = file; path = "CircularStd-Bold.ttf"; sourceTree = "<group>"; };
		EBECC20321B811F500716BEA /* .swiftlint */ = {isa = PBXFileReference; fileEncoding = 4; lastKnownFileType = text; path = .swiftlint; sourceTree = "<group>"; };
		EBECC20421B811F500716BEA /* Hedvig.xcworkspace */ = {isa = PBXFileReference; lastKnownFileType = wrapper.workspace; path = Hedvig.xcworkspace; sourceTree = "<group>"; };
		EBECC20521B811F500716BEA /* .gitignore */ = {isa = PBXFileReference; fileEncoding = 4; lastKnownFileType = text; path = .gitignore; sourceTree = "<group>"; };
		EBECC20621B811F500716BEA /* Podfile */ = {isa = PBXFileReference; fileEncoding = 4; lastKnownFileType = text; path = Podfile; sourceTree = "<group>"; };
		EBECC20821B811F500716BEA /* ChatViewTest.swift */ = {isa = PBXFileReference; fileEncoding = 4; lastKnownFileType = sourcecode.swift; path = ChatViewTest.swift; sourceTree = "<group>"; };
		EBECC20C21B811F500716BEA /* chatView001 (375.0, 812.0)@3x.png */ = {isa = PBXFileReference; lastKnownFileType = image.png; path = "chatView001 (375.0, 812.0)@3x.png"; sourceTree = "<group>"; };
		EBECC20D21B811F500716BEA /* Info.plist */ = {isa = PBXFileReference; fileEncoding = 4; lastKnownFileType = text.plist.xml; path = Info.plist; sourceTree = "<group>"; };
		EBECC20E21B811F500716BEA /* Podfile.lock */ = {isa = PBXFileReference; fileEncoding = 4; lastKnownFileType = text; path = Podfile.lock; sourceTree = "<group>"; };
		EBECC26521B9230000716BEA /* NativeRouting.swift */ = {isa = PBXFileReference; lastKnownFileType = sourcecode.swift; path = NativeRouting.swift; sourceTree = "<group>"; };
		EBECC26721B92E4800716BEA /* NativeRouting.m */ = {isa = PBXFileReference; fileEncoding = 4; lastKnownFileType = sourcecode.c.objc; path = NativeRouting.m; sourceTree = "<group>"; };
		EBECC31E21C1020000716BEA /* Launch.swift */ = {isa = PBXFileReference; fileEncoding = 4; lastKnownFileType = sourcecode.swift; path = Launch.swift; sourceTree = "<group>"; };
		EBECC32021C1020000716BEA /* MarketingPresentationStyle.swift */ = {isa = PBXFileReference; fileEncoding = 4; lastKnownFileType = sourcecode.swift; path = MarketingPresentationStyle.swift; sourceTree = "<group>"; };
		EBECC32121C1020000716BEA /* MarketingEndScreen.swift */ = {isa = PBXFileReference; fileEncoding = 4; lastKnownFileType = sourcecode.swift; path = MarketingEndScreen.swift; sourceTree = "<group>"; };
		EBECC32321C1020000716BEA /* Logo.swift */ = {isa = PBXFileReference; fileEncoding = 4; lastKnownFileType = sourcecode.swift; path = Logo.swift; sourceTree = "<group>"; };
		EBECC32521C1020000716BEA /* MemberActionButtons.swift */ = {isa = PBXFileReference; fileEncoding = 4; lastKnownFileType = sourcecode.swift; path = MemberActionButtons.swift; sourceTree = "<group>"; };
		EBECC32621C1020000716BEA /* NewMemberButton.swift */ = {isa = PBXFileReference; fileEncoding = 4; lastKnownFileType = sourcecode.swift; path = NewMemberButton.swift; sourceTree = "<group>"; };
		EBECC32721C1020000716BEA /* ExistingMemberButton.swift */ = {isa = PBXFileReference; fileEncoding = 4; lastKnownFileType = sourcecode.swift; path = ExistingMemberButton.swift; sourceTree = "<group>"; };
		EBECC32821C1020000716BEA /* StoriesIndicator.swift */ = {isa = PBXFileReference; fileEncoding = 4; lastKnownFileType = sourcecode.swift; path = StoriesIndicator.swift; sourceTree = "<group>"; };
		EBECC32921C1020000716BEA /* Stories.swift */ = {isa = PBXFileReference; fileEncoding = 4; lastKnownFileType = sourcecode.swift; path = Stories.swift; sourceTree = "<group>"; };
		EBECC32A21C1020000716BEA /* StoriesCollection.swift */ = {isa = PBXFileReference; fileEncoding = 4; lastKnownFileType = sourcecode.swift; path = StoriesCollection.swift; sourceTree = "<group>"; };
		EBECC32C21C1020000716BEA /* SkipToNextButton.swift */ = {isa = PBXFileReference; fileEncoding = 4; lastKnownFileType = sourcecode.swift; path = SkipToNextButton.swift; sourceTree = "<group>"; };
		EBECC32D21C1020000716BEA /* SkipToPreviousButton.swift */ = {isa = PBXFileReference; fileEncoding = 4; lastKnownFileType = sourcecode.swift; path = SkipToPreviousButton.swift; sourceTree = "<group>"; };
		EBECC32E21C1020000716BEA /* End.swift */ = {isa = PBXFileReference; fileEncoding = 4; lastKnownFileType = sourcecode.swift; path = End.swift; sourceTree = "<group>"; };
		EBECC32F21C1020000716BEA /* MarketingStory.swift */ = {isa = PBXFileReference; fileEncoding = 4; lastKnownFileType = sourcecode.swift; path = MarketingStory.swift; sourceTree = "<group>"; };
		EBECC33021C1020000716BEA /* Marketing.swift */ = {isa = PBXFileReference; fileEncoding = 4; lastKnownFileType = sourcecode.swift; path = Marketing.swift; sourceTree = "<group>"; };
		EBECC33221C1020000716BEA /* ChatViewController.swift */ = {isa = PBXFileReference; fileEncoding = 4; lastKnownFileType = sourcecode.swift; path = ChatViewController.swift; sourceTree = "<group>"; };
		EBECC33321C1020000716BEA /* Chat.swift */ = {isa = PBXFileReference; fileEncoding = 4; lastKnownFileType = sourcecode.swift; path = Chat.swift; sourceTree = "<group>"; };
		EBECC33421C1020000716BEA /* ChatPresentationStyle.swift */ = {isa = PBXFileReference; fileEncoding = 4; lastKnownFileType = sourcecode.swift; path = ChatPresentationStyle.swift; sourceTree = "<group>"; };
		EBECC33721C1020000716BEA /* SendingIndicator.swift */ = {isa = PBXFileReference; fileEncoding = 4; lastKnownFileType = sourcecode.swift; path = SendingIndicator.swift; sourceTree = "<group>"; };
		EBECC33821C1020000716BEA /* MessageView.swift */ = {isa = PBXFileReference; fileEncoding = 4; lastKnownFileType = sourcecode.swift; path = MessageView.swift; sourceTree = "<group>"; };
		EBECC33A21C1020000716BEA /* ListView.swift */ = {isa = PBXFileReference; fileEncoding = 4; lastKnownFileType = sourcecode.swift; path = ListView.swift; sourceTree = "<group>"; };
		EBECC33C21C1020000716BEA /* SendButton.swift */ = {isa = PBXFileReference; fileEncoding = 4; lastKnownFileType = sourcecode.swift; path = SendButton.swift; sourceTree = "<group>"; };
		EBECC33E21C1020000716BEA /* SelectButton.swift */ = {isa = PBXFileReference; fileEncoding = 4; lastKnownFileType = sourcecode.swift; path = SelectButton.swift; sourceTree = "<group>"; };
		EBECC33F21C1020000716BEA /* SelectCollectionView.swift */ = {isa = PBXFileReference; fileEncoding = 4; lastKnownFileType = sourcecode.swift; path = SelectCollectionView.swift; sourceTree = "<group>"; };
		EBECC34021C1020000716BEA /* SelectCollectionViewCell.swift */ = {isa = PBXFileReference; fileEncoding = 4; lastKnownFileType = sourcecode.swift; path = SelectCollectionViewCell.swift; sourceTree = "<group>"; };
		EBECC34121C1020000716BEA /* SafeAreaContainer.swift */ = {isa = PBXFileReference; fileEncoding = 4; lastKnownFileType = sourcecode.swift; path = SafeAreaContainer.swift; sourceTree = "<group>"; };
		EBECC34221C1020000716BEA /* InputFieldView.swift */ = {isa = PBXFileReference; fileEncoding = 4; lastKnownFileType = sourcecode.swift; path = InputFieldView.swift; sourceTree = "<group>"; };
		EBECC34321C1020000716BEA /* ChatView.swift */ = {isa = PBXFileReference; fileEncoding = 4; lastKnownFileType = sourcecode.swift; path = ChatView.swift; sourceTree = "<group>"; };
		EBECC34521C1020000716BEA /* TransitionStyle.swift */ = {isa = PBXFileReference; fileEncoding = 4; lastKnownFileType = sourcecode.swift; path = TransitionStyle.swift; sourceTree = "<group>"; };
		EBECC34621C1020000716BEA /* Callbacker+Signal.swift */ = {isa = PBXFileReference; fileEncoding = 4; lastKnownFileType = sourcecode.swift; path = "Callbacker+Signal.swift"; sourceTree = "<group>"; };
		EBECC34721C1020000716BEA /* CoreSignal+Animation.swift */ = {isa = PBXFileReference; fileEncoding = 4; lastKnownFileType = sourcecode.swift; path = "CoreSignal+Animation.swift"; sourceTree = "<group>"; };
		EBECC34821C1020000716BEA /* CopyableLabel.swift */ = {isa = PBXFileReference; fileEncoding = 4; lastKnownFileType = sourcecode.swift; path = CopyableLabel.swift; sourceTree = "<group>"; };
		EBECC34921C1020000716BEA /* CollectionKit+UpdateRows.swift */ = {isa = PBXFileReference; fileEncoding = 4; lastKnownFileType = sourcecode.swift; path = "CollectionKit+UpdateRows.swift"; sourceTree = "<group>"; };
		EBECC34A21C1020000716BEA /* UIView+RadiusMask.swift */ = {isa = PBXFileReference; fileEncoding = 4; lastKnownFileType = sourcecode.swift; path = "UIView+RadiusMask.swift"; sourceTree = "<group>"; };
		EBECC34B21C1020000716BEA /* UIView+Viewable.swift */ = {isa = PBXFileReference; fileEncoding = 4; lastKnownFileType = sourcecode.swift; path = "UIView+Viewable.swift"; sourceTree = "<group>"; };
		EBECC34C21C1020000716BEA /* UIView+addConstraint.swift */ = {isa = PBXFileReference; fileEncoding = 4; lastKnownFileType = sourcecode.swift; path = "UIView+addConstraint.swift"; sourceTree = "<group>"; };
		EBECC34D21C1020000716BEA /* AnimationStyle.swift */ = {isa = PBXFileReference; fileEncoding = 4; lastKnownFileType = sourcecode.swift; path = AnimationStyle.swift; sourceTree = "<group>"; };
		EBECC34E21C1020000716BEA /* CollectionKit+ScrollTo.swift */ = {isa = PBXFileReference; fileEncoding = 4; lastKnownFileType = sourcecode.swift; path = "CollectionKit+ScrollTo.swift"; sourceTree = "<group>"; };
		EBECC34F21C1020000716BEA /* Viewable.swift */ = {isa = PBXFileReference; fileEncoding = 4; lastKnownFileType = sourcecode.swift; path = Viewable.swift; sourceTree = "<group>"; };
		EBECC35021C1020000716BEA /* SpringAnimationStyle.swift */ = {isa = PBXFileReference; fileEncoding = 4; lastKnownFileType = sourcecode.swift; path = SpringAnimationStyle.swift; sourceTree = "<group>"; };
		EBECC35121C1020000716BEA /* ButtonStyle.swift */ = {isa = PBXFileReference; fileEncoding = 4; lastKnownFileType = sourcecode.swift; path = ButtonStyle.swift; sourceTree = "<group>"; };
		EE9E45FE503F4AA1B6290424 /* Pods-hedvig.release - development.xcconfig */ = {isa = PBXFileReference; includeInIndex = 1; lastKnownFileType = text.xcconfig; name = "Pods-hedvig.release - development.xcconfig"; path = "Pods/Target Support Files/Pods-hedvig/Pods-hedvig.release - development.xcconfig"; sourceTree = "<group>"; };
		FE838C28F7895ED6D2053AD7 /* Pods-hedvig.debug - development.xcconfig */ = {isa = PBXFileReference; includeInIndex = 1; lastKnownFileType = text.xcconfig; name = "Pods-hedvig.debug - development.xcconfig"; path = "Pods/Target Support Files/Pods-hedvig/Pods-hedvig.debug - development.xcconfig"; sourceTree = "<group>"; };
/* End PBXFileReference section */

/* Begin PBXFrameworksBuildPhase section */
		B563863E1DB9693800A0598C /* Frameworks */ = {
			isa = PBXFrameworksBuildPhase;
			buildActionMask = 2147483647;
			files = (
				2ACE4012D5344BA68AE83CA9 /* libz.tbd in Frameworks */,
				2D2264F55C8B79DD33D62300 /* libPods-hedvig.a in Frameworks */,
			);
			runOnlyForDeploymentPostprocessing = 0;
		};
/* End PBXFrameworksBuildPhase section */

/* Begin PBXGroup section */
		1A42804E64B7E9E0AB8B6799 /* Frameworks */ = {
			isa = PBXGroup;
			children = (
				EBC15BDB2126C0D700D0E296 /* libRNFirebase.a */,
				1E11984458714DEDB8081244 /* libz.tbd */,
				E7D1DC928F6C1DB18EBE8064 /* libPods-hedvig.a */,
			);
			name = Frameworks;
			sourceTree = "<group>";
		};
		22BE85EFBA2F70EA99DAE0CA /* Pods */ = {
			isa = PBXGroup;
			children = (
				ABC3DF484F2DAA91A9A81943 /* Pods-hedvig.debug.xcconfig */,
				14DAAD861ADCC674F81A246E /* Pods-hedvig.release.xcconfig */,
				08E5427420879B64DB0FAC97 /* Pods-hedvig.staging.xcconfig */,
				2EE5FB9DB54A633C563A341F /* Pods-hedvig.release - staging.xcconfig */,
				40A4E138DA01BAEEA68F884C /* Pods-hedvig.debug - dev.xcconfig */,
				2DCF4132F2BAB8D3F906C415 /* Pods-hedvig.debug - staging.xcconfig */,
				BA6B49A7D50CBF7527166E28 /* Pods-hedvig.release - dev.xcconfig */,
				7CDE8491802332E881E48B7F /* Pods-hedvig.debug - production.xcconfig */,
				FE838C28F7895ED6D2053AD7 /* Pods-hedvig.debug - development.xcconfig */,
				D5671F6FBF53920F1E91F718 /* Pods-hedvig.release - production.xcconfig */,
				EE9E45FE503F4AA1B6290424 /* Pods-hedvig.release - development.xcconfig */,
			);
			name = Pods;
			sourceTree = "<group>";
		};
		B56386381DB9693800A0598C = {
			isa = PBXGroup;
			children = (
				B56386431DB9693800A0598C /* hedvig */,
				B56386421DB9693800A0598C /* Products */,
				1A42804E64B7E9E0AB8B6799 /* Frameworks */,
				CBDC454088964670A468ACDB /* Resources */,
				22BE85EFBA2F70EA99DAE0CA /* Pods */,
			);
			sourceTree = "<group>";
		};
		B56386421DB9693800A0598C /* Products */ = {
			isa = PBXGroup;
			children = (
				B56386411DB9693800A0598C /* Hedvig Dev.app */,
			);
			name = Products;
			sourceTree = "<group>";
		};
		B56386431DB9693800A0598C /* hedvig */ = {
			isa = PBXGroup;
			children = (
				EBECC1A621B811F400716BEA /* ugglan */,
				EB3A235521A57EE4007F52B6 /* hedvig-Bridging-Header.h */,
				559CCAEF2121B3530080C272 /* debug.xcconfig */,
				559CCAD6211F1AC10080C272 /* hedvig.entitlements */,
				55A1D9EC211DB2FA00547027 /* GoogleService-Info.plist */,
				B56386481DB9693800A0598C /* AppDelegate.swift */,
				B56386501DB9693800A0598C /* Assets.xcassets */,
				B563865B1DB96A5E00A0598C /* Supporting */,
				559CCAF12121B42C0080C272 /* staging.xcconfig */,
				559CCAF22121B4620080C272 /* release.xcconfig */,
				EBECC19E21B8112D00716BEA /* MarketingScreenComponent.swift */,
				EBECC26721B92E4800716BEA /* NativeRouting.m */,
				EBECC26521B9230000716BEA /* NativeRouting.swift */,
			);
			path = hedvig;
			sourceTree = "<group>";
		};
		B563865B1DB96A5E00A0598C /* Supporting */ = {
			isa = PBXGroup;
			children = (
				B563865C1DB96A5E00A0598C /* Info.plist */,
			);
			path = Supporting;
			sourceTree = "<group>";
		};
		CBDC454088964670A468ACDB /* Resources */ = {
			isa = PBXGroup;
			children = (
				4CB76B2DDD2F4C42A9C41DF6 /* CircularStd-Bold.ttf */,
				7B57D15156864FA4B906A3EC /* CircularStd-Book.ttf */,
				D398F87383C7495A9938B698 /* Merriweather-Light.ttf */,
				446808BB14A544DA8419781D /* SoRay-ExtraBold.ttf */,
			);
			name = Resources;
			sourceTree = "<group>";
		};
		EBECC1A621B811F400716BEA /* ugglan */ = {
			isa = PBXGroup;
			children = (
				EBECC1A721B811F400716BEA /* .swiftlint.yml */,
				EBECC1A821B811F400716BEA /* Hedvig.xcodeproj */,
				EBECC1AB21B811F400716BEA /* Hedvig */,
				EBECC20321B811F500716BEA /* .swiftlint */,
				EBECC20421B811F500716BEA /* Hedvig.xcworkspace */,
				EBECC20521B811F500716BEA /* .gitignore */,
				EBECC20621B811F500716BEA /* Podfile */,
				EBECC20721B811F500716BEA /* HedvigTests */,
				EBECC20E21B811F500716BEA /* Podfile.lock */,
			);
			path = ugglan;
			sourceTree = "<group>";
		};
		EBECC1A921B811F400716BEA /* Products */ = {
			isa = PBXGroup;
			children = (
				EBECC21221B811F500716BEA /* Hedvig.app */,
				EBECC21421B811F500716BEA /* HedvigTests.xctest */,
			);
			name = Products;
			sourceTree = "<group>";
		};
		EBECC1AB21B811F400716BEA /* Hedvig */ = {
			isa = PBXGroup;
			children = (
				EBECC2B921C0023F00716BEA /* UI */,
				EBECC1DA21B811F500716BEA /* Navigation */,
				EBECC1DC21B811F500716BEA /* Dependencies */,
				EBECC1DE21B811F500716BEA /* State */,
				EBECC1E221B811F500716BEA /* LaunchScreen.storyboard */,
				EBECC1E421B811F500716BEA /* Actions */,
				EBECC1E921B811F500716BEA /* AppDelegate.swift */,
				EBECC1EA21B811F500716BEA /* Data */,
				EBECC1F721B811F500716BEA /* Assets */,
			);
			path = Hedvig;
			sourceTree = "<group>";
		};
		EBECC1DA21B811F500716BEA /* Navigation */ = {
			isa = PBXGroup;
			children = (
				EBECC1DB21B811F500716BEA /* AppNavigation.swift */,
			);
			path = Navigation;
			sourceTree = "<group>";
		};
		EBECC1DC21B811F500716BEA /* Dependencies */ = {
			isa = PBXGroup;
			children = (
				EBECC1DD21B811F500716BEA /* DependenciesContainer.swift */,
			);
			path = Dependencies;
			sourceTree = "<group>";
		};
		EBECC1DE21B811F500716BEA /* State */ = {
			isa = PBXGroup;
			children = (
				EBECC1DF21B811F500716BEA /* AppState.swift */,
				EBECC1E021B811F500716BEA /* Message.swift */,
				EBECC1E121B811F500716BEA /* AuthorizationToken.swift */,
			);
			path = State;
			sourceTree = "<group>";
		};
		EBECC1E421B811F500716BEA /* Actions */ = {
			isa = PBXGroup;
			children = (
				EBECC1E521B811F500716BEA /* SetMessages.swift */,
				EBECC1E621B811F500716BEA /* SendMessage.swift */,
				EBECC1E721B811F500716BEA /* AppActions.swift */,
				EBECC1E821B811F500716BEA /* InsertMessage.swift */,
			);
			path = Actions;
			sourceTree = "<group>";
		};
		EBECC1EA21B811F500716BEA /* Data */ = {
			isa = PBXGroup;
			children = (
				EBECC1EB21B811F500716BEA /* ApolloClient+Flow.swift */,
				EBECC1EC21B811F500716BEA /* GraphQL */,
				EBECC1F421B811F500716BEA /* schema.json */,
				EBECC1F521B811F500716BEA /* API.swift */,
				EBECC1F621B811F500716BEA /* HedvigApolloClient.swift */,
			);
			path = Data;
			sourceTree = "<group>";
		};
		EBECC1EC21B811F500716BEA /* GraphQL */ = {
			isa = PBXGroup;
			children = (
				EBECC1ED21B811F500716BEA /* Messages.graphql */,
				EBECC1EE21B811F500716BEA /* SendChatTextResponse.graphql */,
				EBECC1EF21B811F500716BEA /* CurrentChatResponseSubscription.graphql */,
				EBECC1F021B811F500716BEA /* MarketingStories.graphql */,
				EBECC1F121B811F500716BEA /* CreateSession.graphql */,
				EBECC1F221B811F500716BEA /* MessageSubscription.graphql */,
				EBECC1F321B811F500716BEA /* SendChatSingleSelectResponse.graphql */,
			);
			path = GraphQL;
			sourceTree = "<group>";
		};
		EBECC1F721B811F500716BEA /* Assets */ = {
			isa = PBXGroup;
			children = (
				EBECC1F821B811F500716BEA /* Assets.xcassets */,
				EBECC1F921B811F500716BEA /* HedvigColors.swift */,
				EBECC1FA21B811F500716BEA /* Icons */,
				EBECC1FC21B811F500716BEA /* Fonts */,
			);
			path = Assets;
			sourceTree = "<group>";
		};
		EBECC1FA21B811F500716BEA /* Icons */ = {
			isa = PBXGroup;
			children = (
				EBECC1FB21B811F500716BEA /* Icon.swift */,
			);
			path = Icons;
			sourceTree = "<group>";
		};
		EBECC1FC21B811F500716BEA /* Fonts */ = {
			isa = PBXGroup;
			children = (
				EBECC1FD21B811F500716BEA /* Merriweather-Light.ttf */,
				EBECC1FE21B811F500716BEA /* SoRay-ExtraBold.ttf */,
				EBECC1FF21B811F500716BEA /* HedvigFonts.swift */,
				EBECC20021B811F500716BEA /* CircularStd-Book.ttf */,
				EBECC20121B811F500716BEA /* CircularStd-Bold.ttf */,
			);
			path = Fonts;
			sourceTree = "<group>";
		};
		EBECC20721B811F500716BEA /* HedvigTests */ = {
			isa = PBXGroup;
			children = (
				EBECC20821B811F500716BEA /* ChatViewTest.swift */,
				EBECC20921B811F500716BEA /* Snapshots */,
				EBECC20D21B811F500716BEA /* Info.plist */,
			);
			path = HedvigTests;
			sourceTree = "<group>";
		};
		EBECC20921B811F500716BEA /* Snapshots */ = {
			isa = PBXGroup;
			children = (
				EBECC20A21B811F500716BEA /* en */,
			);
			path = Snapshots;
			sourceTree = "<group>";
		};
		EBECC20A21B811F500716BEA /* en */ = {
			isa = PBXGroup;
			children = (
				EBECC20B21B811F500716BEA /* 375.0x812.0 */,
			);
			path = en;
			sourceTree = "<group>";
		};
		EBECC20B21B811F500716BEA /* 375.0x812.0 */ = {
			isa = PBXGroup;
			children = (
				EBECC20C21B811F500716BEA /* chatView001 (375.0, 812.0)@3x.png */,
			);
			path = 375.0x812.0;
			sourceTree = "<group>";
		};
		EBECC2B921C0023F00716BEA /* UI */ = {
			isa = PBXGroup;
			children = (
				EBECC33121C1020000716BEA /* ChatScreen */,
				EBECC34421C1020000716BEA /* Generic */,
				EBECC31D21C1020000716BEA /* LaunchScreen */,
				EBECC31F21C1020000716BEA /* MarketingScreen */,
			);
			name = UI;
			path = ../../../../../Hedvig/Hedvig/UI;
			sourceTree = "<group>";
		};
		EBECC31D21C1020000716BEA /* LaunchScreen */ = {
			isa = PBXGroup;
			children = (
				EBECC31E21C1020000716BEA /* Launch.swift */,
			);
			name = LaunchScreen;
			path = hedvig/ugglan/Hedvig/UI/LaunchScreen;
			sourceTree = SOURCE_ROOT;
		};
		EBECC31F21C1020000716BEA /* MarketingScreen */ = {
			isa = PBXGroup;
			children = (
				EBECC32021C1020000716BEA /* MarketingPresentationStyle.swift */,
				EBECC32121C1020000716BEA /* MarketingEndScreen.swift */,
				EBECC32221C1020000716BEA /* Viewables */,
				EBECC32F21C1020000716BEA /* MarketingStory.swift */,
				EBECC33021C1020000716BEA /* Marketing.swift */,
			);
			name = MarketingScreen;
			path = hedvig/ugglan/Hedvig/UI/MarketingScreen;
			sourceTree = SOURCE_ROOT;
		};
		EBECC32221C1020000716BEA /* Viewables */ = {
			isa = PBXGroup;
			children = (
				EBECC32321C1020000716BEA /* Logo.swift */,
				EBECC32421C1020000716BEA /* MemberActionButtons */,
				EBECC32821C1020000716BEA /* StoriesIndicator.swift */,
				EBECC32921C1020000716BEA /* Stories.swift */,
				EBECC32A21C1020000716BEA /* StoriesCollection.swift */,
				EBECC32B21C1020000716BEA /* SkipButtons */,
				EBECC32E21C1020000716BEA /* End.swift */,
			);
			path = Viewables;
			sourceTree = "<group>";
		};
		EBECC32421C1020000716BEA /* MemberActionButtons */ = {
			isa = PBXGroup;
			children = (
				EBECC32521C1020000716BEA /* MemberActionButtons.swift */,
				EBECC32621C1020000716BEA /* NewMemberButton.swift */,
				EBECC32721C1020000716BEA /* ExistingMemberButton.swift */,
			);
			path = MemberActionButtons;
			sourceTree = "<group>";
		};
		EBECC32B21C1020000716BEA /* SkipButtons */ = {
			isa = PBXGroup;
			children = (
				EBECC32C21C1020000716BEA /* SkipToNextButton.swift */,
				EBECC32D21C1020000716BEA /* SkipToPreviousButton.swift */,
			);
			path = SkipButtons;
			sourceTree = "<group>";
		};
		EBECC33121C1020000716BEA /* ChatScreen */ = {
			isa = PBXGroup;
			children = (
				EBECC33221C1020000716BEA /* ChatViewController.swift */,
				EBECC33321C1020000716BEA /* Chat.swift */,
				EBECC33421C1020000716BEA /* ChatPresentationStyle.swift */,
				EBECC33521C1020000716BEA /* Subviews */,
				EBECC34321C1020000716BEA /* ChatView.swift */,
			);
			name = ChatScreen;
			path = hedvig/ugglan/Hedvig/UI/ChatScreen;
			sourceTree = SOURCE_ROOT;
		};
		EBECC33521C1020000716BEA /* Subviews */ = {
			isa = PBXGroup;
			children = (
				EBECC33621C1020000716BEA /* Message */,
				EBECC33921C1020000716BEA /* ListView */,
				EBECC33B21C1020000716BEA /* InputField */,
			);
			path = Subviews;
			sourceTree = "<group>";
		};
		EBECC33621C1020000716BEA /* Message */ = {
			isa = PBXGroup;
			children = (
				EBECC33721C1020000716BEA /* SendingIndicator.swift */,
				EBECC33821C1020000716BEA /* MessageView.swift */,
			);
			path = Message;
			sourceTree = "<group>";
		};
		EBECC33921C1020000716BEA /* ListView */ = {
			isa = PBXGroup;
			children = (
				EBECC33A21C1020000716BEA /* ListView.swift */,
			);
			path = ListView;
			sourceTree = "<group>";
		};
		EBECC33B21C1020000716BEA /* InputField */ = {
			isa = PBXGroup;
			children = (
				EBECC33C21C1020000716BEA /* SendButton.swift */,
				EBECC33D21C1020000716BEA /* SelectCollection */,
				EBECC34121C1020000716BEA /* SafeAreaContainer.swift */,
				EBECC34221C1020000716BEA /* InputFieldView.swift */,
			);
			path = InputField;
			sourceTree = "<group>";
		};
		EBECC33D21C1020000716BEA /* SelectCollection */ = {
			isa = PBXGroup;
			children = (
				EBECC33E21C1020000716BEA /* SelectButton.swift */,
				EBECC33F21C1020000716BEA /* SelectCollectionView.swift */,
				EBECC34021C1020000716BEA /* SelectCollectionViewCell.swift */,
			);
			path = SelectCollection;
			sourceTree = "<group>";
		};
		EBECC34421C1020000716BEA /* Generic */ = {
			isa = PBXGroup;
			children = (
				EBECC34521C1020000716BEA /* TransitionStyle.swift */,
				EBECC34621C1020000716BEA /* Callbacker+Signal.swift */,
				EBECC34721C1020000716BEA /* CoreSignal+Animation.swift */,
				EBECC34821C1020000716BEA /* CopyableLabel.swift */,
				EBECC34921C1020000716BEA /* CollectionKit+UpdateRows.swift */,
				EBECC34A21C1020000716BEA /* UIView+RadiusMask.swift */,
				EBECC34B21C1020000716BEA /* UIView+Viewable.swift */,
				EBECC34C21C1020000716BEA /* UIView+addConstraint.swift */,
				EBECC34D21C1020000716BEA /* AnimationStyle.swift */,
				EBECC34E21C1020000716BEA /* CollectionKit+ScrollTo.swift */,
				EBECC34F21C1020000716BEA /* Viewable.swift */,
				EBECC35021C1020000716BEA /* SpringAnimationStyle.swift */,
				EBECC35121C1020000716BEA /* ButtonStyle.swift */,
			);
			name = Generic;
			path = hedvig/ugglan/Hedvig/UI/Generic;
			sourceTree = SOURCE_ROOT;
		};
/* End PBXGroup section */

/* Begin PBXNativeTarget section */
		B56386401DB9693800A0598C /* hedvig */ = {
			isa = PBXNativeTarget;
			buildConfigurationList = B56386581DB9693800A0598C /* Build configuration list for PBXNativeTarget "hedvig" */;
			buildPhases = (
				44BDFBEAACB7B256479661F4 /* [CP] Check Pods Manifest.lock */,
				B563863D1DB9693800A0598C /* Sources */,
				B563863E1DB9693800A0598C /* Frameworks */,
				EBC15BE5212850D700D0E296 /* Bundle React Native code and images */,
				B563863F1DB9693800A0598C /* Resources */,
				1692B8F87AFA418B9266FEBB /* Upload Debug Symbols to Sentry */,
				4058138912982553DF297D6D /* [CP] Copy Pods Resources */,
			);
			buildRules = (
			);
			dependencies = (
			);
			name = hedvig;
			productName = hedvig;
			productReference = B56386411DB9693800A0598C /* Hedvig Dev.app */;
			productType = "com.apple.product-type.application";
		};
/* End PBXNativeTarget section */

/* Begin PBXProject section */
		B56386391DB9693800A0598C /* Project object */ = {
			isa = PBXProject;
			attributes = {
				LastUpgradeCheck = 900;
				ORGANIZATIONNAME = "Hedvig AB";
				TargetAttributes = {
					B56386401DB9693800A0598C = {
						CreatedOnToolsVersion = 8.0;
						DevelopmentTeam = AW656G5PFM;
						LastSwiftMigration = 1010;
						ProvisioningStyle = Manual;
						SystemCapabilities = {
							com.apple.BackgroundModes = {
								enabled = 1;
							};
							com.apple.Push = {
								enabled = 1;
							};
							com.apple.SafariKeychain = {
								enabled = 1;
							};
							com.apple.iCloud = {
								enabled = 1;
							};
						};
					};
				};
			};
			buildConfigurationList = B563863C1DB9693800A0598C /* Build configuration list for PBXProject "hedvig" */;
			compatibilityVersion = "Xcode 3.2";
			developmentRegion = English;
			hasScannedForEncodings = 0;
			knownRegions = (
				en,
				Base,
			);
			mainGroup = B56386381DB9693800A0598C;
			productRefGroup = B56386421DB9693800A0598C /* Products */;
			projectDirPath = "";
			projectReferences = (
				{
					ProductGroup = EBECC1A921B811F400716BEA /* Products */;
					ProjectRef = EBECC1A821B811F400716BEA /* Hedvig.xcodeproj */;
				},
			);
			projectRoot = "";
			targets = (
				B56386401DB9693800A0598C /* hedvig */,
			);
		};
/* End PBXProject section */

/* Begin PBXReferenceProxy section */
		EBECC21221B811F500716BEA /* Hedvig.app */ = {
			isa = PBXReferenceProxy;
			fileType = wrapper.application;
			path = Hedvig.app;
			remoteRef = EBECC21121B811F500716BEA /* PBXContainerItemProxy */;
			sourceTree = BUILT_PRODUCTS_DIR;
		};
		EBECC21421B811F500716BEA /* HedvigTests.xctest */ = {
			isa = PBXReferenceProxy;
			fileType = wrapper.cfbundle;
			path = HedvigTests.xctest;
			remoteRef = EBECC21321B811F500716BEA /* PBXContainerItemProxy */;
			sourceTree = BUILT_PRODUCTS_DIR;
		};
/* End PBXReferenceProxy section */

/* Begin PBXResourcesBuildPhase section */
		B563863F1DB9693800A0598C /* Resources */ = {
			isa = PBXResourcesBuildPhase;
			buildActionMask = 2147483647;
			files = (
				EBECC24821B811F500716BEA /* CreateSession.graphql in Resources */,
				EBECC21521B811F500716BEA /* .swiftlint.yml in Resources */,
				EBECC24921B811F500716BEA /* MessageSubscription.graphql in Resources */,
				EBECC24E21B811F500716BEA /* Assets.xcassets in Resources */,
				55A1D9ED211DB2FA00547027 /* GoogleService-Info.plist in Resources */,
				EBECC24521B811F500716BEA /* SendChatTextResponse.graphql in Resources */,
				EBECC25921B811F500716BEA /* .gitignore in Resources */,
				EBECC25821B811F500716BEA /* Hedvig.xcworkspace in Resources */,
				EBECC24621B811F500716BEA /* CurrentChatResponseSubscription.graphql in Resources */,
				EBECC24421B811F500716BEA /* Messages.graphql in Resources */,
				B56386511DB9693800A0598C /* Assets.xcassets in Resources */,
				EBECC24B21B811F500716BEA /* schema.json in Resources */,
				EBECC25E21B811F500716BEA /* Podfile.lock in Resources */,
				544ED67F4B9649438F02FDD3 /* CircularStd-Bold.ttf in Resources */,
				EBECC23D21B811F500716BEA /* LaunchScreen.storyboard in Resources */,
				EBECC25721B811F500716BEA /* .swiftlint in Resources */,
				BBAFAB7DAC15463DAA2348E5 /* CircularStd-Book.ttf in Resources */,
				AC5BB2AB4E954E429F91AB9E /* Merriweather-Light.ttf in Resources */,
				EBECC24A21B811F500716BEA /* SendChatSingleSelectResponse.graphql in Resources */,
				559CCAF02121B3530080C272 /* debug.xcconfig in Resources */,
				EBECC24721B811F500716BEA /* MarketingStories.graphql in Resources */,
				EBECC25A21B811F500716BEA /* Podfile in Resources */,
				64ADFEB80E9B4CE188FF5E21 /* SoRay-ExtraBold.ttf in Resources */,
			);
			runOnlyForDeploymentPostprocessing = 0;
		};
/* End PBXResourcesBuildPhase section */

/* Begin PBXShellScriptBuildPhase section */
		1692B8F87AFA418B9266FEBB /* Upload Debug Symbols to Sentry */ = {
			isa = PBXShellScriptBuildPhase;
			buildActionMask = 2147483647;
			files = (
			);
			inputPaths = (
			);
			name = "Upload Debug Symbols to Sentry";
			outputPaths = (
			);
			runOnlyForDeploymentPostprocessing = 0;
			shellPath = /bin/sh;
			shellScript = "../node_modules/@sentry/cli/bin/sentry-cli upload-dsym\n";
		};
		4058138912982553DF297D6D /* [CP] Copy Pods Resources */ = {
			isa = PBXShellScriptBuildPhase;
			buildActionMask = 2147483647;
			files = (
			);
			inputPaths = (
				"${SRCROOT}/Pods/Target Support Files/Pods-hedvig/Pods-hedvig-resources.sh",
				"${PODS_ROOT}/Apollo/scripts/check-and-run-apollo-cli.sh",
				"${PODS_ROOT}/Apollo/scripts/check-and-run-apollo-codegen.sh",
			);
			name = "[CP] Copy Pods Resources";
			outputPaths = (
				"${TARGET_BUILD_DIR}/${UNLOCALIZED_RESOURCES_FOLDER_PATH}/check-and-run-apollo-cli.sh",
				"${TARGET_BUILD_DIR}/${UNLOCALIZED_RESOURCES_FOLDER_PATH}/check-and-run-apollo-codegen.sh",
			);
			runOnlyForDeploymentPostprocessing = 0;
			shellPath = /bin/sh;
			shellScript = "\"${SRCROOT}/Pods/Target Support Files/Pods-hedvig/Pods-hedvig-resources.sh\"\n";
			showEnvVarsInLog = 0;
		};
		44BDFBEAACB7B256479661F4 /* [CP] Check Pods Manifest.lock */ = {
			isa = PBXShellScriptBuildPhase;
			buildActionMask = 2147483647;
			files = (
			);
			inputPaths = (
				"${PODS_PODFILE_DIR_PATH}/Podfile.lock",
				"${PODS_ROOT}/Manifest.lock",
			);
			name = "[CP] Check Pods Manifest.lock";
			outputPaths = (
				"$(DERIVED_FILE_DIR)/Pods-hedvig-checkManifestLockResult.txt",
			);
			runOnlyForDeploymentPostprocessing = 0;
			shellPath = /bin/sh;
			shellScript = "diff \"${PODS_PODFILE_DIR_PATH}/Podfile.lock\" \"${PODS_ROOT}/Manifest.lock\" > /dev/null\nif [ $? != 0 ] ; then\n    # print error to STDERR\n    echo \"error: The sandbox is not in sync with the Podfile.lock. Run 'pod install' or update your CocoaPods installation.\" >&2\n    exit 1\nfi\n# This output is used by Xcode 'outputs' to avoid re-running this script phase.\necho \"SUCCESS\" > \"${SCRIPT_OUTPUT_FILE_0}\"\n";
			showEnvVarsInLog = 0;
		};
		EBC15BE5212850D700D0E296 /* Bundle React Native code and images */ = {
			isa = PBXShellScriptBuildPhase;
			buildActionMask = 2147483647;
			files = (
			);
			inputPaths = (
			);
			name = "Bundle React Native code and images";
			outputPaths = (
			);
			runOnlyForDeploymentPostprocessing = 0;
			shellPath = /bin/sh;
			shellScript = "export DEVELOPMENT_BUILD_CONFIGURATIONS=\"+(Debug - Development|Debug- Staging|Debug - Production|Debug)\"\nexport NODE_BINARY=node\n$NODE_BINARY ../node_modules/@sentry/cli/bin/sentry-cli react-native xcode ../node_modules/react-native-schemes-manager/lib/react-native-xcode.sh\n";
		};
/* End PBXShellScriptBuildPhase section */

/* Begin PBXSourcesBuildPhase section */
		B563863D1DB9693800A0598C /* Sources */ = {
			isa = PBXSourcesBuildPhase;
			buildActionMask = 2147483647;
			files = (
				EBECC36421C1020000716BEA /* SendingIndicator.swift in Sources */,
				EBECC37921C1020100716BEA /* SpringAnimationStyle.swift in Sources */,
				EBECC37021C1020100716BEA /* CoreSignal+Animation.swift in Sources */,
				EBECC37821C1020100716BEA /* Viewable.swift in Sources */,
				EBECC35821C1020000716BEA /* ExistingMemberButton.swift in Sources */,
				EBECC25321B811F500716BEA /* HedvigFonts.swift in Sources */,
				EBECC36321C1020000716BEA /* ChatPresentationStyle.swift in Sources */,
				EBECC37321C1020100716BEA /* UIView+RadiusMask.swift in Sources */,
				EBECC23821B811F500716BEA /* AppNavigation.swift in Sources */,
				EBECC36121C1020000716BEA /* ChatViewController.swift in Sources */,
				EBECC37621C1020100716BEA /* AnimationStyle.swift in Sources */,
				EBECC35421C1020000716BEA /* MarketingEndScreen.swift in Sources */,
				EBECC23A21B811F500716BEA /* AppState.swift in Sources */,
				EBECC36C21C1020100716BEA /* InputFieldView.swift in Sources */,
				EBECC23C21B811F500716BEA /* AuthorizationToken.swift in Sources */,
				B56386491DB9693800A0598C /* AppDelegate.swift in Sources */,
				EBECC23E21B811F500716BEA /* SetMessages.swift in Sources */,
				EBECC36021C1020000716BEA /* Marketing.swift in Sources */,
				EBECC35F21C1020000716BEA /* MarketingStory.swift in Sources */,
				EBECC26621B9230000716BEA /* NativeRouting.swift in Sources */,
				EBECC35B21C1020000716BEA /* StoriesCollection.swift in Sources */,
				EBECC36221C1020000716BEA /* Chat.swift in Sources */,
				EBECC35321C1020000716BEA /* MarketingPresentationStyle.swift in Sources */,
				EBECC35921C1020000716BEA /* StoriesIndicator.swift in Sources */,
				EBECC36521C1020000716BEA /* MessageView.swift in Sources */,
				EBECC35D21C1020000716BEA /* SkipToPreviousButton.swift in Sources */,
				EBECC25021B811F500716BEA /* Icon.swift in Sources */,
				EBECC23B21B811F500716BEA /* Message.swift in Sources */,
				EBECC37421C1020100716BEA /* UIView+Viewable.swift in Sources */,
				EBECC35A21C1020000716BEA /* Stories.swift in Sources */,
				EBECC24121B811F500716BEA /* InsertMessage.swift in Sources */,
				EBECC37221C1020100716BEA /* CollectionKit+UpdateRows.swift in Sources */,
				EBECC36A21C1020000716BEA /* SelectCollectionViewCell.swift in Sources */,
				EBECC37A21C1020100716BEA /* ButtonStyle.swift in Sources */,
				EBECC36921C1020000716BEA /* SelectCollectionView.swift in Sources */,
				EBECC26821B92E4800716BEA /* NativeRouting.m in Sources */,
				EBECC36E21C1020100716BEA /* TransitionStyle.swift in Sources */,
				EBECC35721C1020000716BEA /* NewMemberButton.swift in Sources */,
				EBECC19F21B8112D00716BEA /* MarketingScreenComponent.swift in Sources */,
				EBECC24F21B811F500716BEA /* HedvigColors.swift in Sources */,
				EBECC35C21C1020000716BEA /* SkipToNextButton.swift in Sources */,
				EBECC24021B811F500716BEA /* AppActions.swift in Sources */,
				EBECC23F21B811F500716BEA /* SendMessage.swift in Sources */,
				EBECC36F21C1020100716BEA /* Callbacker+Signal.swift in Sources */,
				EBECC35621C1020000716BEA /* MemberActionButtons.swift in Sources */,
				EBECC36D21C1020100716BEA /* ChatView.swift in Sources */,
				EBECC36621C1020000716BEA /* ListView.swift in Sources */,
				EBECC36B21C1020100716BEA /* SafeAreaContainer.swift in Sources */,
				EBECC36821C1020000716BEA /* SelectButton.swift in Sources */,
				EBECC23921B811F500716BEA /* DependenciesContainer.swift in Sources */,
				EBECC37521C1020100716BEA /* UIView+addConstraint.swift in Sources */,
				EBECC35521C1020000716BEA /* Logo.swift in Sources */,
				EBECC35E21C1020000716BEA /* End.swift in Sources */,
				EBECC24321B811F500716BEA /* ApolloClient+Flow.swift in Sources */,
				EBECC24D21B811F500716BEA /* HedvigApolloClient.swift in Sources */,
				EBECC37121C1020100716BEA /* CopyableLabel.swift in Sources */,
				EBECC36721C1020000716BEA /* SendButton.swift in Sources */,
				EBECC35221C1020000716BEA /* Launch.swift in Sources */,
				EBECC24C21B811F500716BEA /* API.swift in Sources */,
				EBECC37721C1020100716BEA /* CollectionKit+ScrollTo.swift in Sources */,
			);
			runOnlyForDeploymentPostprocessing = 0;
		};
/* End PBXSourcesBuildPhase section */

/* Begin PBXVariantGroup section */
		EBECC1E221B811F500716BEA /* LaunchScreen.storyboard */ = {
			isa = PBXVariantGroup;
			children = (
				EBECC1E321B811F500716BEA /* Base */,
			);
			name = LaunchScreen.storyboard;
			sourceTree = "<group>";
		};
/* End PBXVariantGroup section */

/* Begin XCBuildConfiguration section */
		B56386561DB9693800A0598C /* Debug - Production */ = {
			isa = XCBuildConfiguration;
			baseConfigurationReference = 559CCAEF2121B3530080C272 /* debug.xcconfig */;
			buildSettings = {
				ALWAYS_SEARCH_USER_PATHS = NO;
				ASSETCATALOG_COMPILER_APPICON_NAME = "AppIcon.$(BUNDLE_IDENTIFIER)";
				CLANG_ANALYZER_NONNULL = YES;
				CLANG_CXX_LANGUAGE_STANDARD = "gnu++0x";
				CLANG_CXX_LIBRARY = "libc++";
				CLANG_ENABLE_MODULES = YES;
				CLANG_ENABLE_OBJC_ARC = YES;
				CLANG_WARN_BLOCK_CAPTURE_AUTORELEASING = YES;
				CLANG_WARN_BOOL_CONVERSION = YES;
				CLANG_WARN_COMMA = YES;
				CLANG_WARN_CONSTANT_CONVERSION = YES;
				CLANG_WARN_DIRECT_OBJC_ISA_USAGE = YES_ERROR;
				CLANG_WARN_DOCUMENTATION_COMMENTS = YES;
				CLANG_WARN_EMPTY_BODY = YES;
				CLANG_WARN_ENUM_CONVERSION = YES;
				CLANG_WARN_INFINITE_RECURSION = YES;
				CLANG_WARN_INT_CONVERSION = YES;
				CLANG_WARN_NON_LITERAL_NULL_CONVERSION = YES;
				CLANG_WARN_OBJC_LITERAL_CONVERSION = YES;
				CLANG_WARN_OBJC_ROOT_CLASS = YES_ERROR;
				CLANG_WARN_RANGE_LOOP_ANALYSIS = YES;
				CLANG_WARN_STRICT_PROTOTYPES = YES;
				CLANG_WARN_SUSPICIOUS_MOVE = YES;
				CLANG_WARN_SUSPICIOUS_MOVES = YES;
				CLANG_WARN_UNREACHABLE_CODE = YES;
				CLANG_WARN__DUPLICATE_METHOD_MATCH = YES;
				CODE_SIGN_ENTITLEMENTS = hedvig/hedvig.entitlements;
				"CODE_SIGN_IDENTITY[sdk=iphoneos*]" = "iPhone Developer";
				COPY_PHASE_STRIP = NO;
				DEBUG_INFORMATION_FORMAT = dwarf;
				ENABLE_STRICT_OBJC_MSGSEND = YES;
				ENABLE_TESTABILITY = YES;
				GCC_C_LANGUAGE_STANDARD = gnu99;
				GCC_DYNAMIC_NO_PIC = NO;
				GCC_NO_COMMON_BLOCKS = YES;
				GCC_OPTIMIZATION_LEVEL = 0;
				GCC_PREPROCESSOR_DEFINITIONS = (
					"DEBUG=1",
					"$(inherited)",
				);
				GCC_WARN_64_TO_32_BIT_CONVERSION = YES;
				GCC_WARN_ABOUT_RETURN_TYPE = YES_ERROR;
				GCC_WARN_UNDECLARED_SELECTOR = YES;
				GCC_WARN_UNINITIALIZED_AUTOS = YES_AGGRESSIVE;
				GCC_WARN_UNUSED_FUNCTION = YES;
				GCC_WARN_UNUSED_VARIABLE = YES;
				IPHONEOS_DEPLOYMENT_TARGET = 9.0;
				MTL_ENABLE_DEBUG_INFO = YES;
				ONLY_ACTIVE_ARCH = YES;
				SDKROOT = iphoneos;
			};
			name = "Debug - Production";
		};
		B56386571DB9693800A0598C /* Release - Production */ = {
			isa = XCBuildConfiguration;
			baseConfigurationReference = 559CCAF22121B4620080C272 /* release.xcconfig */;
			buildSettings = {
				ALWAYS_SEARCH_USER_PATHS = NO;
				ASSETCATALOG_COMPILER_APPICON_NAME = "AppIcon.$(BUNDLE_IDENTIFIER)";
				CLANG_ANALYZER_NONNULL = YES;
				CLANG_CXX_LANGUAGE_STANDARD = "gnu++0x";
				CLANG_CXX_LIBRARY = "libc++";
				CLANG_ENABLE_MODULES = YES;
				CLANG_ENABLE_OBJC_ARC = YES;
				CLANG_WARN_BLOCK_CAPTURE_AUTORELEASING = YES;
				CLANG_WARN_BOOL_CONVERSION = YES;
				CLANG_WARN_COMMA = YES;
				CLANG_WARN_CONSTANT_CONVERSION = YES;
				CLANG_WARN_DIRECT_OBJC_ISA_USAGE = YES_ERROR;
				CLANG_WARN_DOCUMENTATION_COMMENTS = YES;
				CLANG_WARN_EMPTY_BODY = YES;
				CLANG_WARN_ENUM_CONVERSION = YES;
				CLANG_WARN_INFINITE_RECURSION = YES;
				CLANG_WARN_INT_CONVERSION = YES;
				CLANG_WARN_NON_LITERAL_NULL_CONVERSION = YES;
				CLANG_WARN_OBJC_LITERAL_CONVERSION = YES;
				CLANG_WARN_OBJC_ROOT_CLASS = YES_ERROR;
				CLANG_WARN_RANGE_LOOP_ANALYSIS = YES;
				CLANG_WARN_STRICT_PROTOTYPES = YES;
				CLANG_WARN_SUSPICIOUS_MOVE = YES;
				CLANG_WARN_SUSPICIOUS_MOVES = YES;
				CLANG_WARN_UNREACHABLE_CODE = YES;
				CLANG_WARN__DUPLICATE_METHOD_MATCH = YES;
				CODE_SIGN_ENTITLEMENTS = hedvig/hedvig.entitlements;
				"CODE_SIGN_IDENTITY[sdk=iphoneos*]" = "iPhone Developer";
				COPY_PHASE_STRIP = NO;
				DEBUG_INFORMATION_FORMAT = "dwarf-with-dsym";
				ENABLE_NS_ASSERTIONS = NO;
				ENABLE_STRICT_OBJC_MSGSEND = YES;
				GCC_C_LANGUAGE_STANDARD = gnu99;
				GCC_NO_COMMON_BLOCKS = YES;
				GCC_WARN_64_TO_32_BIT_CONVERSION = YES;
				GCC_WARN_ABOUT_RETURN_TYPE = YES_ERROR;
				GCC_WARN_UNDECLARED_SELECTOR = YES;
				GCC_WARN_UNINITIALIZED_AUTOS = YES_AGGRESSIVE;
				GCC_WARN_UNUSED_FUNCTION = YES;
				GCC_WARN_UNUSED_VARIABLE = YES;
				IPHONEOS_DEPLOYMENT_TARGET = 9.0;
				MTL_ENABLE_DEBUG_INFO = NO;
				SDKROOT = iphoneos;
				VALIDATE_PRODUCT = YES;
			};
			name = "Release - Production";
		};
		B56386591DB9693800A0598C /* Debug - Production */ = {
			isa = XCBuildConfiguration;
			baseConfigurationReference = 7CDE8491802332E881E48B7F /* Pods-hedvig.debug - production.xcconfig */;
			buildSettings = {
				ASSETCATALOG_COMPILER_APPICON_NAME = AppIcon.com.hedvig.app;
				BRANCH_KEY = "$(BRANCH_KEY)";
				BUNDLE_IDENTIFIER = com.hedvig.app;
				CLANG_ENABLE_MODULES = YES;
				CODE_PUSH_DEPLOYMENT_KEY = "$(CODE_PUSH_DEPLOYMENT_KEY)";
				CODE_SIGN_ENTITLEMENTS = hedvig/hedvig.entitlements;
				CODE_SIGN_IDENTITY = "iPhone Developer";
				CODE_SIGN_STYLE = Manual;
				DEBUG_INFORMATION_FORMAT = "dwarf-with-dsym";
				DEVELOPMENT_TEAM = AW656G5PFM;
				FACEBOOK_APP_ID = "$(FACEBOOK_APP_ID)";
				HEADER_SEARCH_PATHS = (
					"$(inherited)",
					"${PODS_ROOT}/Firebase/CoreOnly/Sources",
					"\"${PODS_ROOT}/Headers/Public\"",
					"\"${PODS_ROOT}/Headers/Public/Analytics\"",
					"\"${PODS_ROOT}/Headers/Public/Base64\"",
					"\"${PODS_ROOT}/Headers/Public/Bolts\"",
					"\"${PODS_ROOT}/Headers/Public/Branch-SDK\"",
					"\"${PODS_ROOT}/Headers/Public/CodePush\"",
					"\"${PODS_ROOT}/Headers/Public/DoubleConversion\"",
					"\"${PODS_ROOT}/Headers/Public/FBSDKCoreKit\"",
					"\"${PODS_ROOT}/Headers/Public/Firebase\"",
					"\"${PODS_ROOT}/Headers/Public/FirebaseAnalytics\"",
					"\"${PODS_ROOT}/Headers/Public/FirebaseCore\"",
					"\"${PODS_ROOT}/Headers/Public/FirebaseInstanceID\"",
					"\"${PODS_ROOT}/Headers/Public/FirebaseMessaging\"",
					"\"${PODS_ROOT}/Headers/Public/GoogleUtilities\"",
					"\"${PODS_ROOT}/Headers/Public/JWT\"",
					"\"${PODS_ROOT}/Headers/Public/KSCrash\"",
					"\"${PODS_ROOT}/Headers/Public/Protobuf\"",
					"\"${PODS_ROOT}/Headers/Public/RNAudio\"",
					"\"${PODS_ROOT}/Headers/Public/RNSound\"",
					"\"${PODS_ROOT}/Headers/Public/React\"",
					"\"${PODS_ROOT}/Headers/Public/ReactNativePermissions\"",
					"\"${PODS_ROOT}/Headers/Public/SSZipArchive\"",
					"\"${PODS_ROOT}/Headers/Public/Segment-Facebook-App-Events\"",
					"\"${PODS_ROOT}/Headers/Public/Sentry\"",
					"\"${PODS_ROOT}/Headers/Public/SentryReactNative\"",
					"\"${PODS_ROOT}/Headers/Public/glog\"",
					"\"${PODS_ROOT}/Headers/Public/lottie-ios\"",
					"\"${PODS_ROOT}/Headers/Public/lottie-react-native\"",
					"\"${PODS_ROOT}/Headers/Public/nanopb\"",
					"\"${PODS_ROOT}/Headers/Public/react-native-branch\"",
					"\"${PODS_ROOT}/Headers/Public/react-native-config\"",
					"\"${PODS_ROOT}/Headers/Public/rn-fetch-blob\"",
					"\"${PODS_ROOT}/Headers/Public/yoga\"",
					"$(SRCROOT)/../node_modules/react-native-firebase/ios/RNFirebase/**",
				);
				INFOPLIST_FILE = hedvig/Supporting/Info.plist;
				INFOPLIST_OTHER_PREPROCESSOR_FLAGS = "-traditional";
				INFOPLIST_PREFIX_HEADER = "${BUILD_DIR}/GeneratedInfoPlistDotEnv.h";
				INFOPLIST_PREPROCESS = YES;
				LD_RUNPATH_SEARCH_PATHS = "$(inherited) @executable_path/Frameworks";
				LIBRARY_SEARCH_PATHS = (
					"$(inherited)",
					"\"$(SRCROOT)/$(TARGET_NAME)\"",
					"\"$(SRCROOT)/$(TARGET_NAME)\"",
					"\"$(SRCROOT)/$(TARGET_NAME)\"",
					"\"$(SRCROOT)/$(PRODUCT_NAME)\"",
				);
				OTHER_SWIFT_FLAGS = "$(inherited) -Xcc -fmodule-map-file=\"${PODS_CONFIGURATION_BUILD_DIR}/Apollo/Apollo.modulemap\" -Xcc -fmodule-map-file=\"${PODS_CONFIGURATION_BUILD_DIR}/Disk/Disk.modulemap\" -Xcc -fmodule-map-file=\"${PODS_CONFIGURATION_BUILD_DIR}/DynamicColor/DynamicColor.modulemap\" -Xcc -fmodule-map-file=\"${PODS_CONFIGURATION_BUILD_DIR}/FlowFramework/Flow.modulemap\" -Xcc -fmodule-map-file=\"${PODS_CONFIGURATION_BUILD_DIR}/Katana/Katana.modulemap\" -Xcc -fmodule-map-file=\"${PODS_CONFIGURATION_BUILD_DIR}/PinLayout/PinLayout.modulemap\" -Xcc -fmodule-map-file=\"${PODS_ROOT}/Headers/Public/SSZipArchive/SSZipArchive.modulemap\" -Xcc -fmodule-map-file=\"${PODS_CONFIGURATION_BUILD_DIR}/Starscream/Starscream.modulemap\" -Xcc -fmodule-map-file=\"${PODS_CONFIGURATION_BUILD_DIR}/Tempura/Tempura.modulemap\" $(inherited) \"-D\" \"COCOAPODS\" -D \"DEBUG\"";
				PRODUCT_BUNDLE_IDENTIFIER = com.hedvig.app;
				PRODUCT_NAME = "$(PRODUCT_NAME)";
				PROVISIONING_PROFILE = "ec3e0828-e3fc-4165-afbc-b60504392532";
				PROVISIONING_PROFILE_SPECIFIER = "Hedvig App Test";
				SWIFT_OBJC_BRIDGING_HEADER = "hedvig/hedvig-Bridging-Header.h";
				SWIFT_OPTIMIZATION_LEVEL = "-Onone";
				SWIFT_VERSION = 4.2;
				TARGETED_DEVICE_FAMILY = 1;
			};
			name = "Debug - Production";
		};
		B563865A1DB9693800A0598C /* Release - Production */ = {
			isa = XCBuildConfiguration;
			baseConfigurationReference = D5671F6FBF53920F1E91F718 /* Pods-hedvig.release - production.xcconfig */;
			buildSettings = {
				ASSETCATALOG_COMPILER_APPICON_NAME = AppIcon.com.hedvig.app;
				BRANCH_KEY = "$(BRANCH_KEY)";
				CLANG_ENABLE_MODULES = YES;
				CODE_PUSH_DEPLOYMENT_KEY = "$(CODE_PUSH_DEPLOYMENT_KEY)";
				CODE_SIGN_ENTITLEMENTS = hedvig/hedvig.entitlements;
				CODE_SIGN_IDENTITY = "iPhone Distribution";
				CODE_SIGN_STYLE = Manual;
				DEVELOPMENT_TEAM = AW656G5PFM;
				FACEBOOK_APP_ID = "$(FACEBOOK_APP_ID)";
				INFOPLIST_FILE = hedvig/Supporting/Info.plist;
				INFOPLIST_OTHER_PREPROCESSOR_FLAGS = "-traditional";
				INFOPLIST_PREFIX_HEADER = "${BUILD_DIR}/GeneratedInfoPlistDotEnv.h";
				INFOPLIST_PREPROCESS = YES;
				LD_RUNPATH_SEARCH_PATHS = "$(inherited) @executable_path/Frameworks";
				LIBRARY_SEARCH_PATHS = (
					"$(inherited)",
					"\"$(SRCROOT)/$(TARGET_NAME)\"",
					"\"$(SRCROOT)/$(TARGET_NAME)\"",
					"\"$(SRCROOT)/$(TARGET_NAME)\"",
					"\"$(SRCROOT)/$(PRODUCT_NAME)\"",
				);
				PRODUCT_BUNDLE_IDENTIFIER = com.hedvig.app;
				PRODUCT_NAME = "$(PRODUCT_NAME)";
				PROVISIONING_PROFILE = "ec3e0828-e3fc-4165-afbc-b60504392532";
				PROVISIONING_PROFILE_SPECIFIER = "com.hedvig.test.app AppStore";
				SWIFT_OBJC_BRIDGING_HEADER = "hedvig/hedvig-Bridging-Header.h";
				SWIFT_VERSION = 4.2;
				TARGETED_DEVICE_FAMILY = 1;
			};
			name = "Release - Production";
		};
		EB99BB7F2129E5D1003AD933 /* Debug - Staging */ = {
			isa = XCBuildConfiguration;
			baseConfigurationReference = 559CCAEF2121B3530080C272 /* debug.xcconfig */;
			buildSettings = {
				ALWAYS_SEARCH_USER_PATHS = NO;
				ASSETCATALOG_COMPILER_APPICON_NAME = "AppIcon.$(BUNDLE_IDENTIFIER)";
				CLANG_ANALYZER_NONNULL = YES;
				CLANG_CXX_LANGUAGE_STANDARD = "gnu++0x";
				CLANG_CXX_LIBRARY = "libc++";
				CLANG_ENABLE_MODULES = YES;
				CLANG_ENABLE_OBJC_ARC = YES;
				CLANG_WARN_BLOCK_CAPTURE_AUTORELEASING = YES;
				CLANG_WARN_BOOL_CONVERSION = YES;
				CLANG_WARN_COMMA = YES;
				CLANG_WARN_CONSTANT_CONVERSION = YES;
				CLANG_WARN_DIRECT_OBJC_ISA_USAGE = YES_ERROR;
				CLANG_WARN_DOCUMENTATION_COMMENTS = YES;
				CLANG_WARN_EMPTY_BODY = YES;
				CLANG_WARN_ENUM_CONVERSION = YES;
				CLANG_WARN_INFINITE_RECURSION = YES;
				CLANG_WARN_INT_CONVERSION = YES;
				CLANG_WARN_NON_LITERAL_NULL_CONVERSION = YES;
				CLANG_WARN_OBJC_LITERAL_CONVERSION = YES;
				CLANG_WARN_OBJC_ROOT_CLASS = YES_ERROR;
				CLANG_WARN_RANGE_LOOP_ANALYSIS = YES;
				CLANG_WARN_STRICT_PROTOTYPES = YES;
				CLANG_WARN_SUSPICIOUS_MOVE = YES;
				CLANG_WARN_SUSPICIOUS_MOVES = YES;
				CLANG_WARN_UNREACHABLE_CODE = YES;
				CLANG_WARN__DUPLICATE_METHOD_MATCH = YES;
				CODE_SIGN_ENTITLEMENTS = hedvig/hedvig.entitlements;
				"CODE_SIGN_IDENTITY[sdk=iphoneos*]" = "iPhone Developer";
				COPY_PHASE_STRIP = NO;
				DEBUG_INFORMATION_FORMAT = dwarf;
				ENABLE_STRICT_OBJC_MSGSEND = YES;
				ENABLE_TESTABILITY = YES;
				GCC_C_LANGUAGE_STANDARD = gnu99;
				GCC_DYNAMIC_NO_PIC = NO;
				GCC_NO_COMMON_BLOCKS = YES;
				GCC_OPTIMIZATION_LEVEL = 0;
				GCC_PREPROCESSOR_DEFINITIONS = (
					"DEBUG=1",
					"$(inherited)",
				);
				GCC_WARN_64_TO_32_BIT_CONVERSION = YES;
				GCC_WARN_ABOUT_RETURN_TYPE = YES_ERROR;
				GCC_WARN_UNDECLARED_SELECTOR = YES;
				GCC_WARN_UNINITIALIZED_AUTOS = YES_AGGRESSIVE;
				GCC_WARN_UNUSED_FUNCTION = YES;
				GCC_WARN_UNUSED_VARIABLE = YES;
				IPHONEOS_DEPLOYMENT_TARGET = 9.0;
				MTL_ENABLE_DEBUG_INFO = YES;
				ONLY_ACTIVE_ARCH = YES;
				SDKROOT = iphoneos;
			};
			name = "Debug - Staging";
		};
		EB99BB802129E5D1003AD933 /* Debug - Staging */ = {
			isa = XCBuildConfiguration;
			baseConfigurationReference = 2DCF4132F2BAB8D3F906C415 /* Pods-hedvig.debug - staging.xcconfig */;
			buildSettings = {
				ASSETCATALOG_COMPILER_APPICON_NAME = AppIcon.com.hedvig.test.app;
				BRANCH_KEY = "$(BRANCH_KEY)";
				BUNDLE_IDENTIFIER = com.hedvig.test.app;
				CLANG_ENABLE_MODULES = YES;
				CODE_PUSH_DEPLOYMENT_KEY = "$(CODE_PUSH_DEPLOYMENT_KEY)";
				CODE_SIGN_ENTITLEMENTS = hedvig/hedvig.entitlements;
				CODE_SIGN_IDENTITY = "iPhone Developer";
				CODE_SIGN_STYLE = Manual;
				DEBUG_INFORMATION_FORMAT = "dwarf-with-dsym";
				DEVELOPMENT_TEAM = AW656G5PFM;
				FACEBOOK_APP_ID = "$(FACEBOOK_APP_ID)";
				HEADER_SEARCH_PATHS = (
					"$(inherited)",
					"${PODS_ROOT}/Firebase/CoreOnly/Sources",
					"\"${PODS_ROOT}/Headers/Public\"",
					"\"${PODS_ROOT}/Headers/Public/Analytics\"",
					"\"${PODS_ROOT}/Headers/Public/Base64\"",
					"\"${PODS_ROOT}/Headers/Public/Bolts\"",
					"\"${PODS_ROOT}/Headers/Public/Branch-SDK\"",
					"\"${PODS_ROOT}/Headers/Public/CodePush\"",
					"\"${PODS_ROOT}/Headers/Public/DoubleConversion\"",
					"\"${PODS_ROOT}/Headers/Public/FBSDKCoreKit\"",
					"\"${PODS_ROOT}/Headers/Public/Firebase\"",
					"\"${PODS_ROOT}/Headers/Public/FirebaseAnalytics\"",
					"\"${PODS_ROOT}/Headers/Public/FirebaseCore\"",
					"\"${PODS_ROOT}/Headers/Public/FirebaseInstanceID\"",
					"\"${PODS_ROOT}/Headers/Public/FirebaseMessaging\"",
					"\"${PODS_ROOT}/Headers/Public/GoogleUtilities\"",
					"\"${PODS_ROOT}/Headers/Public/JWT\"",
					"\"${PODS_ROOT}/Headers/Public/KSCrash\"",
					"\"${PODS_ROOT}/Headers/Public/Protobuf\"",
					"\"${PODS_ROOT}/Headers/Public/RNAudio\"",
					"\"${PODS_ROOT}/Headers/Public/RNSound\"",
					"\"${PODS_ROOT}/Headers/Public/React\"",
					"\"${PODS_ROOT}/Headers/Public/ReactNativePermissions\"",
					"\"${PODS_ROOT}/Headers/Public/SSZipArchive\"",
					"\"${PODS_ROOT}/Headers/Public/Segment-Facebook-App-Events\"",
					"\"${PODS_ROOT}/Headers/Public/Sentry\"",
					"\"${PODS_ROOT}/Headers/Public/SentryReactNative\"",
					"\"${PODS_ROOT}/Headers/Public/glog\"",
					"\"${PODS_ROOT}/Headers/Public/lottie-ios\"",
					"\"${PODS_ROOT}/Headers/Public/lottie-react-native\"",
					"\"${PODS_ROOT}/Headers/Public/nanopb\"",
					"\"${PODS_ROOT}/Headers/Public/react-native-branch\"",
					"\"${PODS_ROOT}/Headers/Public/react-native-config\"",
					"\"${PODS_ROOT}/Headers/Public/rn-fetch-blob\"",
					"\"${PODS_ROOT}/Headers/Public/yoga\"",
					"$(SRCROOT)/../node_modules/react-native-firebase/ios/RNFirebase/**",
				);
				INFOPLIST_FILE = hedvig/Supporting/Info.plist;
				INFOPLIST_OTHER_PREPROCESSOR_FLAGS = "-traditional";
				INFOPLIST_PREFIX_HEADER = "${BUILD_DIR}/GeneratedInfoPlistDotEnv.h";
				INFOPLIST_PREPROCESS = YES;
				LD_RUNPATH_SEARCH_PATHS = "$(inherited) @executable_path/Frameworks";
				LIBRARY_SEARCH_PATHS = (
					"$(inherited)",
					"\"$(SRCROOT)/$(TARGET_NAME)\"",
					"\"$(SRCROOT)/$(TARGET_NAME)\"",
					"\"$(SRCROOT)/$(TARGET_NAME)\"",
					"\"$(SRCROOT)/$(PRODUCT_NAME)\"",
				);
				OTHER_SWIFT_FLAGS = "$(inherited) -Xcc -fmodule-map-file=\"${PODS_CONFIGURATION_BUILD_DIR}/Apollo/Apollo.modulemap\" -Xcc -fmodule-map-file=\"${PODS_CONFIGURATION_BUILD_DIR}/Disk/Disk.modulemap\" -Xcc -fmodule-map-file=\"${PODS_CONFIGURATION_BUILD_DIR}/DynamicColor/DynamicColor.modulemap\" -Xcc -fmodule-map-file=\"${PODS_CONFIGURATION_BUILD_DIR}/FlowFramework/Flow.modulemap\" -Xcc -fmodule-map-file=\"${PODS_CONFIGURATION_BUILD_DIR}/Katana/Katana.modulemap\" -Xcc -fmodule-map-file=\"${PODS_CONFIGURATION_BUILD_DIR}/PinLayout/PinLayout.modulemap\" -Xcc -fmodule-map-file=\"${PODS_ROOT}/Headers/Public/SSZipArchive/SSZipArchive.modulemap\" -Xcc -fmodule-map-file=\"${PODS_CONFIGURATION_BUILD_DIR}/Starscream/Starscream.modulemap\" -Xcc -fmodule-map-file=\"${PODS_CONFIGURATION_BUILD_DIR}/Tempura/Tempura.modulemap\" $(inherited) \"-D\" \"COCOAPODS\" -D \"DEBUG\"";
				PRODUCT_BUNDLE_IDENTIFIER = com.hedvig.test.app;
				PRODUCT_NAME = "$(PRODUCT_NAME)";
				PROVISIONING_PROFILE = "ec3e0828-e3fc-4165-afbc-b60504392532";
				PROVISIONING_PROFILE_SPECIFIER = "Hedvig App Test";
				SWIFT_OBJC_BRIDGING_HEADER = "hedvig/hedvig-Bridging-Header.h";
				SWIFT_OPTIMIZATION_LEVEL = "-Onone";
				SWIFT_VERSION = 4.2;
				TARGETED_DEVICE_FAMILY = 1;
			};
			name = "Debug - Staging";
		};
		EB99BB812129E5DE003AD933 /* Debug - Development */ = {
			isa = XCBuildConfiguration;
			baseConfigurationReference = 559CCAEF2121B3530080C272 /* debug.xcconfig */;
			buildSettings = {
				ALWAYS_SEARCH_USER_PATHS = NO;
				ASSETCATALOG_COMPILER_APPICON_NAME = "AppIcon.$(BUNDLE_IDENTIFIER)";
				CLANG_ANALYZER_NONNULL = YES;
				CLANG_CXX_LANGUAGE_STANDARD = "gnu++0x";
				CLANG_CXX_LIBRARY = "libc++";
				CLANG_ENABLE_MODULES = YES;
				CLANG_ENABLE_OBJC_ARC = YES;
				CLANG_WARN_BLOCK_CAPTURE_AUTORELEASING = YES;
				CLANG_WARN_BOOL_CONVERSION = YES;
				CLANG_WARN_COMMA = YES;
				CLANG_WARN_CONSTANT_CONVERSION = YES;
				CLANG_WARN_DIRECT_OBJC_ISA_USAGE = YES_ERROR;
				CLANG_WARN_DOCUMENTATION_COMMENTS = YES;
				CLANG_WARN_EMPTY_BODY = YES;
				CLANG_WARN_ENUM_CONVERSION = YES;
				CLANG_WARN_INFINITE_RECURSION = YES;
				CLANG_WARN_INT_CONVERSION = YES;
				CLANG_WARN_NON_LITERAL_NULL_CONVERSION = YES;
				CLANG_WARN_OBJC_LITERAL_CONVERSION = YES;
				CLANG_WARN_OBJC_ROOT_CLASS = YES_ERROR;
				CLANG_WARN_RANGE_LOOP_ANALYSIS = YES;
				CLANG_WARN_STRICT_PROTOTYPES = YES;
				CLANG_WARN_SUSPICIOUS_MOVE = YES;
				CLANG_WARN_SUSPICIOUS_MOVES = YES;
				CLANG_WARN_UNREACHABLE_CODE = YES;
				CLANG_WARN__DUPLICATE_METHOD_MATCH = YES;
				CODE_SIGN_ENTITLEMENTS = hedvig/hedvig.entitlements;
				"CODE_SIGN_IDENTITY[sdk=iphoneos*]" = "iPhone Developer";
				COPY_PHASE_STRIP = NO;
				DEBUG_INFORMATION_FORMAT = dwarf;
				ENABLE_STRICT_OBJC_MSGSEND = YES;
				ENABLE_TESTABILITY = YES;
				GCC_C_LANGUAGE_STANDARD = gnu99;
				GCC_DYNAMIC_NO_PIC = NO;
				GCC_NO_COMMON_BLOCKS = YES;
				GCC_OPTIMIZATION_LEVEL = 0;
				GCC_PREPROCESSOR_DEFINITIONS = (
					"DEBUG=1",
					"$(inherited)",
				);
				GCC_WARN_64_TO_32_BIT_CONVERSION = YES;
				GCC_WARN_ABOUT_RETURN_TYPE = YES_ERROR;
				GCC_WARN_UNDECLARED_SELECTOR = YES;
				GCC_WARN_UNINITIALIZED_AUTOS = YES_AGGRESSIVE;
				GCC_WARN_UNUSED_FUNCTION = YES;
				GCC_WARN_UNUSED_VARIABLE = YES;
				IPHONEOS_DEPLOYMENT_TARGET = 9.0;
				MTL_ENABLE_DEBUG_INFO = YES;
				ONLY_ACTIVE_ARCH = YES;
				SDKROOT = iphoneos;
			};
			name = "Debug - Development";
		};
		EB99BB822129E5DE003AD933 /* Debug - Development */ = {
			isa = XCBuildConfiguration;
			baseConfigurationReference = FE838C28F7895ED6D2053AD7 /* Pods-hedvig.debug - development.xcconfig */;
			buildSettings = {
				ASSETCATALOG_COMPILER_APPICON_NAME = AppIcon.com.hedvig.dev.app;
				BRANCH_KEY = "$(BRANCH_KEY)";
				BUNDLE_IDENTIFIER = com.hedvig.dev.app;
				CLANG_ENABLE_MODULES = YES;
				CODE_PUSH_DEPLOYMENT_KEY = "$(CODE_PUSH_DEPLOYMENT_KEY)";
				CODE_SIGN_ENTITLEMENTS = hedvig/hedvig.entitlements;
				CODE_SIGN_IDENTITY = "iPhone Developer";
				CODE_SIGN_STYLE = Manual;
				DEBUG_INFORMATION_FORMAT = "dwarf-with-dsym";
				DEVELOPMENT_TEAM = AW656G5PFM;
				FACEBOOK_APP_ID = "$(FACEBOOK_APP_ID)";
				HEADER_SEARCH_PATHS = (
					"$(inherited)",
					"${PODS_ROOT}/Firebase/CoreOnly/Sources",
					"\"${PODS_ROOT}/Headers/Public\"",
					"\"${PODS_ROOT}/Headers/Public/Analytics\"",
					"\"${PODS_ROOT}/Headers/Public/Base64\"",
					"\"${PODS_ROOT}/Headers/Public/Bolts\"",
					"\"${PODS_ROOT}/Headers/Public/Branch-SDK\"",
					"\"${PODS_ROOT}/Headers/Public/CodePush\"",
					"\"${PODS_ROOT}/Headers/Public/DoubleConversion\"",
					"\"${PODS_ROOT}/Headers/Public/FBSDKCoreKit\"",
					"\"${PODS_ROOT}/Headers/Public/Firebase\"",
					"\"${PODS_ROOT}/Headers/Public/FirebaseAnalytics\"",
					"\"${PODS_ROOT}/Headers/Public/FirebaseCore\"",
					"\"${PODS_ROOT}/Headers/Public/FirebaseInstanceID\"",
					"\"${PODS_ROOT}/Headers/Public/FirebaseMessaging\"",
					"\"${PODS_ROOT}/Headers/Public/GoogleUtilities\"",
					"\"${PODS_ROOT}/Headers/Public/JWT\"",
					"\"${PODS_ROOT}/Headers/Public/KSCrash\"",
					"\"${PODS_ROOT}/Headers/Public/Protobuf\"",
					"\"${PODS_ROOT}/Headers/Public/RNAudio\"",
					"\"${PODS_ROOT}/Headers/Public/RNSound\"",
					"\"${PODS_ROOT}/Headers/Public/React\"",
					"\"${PODS_ROOT}/Headers/Public/ReactNativePermissions\"",
					"\"${PODS_ROOT}/Headers/Public/SSZipArchive\"",
					"\"${PODS_ROOT}/Headers/Public/Segment-Facebook-App-Events\"",
					"\"${PODS_ROOT}/Headers/Public/Sentry\"",
					"\"${PODS_ROOT}/Headers/Public/SentryReactNative\"",
					"\"${PODS_ROOT}/Headers/Public/glog\"",
					"\"${PODS_ROOT}/Headers/Public/lottie-ios\"",
					"\"${PODS_ROOT}/Headers/Public/lottie-react-native\"",
					"\"${PODS_ROOT}/Headers/Public/nanopb\"",
					"\"${PODS_ROOT}/Headers/Public/react-native-branch\"",
					"\"${PODS_ROOT}/Headers/Public/react-native-config\"",
					"\"${PODS_ROOT}/Headers/Public/rn-fetch-blob\"",
					"\"${PODS_ROOT}/Headers/Public/yoga\"",
					"$(SRCROOT)/../node_modules/react-native-firebase/ios/RNFirebase/**",
				);
				INFOPLIST_FILE = hedvig/Supporting/Info.plist;
				INFOPLIST_OTHER_PREPROCESSOR_FLAGS = "-traditional";
				INFOPLIST_PREFIX_HEADER = "${BUILD_DIR}/GeneratedInfoPlistDotEnv.h";
				INFOPLIST_PREPROCESS = YES;
				LD_RUNPATH_SEARCH_PATHS = "$(inherited) @executable_path/Frameworks";
				LIBRARY_SEARCH_PATHS = (
					"$(inherited)",
					"\"$(SRCROOT)/$(TARGET_NAME)\"",
					"\"$(SRCROOT)/$(TARGET_NAME)\"",
					"\"$(SRCROOT)/$(TARGET_NAME)\"",
					"\"$(SRCROOT)/$(PRODUCT_NAME)\"",
				);
				OTHER_SWIFT_FLAGS = "$(inherited) -Xcc -fmodule-map-file=\"${PODS_CONFIGURATION_BUILD_DIR}/Apollo/Apollo.modulemap\" -Xcc -fmodule-map-file=\"${PODS_CONFIGURATION_BUILD_DIR}/Disk/Disk.modulemap\" -Xcc -fmodule-map-file=\"${PODS_CONFIGURATION_BUILD_DIR}/DynamicColor/DynamicColor.modulemap\" -Xcc -fmodule-map-file=\"${PODS_CONFIGURATION_BUILD_DIR}/FlowFramework/Flow.modulemap\" -Xcc -fmodule-map-file=\"${PODS_CONFIGURATION_BUILD_DIR}/Katana/Katana.modulemap\" -Xcc -fmodule-map-file=\"${PODS_CONFIGURATION_BUILD_DIR}/PinLayout/PinLayout.modulemap\" -Xcc -fmodule-map-file=\"${PODS_ROOT}/Headers/Public/SSZipArchive/SSZipArchive.modulemap\" -Xcc -fmodule-map-file=\"${PODS_CONFIGURATION_BUILD_DIR}/Starscream/Starscream.modulemap\" -Xcc -fmodule-map-file=\"${PODS_CONFIGURATION_BUILD_DIR}/Tempura/Tempura.modulemap\" $(inherited) \"-D\" \"COCOAPODS\" -D \"DEBUG\"";
				PRODUCT_BUNDLE_IDENTIFIER = com.hedvig.dev.app;
				PRODUCT_NAME = "$(PRODUCT_NAME)";
				PROVISIONING_PROFILE = "ec3e0828-e3fc-4165-afbc-b60504392532";
				PROVISIONING_PROFILE_SPECIFIER = "Hedvig App Dev";
				SWIFT_OBJC_BRIDGING_HEADER = "hedvig/hedvig-Bridging-Header.h";
				SWIFT_OPTIMIZATION_LEVEL = "-Onone";
				SWIFT_VERSION = 4.2;
				TARGETED_DEVICE_FAMILY = 1;
			};
			name = "Debug - Development";
		};
		EB99BB832129E5E5003AD933 /* Release - Development */ = {
			isa = XCBuildConfiguration;
			baseConfigurationReference = 559CCAF22121B4620080C272 /* release.xcconfig */;
			buildSettings = {
				ALWAYS_SEARCH_USER_PATHS = NO;
				ASSETCATALOG_COMPILER_APPICON_NAME = "AppIcon.$(BUNDLE_IDENTIFIER)";
				CLANG_ANALYZER_NONNULL = YES;
				CLANG_CXX_LANGUAGE_STANDARD = "gnu++0x";
				CLANG_CXX_LIBRARY = "libc++";
				CLANG_ENABLE_MODULES = YES;
				CLANG_ENABLE_OBJC_ARC = YES;
				CLANG_WARN_BLOCK_CAPTURE_AUTORELEASING = YES;
				CLANG_WARN_BOOL_CONVERSION = YES;
				CLANG_WARN_COMMA = YES;
				CLANG_WARN_CONSTANT_CONVERSION = YES;
				CLANG_WARN_DIRECT_OBJC_ISA_USAGE = YES_ERROR;
				CLANG_WARN_DOCUMENTATION_COMMENTS = YES;
				CLANG_WARN_EMPTY_BODY = YES;
				CLANG_WARN_ENUM_CONVERSION = YES;
				CLANG_WARN_INFINITE_RECURSION = YES;
				CLANG_WARN_INT_CONVERSION = YES;
				CLANG_WARN_NON_LITERAL_NULL_CONVERSION = YES;
				CLANG_WARN_OBJC_LITERAL_CONVERSION = YES;
				CLANG_WARN_OBJC_ROOT_CLASS = YES_ERROR;
				CLANG_WARN_RANGE_LOOP_ANALYSIS = YES;
				CLANG_WARN_STRICT_PROTOTYPES = YES;
				CLANG_WARN_SUSPICIOUS_MOVE = YES;
				CLANG_WARN_SUSPICIOUS_MOVES = YES;
				CLANG_WARN_UNREACHABLE_CODE = YES;
				CLANG_WARN__DUPLICATE_METHOD_MATCH = YES;
				CODE_SIGN_ENTITLEMENTS = hedvig/hedvig.entitlements;
				"CODE_SIGN_IDENTITY[sdk=iphoneos*]" = "iPhone Developer";
				COPY_PHASE_STRIP = NO;
				DEBUG_INFORMATION_FORMAT = "dwarf-with-dsym";
				ENABLE_NS_ASSERTIONS = NO;
				ENABLE_STRICT_OBJC_MSGSEND = YES;
				GCC_C_LANGUAGE_STANDARD = gnu99;
				GCC_NO_COMMON_BLOCKS = YES;
				GCC_WARN_64_TO_32_BIT_CONVERSION = YES;
				GCC_WARN_ABOUT_RETURN_TYPE = YES_ERROR;
				GCC_WARN_UNDECLARED_SELECTOR = YES;
				GCC_WARN_UNINITIALIZED_AUTOS = YES_AGGRESSIVE;
				GCC_WARN_UNUSED_FUNCTION = YES;
				GCC_WARN_UNUSED_VARIABLE = YES;
				IPHONEOS_DEPLOYMENT_TARGET = 9.0;
				MTL_ENABLE_DEBUG_INFO = NO;
				SDKROOT = iphoneos;
				VALIDATE_PRODUCT = YES;
			};
			name = "Release - Development";
		};
		EB99BB842129E5E5003AD933 /* Release - Development */ = {
			isa = XCBuildConfiguration;
			baseConfigurationReference = EE9E45FE503F4AA1B6290424 /* Pods-hedvig.release - development.xcconfig */;
			buildSettings = {
				ASSETCATALOG_COMPILER_APPICON_NAME = AppIcon.com.hedvig.dev.app;
				BRANCH_KEY = "$(BRANCH_KEY)";
				BUNDLE_IDENTIFIER = com.hedvig.dev.app;
				CLANG_ENABLE_MODULES = YES;
				CODE_PUSH_DEPLOYMENT_KEY = "$(CODE_PUSH_DEPLOYMENT_KEY)";
				CODE_SIGN_ENTITLEMENTS = hedvig/hedvig.entitlements;
				CODE_SIGN_IDENTITY = "iPhone Distribution";
				CODE_SIGN_STYLE = Manual;
				DEVELOPMENT_TEAM = AW656G5PFM;
				FACEBOOK_APP_ID = "$(FACEBOOK_APP_ID)";
				INFOPLIST_FILE = hedvig/Supporting/Info.plist;
				INFOPLIST_OTHER_PREPROCESSOR_FLAGS = "-traditional";
				INFOPLIST_PREFIX_HEADER = "${BUILD_DIR}/GeneratedInfoPlistDotEnv.h";
				INFOPLIST_PREPROCESS = YES;
				LD_RUNPATH_SEARCH_PATHS = "$(inherited) @executable_path/Frameworks";
				LIBRARY_SEARCH_PATHS = (
					"$(inherited)",
					"\"$(SRCROOT)/$(TARGET_NAME)\"",
					"\"$(SRCROOT)/$(TARGET_NAME)\"",
					"\"$(SRCROOT)/$(TARGET_NAME)\"",
					"\"$(SRCROOT)/$(PRODUCT_NAME)\"",
				);
				PRODUCT_BUNDLE_IDENTIFIER = com.hedvig.dev.app;
				PRODUCT_NAME = "$(PRODUCT_NAME)";
				PROVISIONING_PROFILE = "ec3e0828-e3fc-4165-afbc-b60504392532";
				PROVISIONING_PROFILE_SPECIFIER = "com.hedvig.test.app AppStore";
				SWIFT_OBJC_BRIDGING_HEADER = "hedvig/hedvig-Bridging-Header.h";
				SWIFT_VERSION = 4.2;
				TARGETED_DEVICE_FAMILY = 1;
			};
			name = "Release - Development";
		};
		EBC15BE3212714AC00D0E296 /* Release - Staging */ = {
			isa = XCBuildConfiguration;
			baseConfigurationReference = 559CCAF22121B4620080C272 /* release.xcconfig */;
			buildSettings = {
				ALWAYS_SEARCH_USER_PATHS = NO;
				ASSETCATALOG_COMPILER_APPICON_NAME = "AppIcon.$(BUNDLE_IDENTIFIER)";
				CLANG_ANALYZER_NONNULL = YES;
				CLANG_CXX_LANGUAGE_STANDARD = "gnu++0x";
				CLANG_CXX_LIBRARY = "libc++";
				CLANG_ENABLE_MODULES = YES;
				CLANG_ENABLE_OBJC_ARC = YES;
				CLANG_WARN_BLOCK_CAPTURE_AUTORELEASING = YES;
				CLANG_WARN_BOOL_CONVERSION = YES;
				CLANG_WARN_COMMA = YES;
				CLANG_WARN_CONSTANT_CONVERSION = YES;
				CLANG_WARN_DIRECT_OBJC_ISA_USAGE = YES_ERROR;
				CLANG_WARN_DOCUMENTATION_COMMENTS = YES;
				CLANG_WARN_EMPTY_BODY = YES;
				CLANG_WARN_ENUM_CONVERSION = YES;
				CLANG_WARN_INFINITE_RECURSION = YES;
				CLANG_WARN_INT_CONVERSION = YES;
				CLANG_WARN_NON_LITERAL_NULL_CONVERSION = YES;
				CLANG_WARN_OBJC_LITERAL_CONVERSION = YES;
				CLANG_WARN_OBJC_ROOT_CLASS = YES_ERROR;
				CLANG_WARN_RANGE_LOOP_ANALYSIS = YES;
				CLANG_WARN_STRICT_PROTOTYPES = YES;
				CLANG_WARN_SUSPICIOUS_MOVE = YES;
				CLANG_WARN_SUSPICIOUS_MOVES = YES;
				CLANG_WARN_UNREACHABLE_CODE = YES;
				CLANG_WARN__DUPLICATE_METHOD_MATCH = YES;
				CODE_SIGN_ENTITLEMENTS = hedvig/hedvig.entitlements;
				"CODE_SIGN_IDENTITY[sdk=iphoneos*]" = "iPhone Developer";
				COPY_PHASE_STRIP = NO;
				DEBUG_INFORMATION_FORMAT = "dwarf-with-dsym";
				ENABLE_NS_ASSERTIONS = NO;
				ENABLE_STRICT_OBJC_MSGSEND = YES;
				GCC_C_LANGUAGE_STANDARD = gnu99;
				GCC_NO_COMMON_BLOCKS = YES;
				GCC_WARN_64_TO_32_BIT_CONVERSION = YES;
				GCC_WARN_ABOUT_RETURN_TYPE = YES_ERROR;
				GCC_WARN_UNDECLARED_SELECTOR = YES;
				GCC_WARN_UNINITIALIZED_AUTOS = YES_AGGRESSIVE;
				GCC_WARN_UNUSED_FUNCTION = YES;
				GCC_WARN_UNUSED_VARIABLE = YES;
				IPHONEOS_DEPLOYMENT_TARGET = 9.0;
				MTL_ENABLE_DEBUG_INFO = NO;
				SDKROOT = iphoneos;
				VALIDATE_PRODUCT = YES;
			};
			name = "Release - Staging";
		};
		EBC15BE4212714AC00D0E296 /* Release - Staging */ = {
			isa = XCBuildConfiguration;
			baseConfigurationReference = 2EE5FB9DB54A633C563A341F /* Pods-hedvig.release - staging.xcconfig */;
			buildSettings = {
				ASSETCATALOG_COMPILER_APPICON_NAME = AppIcon.com.hedvig.test.app;
				BRANCH_KEY = "$(BRANCH_KEY)";
				BUNDLE_IDENTIFIER = com.hedvig.test.app;
				CLANG_ENABLE_MODULES = YES;
				CODE_PUSH_DEPLOYMENT_KEY = "$(CODE_PUSH_DEPLOYMENT_KEY)";
				CODE_SIGN_ENTITLEMENTS = hedvig/hedvig.entitlements;
				CODE_SIGN_IDENTITY = "iPhone Distribution";
				CODE_SIGN_STYLE = Manual;
				DEVELOPMENT_TEAM = AW656G5PFM;
				FACEBOOK_APP_ID = "$(FACEBOOK_APP_ID)";
				INFOPLIST_FILE = hedvig/Supporting/Info.plist;
				INFOPLIST_OTHER_PREPROCESSOR_FLAGS = "-traditional";
				INFOPLIST_PREFIX_HEADER = "${BUILD_DIR}/GeneratedInfoPlistDotEnv.h";
				INFOPLIST_PREPROCESS = YES;
				LD_RUNPATH_SEARCH_PATHS = "$(inherited) @executable_path/Frameworks";
				LIBRARY_SEARCH_PATHS = (
					"$(inherited)",
					"\"$(SRCROOT)/$(PRODUCT_NAME)\"",
					"\"$(SRCROOT)/$(TARGET_NAME)\"",
					"\"$(SRCROOT)/$(TARGET_NAME)\"",
					"\"$(SRCROOT)/$(TARGET_NAME)\"",
				);
				PRODUCT_BUNDLE_IDENTIFIER = com.hedvig.test.app;
				PRODUCT_NAME = "$(PRODUCT_NAME)";
				PROVISIONING_PROFILE = "ec3e0828-e3fc-4165-afbc-b60504392532";
				PROVISIONING_PROFILE_SPECIFIER = "com.hedvig.test.app AppStore";
				SWIFT_OBJC_BRIDGING_HEADER = "hedvig/hedvig-Bridging-Header.h";
				SWIFT_VERSION = 4.2;
				TARGETED_DEVICE_FAMILY = 1;
			};
			name = "Release - Staging";
		};
/* End XCBuildConfiguration section */

/* Begin XCConfigurationList section */
		B563863C1DB9693800A0598C /* Build configuration list for PBXProject "hedvig" */ = {
			isa = XCConfigurationList;
			buildConfigurations = (
				B56386561DB9693800A0598C /* Debug - Production */,
				EB99BB812129E5DE003AD933 /* Debug - Development */,
				EB99BB7F2129E5D1003AD933 /* Debug - Staging */,
				B56386571DB9693800A0598C /* Release - Production */,
				EB99BB832129E5E5003AD933 /* Release - Development */,
				EBC15BE3212714AC00D0E296 /* Release - Staging */,
			);
			defaultConfigurationIsVisible = 0;
			defaultConfigurationName = "Release - Production";
		};
		B56386581DB9693800A0598C /* Build configuration list for PBXNativeTarget "hedvig" */ = {
			isa = XCConfigurationList;
			buildConfigurations = (
				B56386591DB9693800A0598C /* Debug - Production */,
				EB99BB822129E5DE003AD933 /* Debug - Development */,
				EB99BB802129E5D1003AD933 /* Debug - Staging */,
				B563865A1DB9693800A0598C /* Release - Production */,
				EB99BB842129E5E5003AD933 /* Release - Development */,
				EBC15BE4212714AC00D0E296 /* Release - Staging */,
			);
			defaultConfigurationIsVisible = 0;
			defaultConfigurationName = "Release - Production";
		};
/* End XCConfigurationList section */
	};
	rootObject = B56386391DB9693800A0598C /* Project object */;
}
