// !$*UTF8*$!
{
	archiveVersion = 1;
	classes = {
	};
	objectVersion = 46;
	objects = {

/* Begin PBXBuildFile section */
		231F4F0DB0FA37B4C0BB04B0 /* libPods-hedvig.a in Frameworks */ = {isa = PBXBuildFile; fileRef = C8CF509FE5A31209D36FE61B /* libPods-hedvig.a */; };
		2ACE4012D5344BA68AE83CA9 /* libz.tbd in Frameworks */ = {isa = PBXBuildFile; fileRef = 1E11984458714DEDB8081244 /* libz.tbd */; };
		544ED67F4B9649438F02FDD3 /* CircularStd-Bold.ttf in Resources */ = {isa = PBXBuildFile; fileRef = 4CB76B2DDD2F4C42A9C41DF6 /* CircularStd-Bold.ttf */; };
		559CCAF02121B3530080C272 /* debug.xcconfig in Resources */ = {isa = PBXBuildFile; fileRef = 559CCAEF2121B3530080C272 /* debug.xcconfig */; };
		55A1D9ED211DB2FA00547027 /* GoogleService-Info.plist in Resources */ = {isa = PBXBuildFile; fileRef = 55A1D9EC211DB2FA00547027 /* GoogleService-Info.plist */; };
		64ADFEB80E9B4CE188FF5E21 /* SoRay-ExtraBold.ttf in Resources */ = {isa = PBXBuildFile; fileRef = 446808BB14A544DA8419781D /* SoRay-ExtraBold.ttf */; };
		AC5BB2AB4E954E429F91AB9E /* Merriweather-Light.ttf in Resources */ = {isa = PBXBuildFile; fileRef = D398F87383C7495A9938B698 /* Merriweather-Light.ttf */; };
		B56386491DB9693800A0598C /* AppDelegate.swift in Sources */ = {isa = PBXBuildFile; fileRef = B56386481DB9693800A0598C /* AppDelegate.swift */; };
		B56386511DB9693800A0598C /* Assets.xcassets in Resources */ = {isa = PBXBuildFile; fileRef = B56386501DB9693800A0598C /* Assets.xcassets */; };
		B5693E8E1FABD16A00307FA4 /* LaunchScreen.xib in Resources */ = {isa = PBXBuildFile; fileRef = B5693E8D1FABD16A00307FA4 /* LaunchScreen.xib */; };
		BBAFAB7DAC15463DAA2348E5 /* CircularStd-Book.ttf in Resources */ = {isa = PBXBuildFile; fileRef = 7B57D15156864FA4B906A3EC /* CircularStd-Book.ttf */; };
		EB3A235721A57EE5007F52B6 /* Test.swift in Sources */ = {isa = PBXBuildFile; fileRef = EB3A235621A57EE5007F52B6 /* Test.swift */; };
		EB3A23B221A59FCE007F52B6 /* HedvigColors.swift in Sources */ = {isa = PBXBuildFile; fileRef = EB3A239621A59FB3007F52B6 /* HedvigColors.swift */; };
/* End PBXBuildFile section */

/* Begin PBXContainerItemProxy section */
		EB3A23AE21A59FB3007F52B6 /* PBXContainerItemProxy */ = {
			isa = PBXContainerItemProxy;
			containerPortal = EB3A235B21A59FB3007F52B6 /* Hedvig.xcodeproj */;
			proxyType = 2;
			remoteGlobalIDString = EB75E15121930A94006B5CE4;
			remoteInfo = Hedvig;
		};
		EB3A23B021A59FB3007F52B6 /* PBXContainerItemProxy */ = {
			isa = PBXContainerItemProxy;
			containerPortal = EB3A235B21A59FB3007F52B6 /* Hedvig.xcodeproj */;
			proxyType = 2;
			remoteGlobalIDString = EB75E16521930A95006B5CE4;
			remoteInfo = HedvigTests;
		};
/* End PBXContainerItemProxy section */

/* Begin PBXFileReference section */
		08E5427420879B64DB0FAC97 /* Pods-hedvig.staging.xcconfig */ = {isa = PBXFileReference; includeInIndex = 1; lastKnownFileType = text.xcconfig; name = "Pods-hedvig.staging.xcconfig"; path = "Pods/Target Support Files/Pods-hedvig/Pods-hedvig.staging.xcconfig"; sourceTree = "<group>"; };
		14DAAD861ADCC674F81A246E /* Pods-hedvig.release.xcconfig */ = {isa = PBXFileReference; includeInIndex = 1; lastKnownFileType = text.xcconfig; name = "Pods-hedvig.release.xcconfig"; path = "Pods/Target Support Files/Pods-hedvig/Pods-hedvig.release.xcconfig"; sourceTree = "<group>"; };
		1E11984458714DEDB8081244 /* libz.tbd */ = {isa = PBXFileReference; explicitFileType = undefined; fileEncoding = 9; includeInIndex = 0; lastKnownFileType = "sourcecode.text-based-dylib-definition"; name = libz.tbd; path = usr/lib/libz.tbd; sourceTree = SDKROOT; };
		2DCF4132F2BAB8D3F906C415 /* Pods-hedvig.debug - staging.xcconfig */ = {isa = PBXFileReference; includeInIndex = 1; lastKnownFileType = text.xcconfig; name = "Pods-hedvig.debug - staging.xcconfig"; path = "Pods/Target Support Files/Pods-hedvig/Pods-hedvig.debug - staging.xcconfig"; sourceTree = "<group>"; };
		2EE5FB9DB54A633C563A341F /* Pods-hedvig.release - staging.xcconfig */ = {isa = PBXFileReference; includeInIndex = 1; lastKnownFileType = text.xcconfig; name = "Pods-hedvig.release - staging.xcconfig"; path = "Pods/Target Support Files/Pods-hedvig/Pods-hedvig.release - staging.xcconfig"; sourceTree = "<group>"; };
		40A4E138DA01BAEEA68F884C /* Pods-hedvig.debug - dev.xcconfig */ = {isa = PBXFileReference; includeInIndex = 1; lastKnownFileType = text.xcconfig; name = "Pods-hedvig.debug - dev.xcconfig"; path = "Pods/Target Support Files/Pods-hedvig/Pods-hedvig.debug - dev.xcconfig"; sourceTree = "<group>"; };
		446808BB14A544DA8419781D /* SoRay-ExtraBold.ttf */ = {isa = PBXFileReference; explicitFileType = undefined; fileEncoding = 9; includeInIndex = 0; lastKnownFileType = unknown; name = "SoRay-ExtraBold.ttf"; path = "../assets/fonts/SoRay-ExtraBold.ttf"; sourceTree = "<group>"; };
		4CB76B2DDD2F4C42A9C41DF6 /* CircularStd-Bold.ttf */ = {isa = PBXFileReference; explicitFileType = undefined; fileEncoding = 9; includeInIndex = 0; lastKnownFileType = unknown; name = "CircularStd-Bold.ttf"; path = "../assets/fonts/CircularStd-Bold.ttf"; sourceTree = "<group>"; };
		559CCAD6211F1AC10080C272 /* hedvig.entitlements */ = {isa = PBXFileReference; lastKnownFileType = text.plist.entitlements; path = hedvig.entitlements; sourceTree = "<group>"; };
		559CCAEF2121B3530080C272 /* debug.xcconfig */ = {isa = PBXFileReference; fileEncoding = 4; lastKnownFileType = text.xcconfig; path = debug.xcconfig; sourceTree = "<group>"; };
		559CCAF12121B42C0080C272 /* staging.xcconfig */ = {isa = PBXFileReference; lastKnownFileType = text.xcconfig; path = staging.xcconfig; sourceTree = "<group>"; };
		559CCAF22121B4620080C272 /* release.xcconfig */ = {isa = PBXFileReference; lastKnownFileType = text.xcconfig; path = release.xcconfig; sourceTree = "<group>"; };
		55A1D9EC211DB2FA00547027 /* GoogleService-Info.plist */ = {isa = PBXFileReference; fileEncoding = 4; lastKnownFileType = text.plist.xml; path = "GoogleService-Info.plist"; sourceTree = "<group>"; };
		7B57D15156864FA4B906A3EC /* CircularStd-Book.ttf */ = {isa = PBXFileReference; explicitFileType = undefined; fileEncoding = 9; includeInIndex = 0; lastKnownFileType = unknown; name = "CircularStd-Book.ttf"; path = "../assets/fonts/CircularStd-Book.ttf"; sourceTree = "<group>"; };
		7CDE8491802332E881E48B7F /* Pods-hedvig.debug - production.xcconfig */ = {isa = PBXFileReference; includeInIndex = 1; lastKnownFileType = text.xcconfig; name = "Pods-hedvig.debug - production.xcconfig"; path = "Pods/Target Support Files/Pods-hedvig/Pods-hedvig.debug - production.xcconfig"; sourceTree = "<group>"; };
		ABC3DF484F2DAA91A9A81943 /* Pods-hedvig.debug.xcconfig */ = {isa = PBXFileReference; includeInIndex = 1; lastKnownFileType = text.xcconfig; name = "Pods-hedvig.debug.xcconfig"; path = "Pods/Target Support Files/Pods-hedvig/Pods-hedvig.debug.xcconfig"; sourceTree = "<group>"; };
		B56386411DB9693800A0598C /* Hedvig Dev.app */ = {isa = PBXFileReference; explicitFileType = wrapper.application; includeInIndex = 0; path = "Hedvig Dev.app"; sourceTree = BUILT_PRODUCTS_DIR; };
		B56386481DB9693800A0598C /* AppDelegate.swift */ = {isa = PBXFileReference; lastKnownFileType = sourcecode.swift; path = AppDelegate.swift; sourceTree = "<group>"; };
		B56386501DB9693800A0598C /* Assets.xcassets */ = {isa = PBXFileReference; lastKnownFileType = folder.assetcatalog; path = Assets.xcassets; sourceTree = "<group>"; };
		B563865C1DB96A5E00A0598C /* Info.plist */ = {isa = PBXFileReference; fileEncoding = 4; lastKnownFileType = text.plist.xml; path = Info.plist; sourceTree = "<group>"; };
		B5693E8D1FABD16A00307FA4 /* LaunchScreen.xib */ = {isa = PBXFileReference; fileEncoding = 4; lastKnownFileType = file.xib; path = LaunchScreen.xib; sourceTree = "<group>"; };
		BA6B49A7D50CBF7527166E28 /* Pods-hedvig.release - dev.xcconfig */ = {isa = PBXFileReference; includeInIndex = 1; lastKnownFileType = text.xcconfig; name = "Pods-hedvig.release - dev.xcconfig"; path = "Pods/Target Support Files/Pods-hedvig/Pods-hedvig.release - dev.xcconfig"; sourceTree = "<group>"; };
		C8CF509FE5A31209D36FE61B /* libPods-hedvig.a */ = {isa = PBXFileReference; explicitFileType = archive.ar; includeInIndex = 0; path = "libPods-hedvig.a"; sourceTree = BUILT_PRODUCTS_DIR; };
		D398F87383C7495A9938B698 /* Merriweather-Light.ttf */ = {isa = PBXFileReference; explicitFileType = undefined; fileEncoding = 9; includeInIndex = 0; lastKnownFileType = unknown; name = "Merriweather-Light.ttf"; path = "../assets/fonts/Merriweather-Light.ttf"; sourceTree = "<group>"; };
		D5671F6FBF53920F1E91F718 /* Pods-hedvig.release - production.xcconfig */ = {isa = PBXFileReference; includeInIndex = 1; lastKnownFileType = text.xcconfig; name = "Pods-hedvig.release - production.xcconfig"; path = "Pods/Target Support Files/Pods-hedvig/Pods-hedvig.release - production.xcconfig"; sourceTree = "<group>"; };
		EB3A235521A57EE4007F52B6 /* hedvig-Bridging-Header.h */ = {isa = PBXFileReference; lastKnownFileType = sourcecode.c.h; path = "hedvig-Bridging-Header.h"; sourceTree = "<group>"; };
		EB3A235621A57EE5007F52B6 /* Test.swift */ = {isa = PBXFileReference; lastKnownFileType = sourcecode.swift; path = Test.swift; sourceTree = "<group>"; };
		EB3A235A21A59FB3007F52B6 /* .swiftlint.yml */ = {isa = PBXFileReference; lastKnownFileType = text; path = .swiftlint.yml; sourceTree = "<group>"; };
		EB3A235B21A59FB3007F52B6 /* Hedvig.xcodeproj */ = {isa = PBXFileReference; lastKnownFileType = "wrapper.pb-project"; path = Hedvig.xcodeproj; sourceTree = "<group>"; };
		EB3A236121A59FB3007F52B6 /* MarketingView.swift */ = {isa = PBXFileReference; lastKnownFileType = sourcecode.swift; path = MarketingView.swift; sourceTree = "<group>"; };
		EB3A236321A59FB3007F52B6 /* OpenChatButton.swift */ = {isa = PBXFileReference; lastKnownFileType = sourcecode.swift; path = OpenChatButton.swift; sourceTree = "<group>"; };
		EB3A236421A59FB3007F52B6 /* MarketingViewController.swift */ = {isa = PBXFileReference; lastKnownFileType = sourcecode.swift; path = MarketingViewController.swift; sourceTree = "<group>"; };
		EB3A236621A59FB3007F52B6 /* CopyableLabel.swift */ = {isa = PBXFileReference; lastKnownFileType = sourcecode.swift; path = CopyableLabel.swift; sourceTree = "<group>"; };
		EB3A236721A59FB3007F52B6 /* UIView+RadiusMask.swift */ = {isa = PBXFileReference; lastKnownFileType = sourcecode.swift; path = "UIView+RadiusMask.swift"; sourceTree = "<group>"; };
		EB3A236921A59FB3007F52B6 /* ChatViewController.swift */ = {isa = PBXFileReference; lastKnownFileType = sourcecode.swift; path = ChatViewController.swift; sourceTree = "<group>"; };
		EB3A236C21A59FB3007F52B6 /* SendingIndicator.swift */ = {isa = PBXFileReference; lastKnownFileType = sourcecode.swift; path = SendingIndicator.swift; sourceTree = "<group>"; };
		EB3A236D21A59FB3007F52B6 /* MessageView.swift */ = {isa = PBXFileReference; lastKnownFileType = sourcecode.swift; path = MessageView.swift; sourceTree = "<group>"; };
		EB3A236F21A59FB3007F52B6 /* ListView.swift */ = {isa = PBXFileReference; lastKnownFileType = sourcecode.swift; path = ListView.swift; sourceTree = "<group>"; };
		EB3A237121A59FB3007F52B6 /* SendButton.swift */ = {isa = PBXFileReference; lastKnownFileType = sourcecode.swift; path = SendButton.swift; sourceTree = "<group>"; };
		EB3A237321A59FB3007F52B6 /* SelectButton.swift */ = {isa = PBXFileReference; lastKnownFileType = sourcecode.swift; path = SelectButton.swift; sourceTree = "<group>"; };
		EB3A237421A59FB3007F52B6 /* SelectCollectionView.swift */ = {isa = PBXFileReference; lastKnownFileType = sourcecode.swift; path = SelectCollectionView.swift; sourceTree = "<group>"; };
		EB3A237521A59FB3007F52B6 /* SelectCollectionViewCell.swift */ = {isa = PBXFileReference; lastKnownFileType = sourcecode.swift; path = SelectCollectionViewCell.swift; sourceTree = "<group>"; };
		EB3A237621A59FB3007F52B6 /* SafeAreaContainer.swift */ = {isa = PBXFileReference; lastKnownFileType = sourcecode.swift; path = SafeAreaContainer.swift; sourceTree = "<group>"; };
		EB3A237721A59FB3007F52B6 /* InputFieldView.swift */ = {isa = PBXFileReference; lastKnownFileType = sourcecode.swift; path = InputFieldView.swift; sourceTree = "<group>"; };
		EB3A237821A59FB3007F52B6 /* ChatView.swift */ = {isa = PBXFileReference; lastKnownFileType = sourcecode.swift; path = ChatView.swift; sourceTree = "<group>"; };
		EB3A237A21A59FB3007F52B6 /* AppNavigation.swift */ = {isa = PBXFileReference; lastKnownFileType = sourcecode.swift; path = AppNavigation.swift; sourceTree = "<group>"; };
		EB3A237C21A59FB3007F52B6 /* DependenciesContainer.swift */ = {isa = PBXFileReference; lastKnownFileType = sourcecode.swift; path = DependenciesContainer.swift; sourceTree = "<group>"; };
		EB3A237E21A59FB3007F52B6 /* AppState.swift */ = {isa = PBXFileReference; lastKnownFileType = sourcecode.swift; path = AppState.swift; sourceTree = "<group>"; };
		EB3A237F21A59FB3007F52B6 /* Message.swift */ = {isa = PBXFileReference; lastKnownFileType = sourcecode.swift; path = Message.swift; sourceTree = "<group>"; };
		EB3A238021A59FB3007F52B6 /* AuthorizationToken.swift */ = {isa = PBXFileReference; lastKnownFileType = sourcecode.swift; path = AuthorizationToken.swift; sourceTree = "<group>"; };
		EB3A238221A59FB3007F52B6 /* Base */ = {isa = PBXFileReference; lastKnownFileType = file.storyboard; name = Base; path = Base.lproj/LaunchScreen.storyboard; sourceTree = "<group>"; };
		EB3A238421A59FB3007F52B6 /* SetMessages.swift */ = {isa = PBXFileReference; lastKnownFileType = sourcecode.swift; path = SetMessages.swift; sourceTree = "<group>"; };
		EB3A238521A59FB3007F52B6 /* SendMessage.swift */ = {isa = PBXFileReference; lastKnownFileType = sourcecode.swift; path = SendMessage.swift; sourceTree = "<group>"; };
		EB3A238621A59FB3007F52B6 /* AppActions.swift */ = {isa = PBXFileReference; lastKnownFileType = sourcecode.swift; path = AppActions.swift; sourceTree = "<group>"; };
		EB3A238721A59FB3007F52B6 /* InsertMessage.swift */ = {isa = PBXFileReference; lastKnownFileType = sourcecode.swift; path = InsertMessage.swift; sourceTree = "<group>"; };
		EB3A238821A59FB3007F52B6 /* AppDelegate.swift */ = {isa = PBXFileReference; lastKnownFileType = sourcecode.swift; path = AppDelegate.swift; sourceTree = "<group>"; };
		EB3A238B21A59FB3007F52B6 /* Messages.graphql */ = {isa = PBXFileReference; lastKnownFileType = text; path = Messages.graphql; sourceTree = "<group>"; };
		EB3A238C21A59FB3007F52B6 /* SendChatTextResponse.graphql */ = {isa = PBXFileReference; lastKnownFileType = text; path = SendChatTextResponse.graphql; sourceTree = "<group>"; };
		EB3A238D21A59FB3007F52B6 /* CurrentChatResponseSubscription.graphql */ = {isa = PBXFileReference; lastKnownFileType = text; path = CurrentChatResponseSubscription.graphql; sourceTree = "<group>"; };
		EB3A238E21A59FB3007F52B6 /* CreateSession.graphql */ = {isa = PBXFileReference; lastKnownFileType = text; path = CreateSession.graphql; sourceTree = "<group>"; };
		EB3A238F21A59FB3007F52B6 /* MessageSubscription.graphql */ = {isa = PBXFileReference; lastKnownFileType = text; path = MessageSubscription.graphql; sourceTree = "<group>"; };
		EB3A239021A59FB3007F52B6 /* SendChatSingleSelectResponse.graphql */ = {isa = PBXFileReference; lastKnownFileType = text; path = SendChatSingleSelectResponse.graphql; sourceTree = "<group>"; };
		EB3A239121A59FB3007F52B6 /* schema.json */ = {isa = PBXFileReference; lastKnownFileType = text.json; path = schema.json; sourceTree = "<group>"; };
		EB3A239221A59FB3007F52B6 /* API.swift */ = {isa = PBXFileReference; lastKnownFileType = sourcecode.swift; path = API.swift; sourceTree = "<group>"; };
		EB3A239321A59FB3007F52B6 /* ApolloClient.swift */ = {isa = PBXFileReference; lastKnownFileType = sourcecode.swift; path = ApolloClient.swift; sourceTree = "<group>"; };
		EB3A239521A59FB3007F52B6 /* Assets.xcassets */ = {isa = PBXFileReference; lastKnownFileType = folder.assetcatalog; path = Assets.xcassets; sourceTree = "<group>"; };
		EB3A239621A59FB3007F52B6 /* HedvigColors.swift */ = {isa = PBXFileReference; lastKnownFileType = sourcecode.swift; path = HedvigColors.swift; sourceTree = "<group>"; };
		EB3A239821A59FB3007F52B6 /* Icon.swift */ = {isa = PBXFileReference; lastKnownFileType = sourcecode.swift; path = Icon.swift; sourceTree = "<group>"; };
		EB3A239A21A59FB3007F52B6 /* Merriweather-Light.ttf */ = {isa = PBXFileReference; lastKnownFileType = file; path = "Merriweather-Light.ttf"; sourceTree = "<group>"; };
		EB3A239B21A59FB3007F52B6 /* SoRay-ExtraBold.ttf */ = {isa = PBXFileReference; lastKnownFileType = file; path = "SoRay-ExtraBold.ttf"; sourceTree = "<group>"; };
		EB3A239C21A59FB3007F52B6 /* HedvigFonts.swift */ = {isa = PBXFileReference; lastKnownFileType = sourcecode.swift; path = HedvigFonts.swift; sourceTree = "<group>"; };
		EB3A239D21A59FB3007F52B6 /* CircularStd-Book.ttf */ = {isa = PBXFileReference; lastKnownFileType = file; path = "CircularStd-Book.ttf"; sourceTree = "<group>"; };
		EB3A239E21A59FB3007F52B6 /* CircularStd-Bold.ttf */ = {isa = PBXFileReference; lastKnownFileType = file; path = "CircularStd-Bold.ttf"; sourceTree = "<group>"; };
		EB3A239F21A59FB3007F52B6 /* Info.plist */ = {isa = PBXFileReference; lastKnownFileType = text.plist.xml; path = Info.plist; sourceTree = "<group>"; };
		EB3A23A021A59FB3007F52B6 /* .swiftlint */ = {isa = PBXFileReference; lastKnownFileType = text; path = .swiftlint; sourceTree = "<group>"; };
		EB3A23A121A59FB3007F52B6 /* Hedvig.xcworkspace */ = {isa = PBXFileReference; lastKnownFileType = wrapper.workspace; path = Hedvig.xcworkspace; sourceTree = "<group>"; };
		EB3A23A221A59FB3007F52B6 /* .gitignore */ = {isa = PBXFileReference; lastKnownFileType = text; path = .gitignore; sourceTree = "<group>"; };
		EB3A23A321A59FB3007F52B6 /* Podfile */ = {isa = PBXFileReference; lastKnownFileType = text; path = Podfile; sourceTree = "<group>"; };
		EB3A23A521A59FB3007F52B6 /* ChatViewTest.swift */ = {isa = PBXFileReference; lastKnownFileType = sourcecode.swift; path = ChatViewTest.swift; sourceTree = "<group>"; };
		EB3A23A921A59FB3007F52B6 /* chatView001 (375.0, 812.0)@3x.png */ = {isa = PBXFileReference; lastKnownFileType = image.png; path = "chatView001 (375.0, 812.0)@3x.png"; sourceTree = "<group>"; };
		EB3A23AA21A59FB3007F52B6 /* Info.plist */ = {isa = PBXFileReference; lastKnownFileType = text.plist.xml; path = Info.plist; sourceTree = "<group>"; };
		EB3A23AB21A59FB3007F52B6 /* Podfile.lock */ = {isa = PBXFileReference; lastKnownFileType = text; path = Podfile.lock; sourceTree = "<group>"; };
		EBC15BDB2126C0D700D0E296 /* libRNFirebase.a */ = {isa = PBXFileReference; explicitFileType = archive.ar; path = libRNFirebase.a; sourceTree = BUILT_PRODUCTS_DIR; };
		EE9E45FE503F4AA1B6290424 /* Pods-hedvig.release - development.xcconfig */ = {isa = PBXFileReference; includeInIndex = 1; lastKnownFileType = text.xcconfig; name = "Pods-hedvig.release - development.xcconfig"; path = "Pods/Target Support Files/Pods-hedvig/Pods-hedvig.release - development.xcconfig"; sourceTree = "<group>"; };
		FE838C28F7895ED6D2053AD7 /* Pods-hedvig.debug - development.xcconfig */ = {isa = PBXFileReference; includeInIndex = 1; lastKnownFileType = text.xcconfig; name = "Pods-hedvig.debug - development.xcconfig"; path = "Pods/Target Support Files/Pods-hedvig/Pods-hedvig.debug - development.xcconfig"; sourceTree = "<group>"; };
/* End PBXFileReference section */

/* Begin PBXFrameworksBuildPhase section */
		B563863E1DB9693800A0598C /* Frameworks */ = {
			isa = PBXFrameworksBuildPhase;
			buildActionMask = 2147483647;
			files = (
				2ACE4012D5344BA68AE83CA9 /* libz.tbd in Frameworks */,
				231F4F0DB0FA37B4C0BB04B0 /* libPods-hedvig.a in Frameworks */,
			);
			runOnlyForDeploymentPostprocessing = 0;
		};
/* End PBXFrameworksBuildPhase section */

/* Begin PBXGroup section */
		1A42804E64B7E9E0AB8B6799 /* Frameworks */ = {
			isa = PBXGroup;
			children = (
				EBC15BDB2126C0D700D0E296 /* libRNFirebase.a */,
				1E11984458714DEDB8081244 /* libz.tbd */,
				C8CF509FE5A31209D36FE61B /* libPods-hedvig.a */,
			);
			name = Frameworks;
			sourceTree = "<group>";
		};
		22BE85EFBA2F70EA99DAE0CA /* Pods */ = {
			isa = PBXGroup;
			children = (
				ABC3DF484F2DAA91A9A81943 /* Pods-hedvig.debug.xcconfig */,
				14DAAD861ADCC674F81A246E /* Pods-hedvig.release.xcconfig */,
				08E5427420879B64DB0FAC97 /* Pods-hedvig.staging.xcconfig */,
				2EE5FB9DB54A633C563A341F /* Pods-hedvig.release - staging.xcconfig */,
				40A4E138DA01BAEEA68F884C /* Pods-hedvig.debug - dev.xcconfig */,
				2DCF4132F2BAB8D3F906C415 /* Pods-hedvig.debug - staging.xcconfig */,
				BA6B49A7D50CBF7527166E28 /* Pods-hedvig.release - dev.xcconfig */,
				7CDE8491802332E881E48B7F /* Pods-hedvig.debug - production.xcconfig */,
				FE838C28F7895ED6D2053AD7 /* Pods-hedvig.debug - development.xcconfig */,
				D5671F6FBF53920F1E91F718 /* Pods-hedvig.release - production.xcconfig */,
				EE9E45FE503F4AA1B6290424 /* Pods-hedvig.release - development.xcconfig */,
			);
			name = Pods;
			sourceTree = "<group>";
		};
		B56386381DB9693800A0598C = {
			isa = PBXGroup;
			children = (
				B56386431DB9693800A0598C /* hedvig */,
				B56386421DB9693800A0598C /* Products */,
				1A42804E64B7E9E0AB8B6799 /* Frameworks */,
				CBDC454088964670A468ACDB /* Resources */,
				22BE85EFBA2F70EA99DAE0CA /* Pods */,
			);
			sourceTree = "<group>";
		};
		B56386421DB9693800A0598C /* Products */ = {
			isa = PBXGroup;
			children = (
				B56386411DB9693800A0598C /* Hedvig Dev.app */,
			);
			name = Products;
			sourceTree = "<group>";
		};
		B56386431DB9693800A0598C /* hedvig */ = {
			isa = PBXGroup;
			children = (
				EB3A235921A59FB3007F52B6 /* ugglan */,
				EB3A235621A57EE5007F52B6 /* Test.swift */,
				EB3A235521A57EE4007F52B6 /* hedvig-Bridging-Header.h */,
				559CCAEF2121B3530080C272 /* debug.xcconfig */,
				559CCAD6211F1AC10080C272 /* hedvig.entitlements */,
				55A1D9EC211DB2FA00547027 /* GoogleService-Info.plist */,
				B56386481DB9693800A0598C /* AppDelegate.swift */,
				B56386501DB9693800A0598C /* Assets.xcassets */,
				B563865B1DB96A5E00A0598C /* Supporting */,
				559CCAF12121B42C0080C272 /* staging.xcconfig */,
				559CCAF22121B4620080C272 /* release.xcconfig */,
			);
			path = hedvig;
			sourceTree = "<group>";
		};
		B563865B1DB96A5E00A0598C /* Supporting */ = {
			isa = PBXGroup;
			children = (
				B5693E8D1FABD16A00307FA4 /* LaunchScreen.xib */,
				B563865C1DB96A5E00A0598C /* Info.plist */,
			);
			path = Supporting;
			sourceTree = "<group>";
		};
		CBDC454088964670A468ACDB /* Resources */ = {
			isa = PBXGroup;
			children = (
				4CB76B2DDD2F4C42A9C41DF6 /* CircularStd-Bold.ttf */,
				7B57D15156864FA4B906A3EC /* CircularStd-Book.ttf */,
				D398F87383C7495A9938B698 /* Merriweather-Light.ttf */,
				446808BB14A544DA8419781D /* SoRay-ExtraBold.ttf */,
			);
			name = Resources;
			sourceTree = "<group>";
		};
		EB3A235921A59FB3007F52B6 /* ugglan */ = {
			isa = PBXGroup;
			children = (
				EB3A235A21A59FB3007F52B6 /* .swiftlint.yml */,
				EB3A235B21A59FB3007F52B6 /* Hedvig.xcodeproj */,
				EB3A235E21A59FB3007F52B6 /* Hedvig */,
				EB3A23A021A59FB3007F52B6 /* .swiftlint */,
				EB3A23A121A59FB3007F52B6 /* Hedvig.xcworkspace */,
				EB3A23A221A59FB3007F52B6 /* .gitignore */,
				EB3A23A321A59FB3007F52B6 /* Podfile */,
				EB3A23A421A59FB3007F52B6 /* HedvigTests */,
				EB3A23AB21A59FB3007F52B6 /* Podfile.lock */,
			);
			path = ugglan;
			sourceTree = "<group>";
		};
		EB3A235C21A59FB3007F52B6 /* Products */ = {
			isa = PBXGroup;
			children = (
				EB3A23AF21A59FB3007F52B6 /* Hedvig.app */,
				EB3A23B121A59FB3007F52B6 /* HedvigTests.xctest */,
			);
			name = Products;
			sourceTree = "<group>";
		};
		EB3A235E21A59FB3007F52B6 /* Hedvig */ = {
			isa = PBXGroup;
			children = (
				EB3A235F21A59FB3007F52B6 /* UI */,
				EB3A237921A59FB3007F52B6 /* Navigation */,
				EB3A237B21A59FB3007F52B6 /* Dependencies */,
				EB3A237D21A59FB3007F52B6 /* State */,
				EB3A238121A59FB3007F52B6 /* LaunchScreen.storyboard */,
				EB3A238321A59FB3007F52B6 /* Actions */,
				EB3A238821A59FB3007F52B6 /* AppDelegate.swift */,
				EB3A238921A59FB3007F52B6 /* Data */,
				EB3A239421A59FB3007F52B6 /* Assets */,
				EB3A239F21A59FB3007F52B6 /* Info.plist */,
			);
			path = Hedvig;
			sourceTree = "<group>";
		};
		EB3A235F21A59FB3007F52B6 /* UI */ = {
			isa = PBXGroup;
			children = (
				EB3A236021A59FB3007F52B6 /* MarketingScreen */,
				EB3A236521A59FB3007F52B6 /* Generic */,
				EB3A236821A59FB3007F52B6 /* ChatScreen */,
			);
			path = UI;
			sourceTree = "<group>";
		};
		EB3A236021A59FB3007F52B6 /* MarketingScreen */ = {
			isa = PBXGroup;
			children = (
				EB3A236121A59FB3007F52B6 /* MarketingView.swift */,
				EB3A236221A59FB3007F52B6 /* Subviews */,
				EB3A236421A59FB3007F52B6 /* MarketingViewController.swift */,
			);
			path = MarketingScreen;
			sourceTree = "<group>";
		};
		EB3A236221A59FB3007F52B6 /* Subviews */ = {
			isa = PBXGroup;
			children = (
				EB3A236321A59FB3007F52B6 /* OpenChatButton.swift */,
			);
			path = Subviews;
			sourceTree = "<group>";
		};
		EB3A236521A59FB3007F52B6 /* Generic */ = {
			isa = PBXGroup;
			children = (
				EB3A236621A59FB3007F52B6 /* CopyableLabel.swift */,
				EB3A236721A59FB3007F52B6 /* UIView+RadiusMask.swift */,
			);
			path = Generic;
			sourceTree = "<group>";
		};
		EB3A236821A59FB3007F52B6 /* ChatScreen */ = {
			isa = PBXGroup;
			children = (
				EB3A236921A59FB3007F52B6 /* ChatViewController.swift */,
				EB3A236A21A59FB3007F52B6 /* Subviews */,
				EB3A237821A59FB3007F52B6 /* ChatView.swift */,
			);
			path = ChatScreen;
			sourceTree = "<group>";
		};
		EB3A236A21A59FB3007F52B6 /* Subviews */ = {
			isa = PBXGroup;
			children = (
				EB3A236B21A59FB3007F52B6 /* Message */,
				EB3A236E21A59FB3007F52B6 /* ListView */,
				EB3A237021A59FB3007F52B6 /* InputField */,
			);
			path = Subviews;
			sourceTree = "<group>";
		};
		EB3A236B21A59FB3007F52B6 /* Message */ = {
			isa = PBXGroup;
			children = (
				EB3A236C21A59FB3007F52B6 /* SendingIndicator.swift */,
				EB3A236D21A59FB3007F52B6 /* MessageView.swift */,
			);
			path = Message;
			sourceTree = "<group>";
		};
		EB3A236E21A59FB3007F52B6 /* ListView */ = {
			isa = PBXGroup;
			children = (
				EB3A236F21A59FB3007F52B6 /* ListView.swift */,
			);
			path = ListView;
			sourceTree = "<group>";
		};
		EB3A237021A59FB3007F52B6 /* InputField */ = {
			isa = PBXGroup;
			children = (
				EB3A237121A59FB3007F52B6 /* SendButton.swift */,
				EB3A237221A59FB3007F52B6 /* SelectCollection */,
				EB3A237621A59FB3007F52B6 /* SafeAreaContainer.swift */,
				EB3A237721A59FB3007F52B6 /* InputFieldView.swift */,
			);
			path = InputField;
			sourceTree = "<group>";
		};
		EB3A237221A59FB3007F52B6 /* SelectCollection */ = {
			isa = PBXGroup;
			children = (
				EB3A237321A59FB3007F52B6 /* SelectButton.swift */,
				EB3A237421A59FB3007F52B6 /* SelectCollectionView.swift */,
				EB3A237521A59FB3007F52B6 /* SelectCollectionViewCell.swift */,
			);
			path = SelectCollection;
			sourceTree = "<group>";
		};
		EB3A237921A59FB3007F52B6 /* Navigation */ = {
			isa = PBXGroup;
			children = (
				EB3A237A21A59FB3007F52B6 /* AppNavigation.swift */,
			);
			path = Navigation;
			sourceTree = "<group>";
		};
		EB3A237B21A59FB3007F52B6 /* Dependencies */ = {
			isa = PBXGroup;
			children = (
				EB3A237C21A59FB3007F52B6 /* DependenciesContainer.swift */,
			);
			path = Dependencies;
			sourceTree = "<group>";
		};
		EB3A237D21A59FB3007F52B6 /* State */ = {
			isa = PBXGroup;
			children = (
				EB3A237E21A59FB3007F52B6 /* AppState.swift */,
				EB3A237F21A59FB3007F52B6 /* Message.swift */,
				EB3A238021A59FB3007F52B6 /* AuthorizationToken.swift */,
			);
			path = State;
			sourceTree = "<group>";
		};
		EB3A238321A59FB3007F52B6 /* Actions */ = {
			isa = PBXGroup;
			children = (
				EB3A238421A59FB3007F52B6 /* SetMessages.swift */,
				EB3A238521A59FB3007F52B6 /* SendMessage.swift */,
				EB3A238621A59FB3007F52B6 /* AppActions.swift */,
				EB3A238721A59FB3007F52B6 /* InsertMessage.swift */,
			);
			path = Actions;
			sourceTree = "<group>";
		};
		EB3A238921A59FB3007F52B6 /* Data */ = {
			isa = PBXGroup;
			children = (
				EB3A238A21A59FB3007F52B6 /* GraphQL */,
				EB3A239121A59FB3007F52B6 /* schema.json */,
				EB3A239221A59FB3007F52B6 /* API.swift */,
				EB3A239321A59FB3007F52B6 /* ApolloClient.swift */,
			);
			path = Data;
			sourceTree = "<group>";
		};
		EB3A238A21A59FB3007F52B6 /* GraphQL */ = {
			isa = PBXGroup;
			children = (
				EB3A238B21A59FB3007F52B6 /* Messages.graphql */,
				EB3A238C21A59FB3007F52B6 /* SendChatTextResponse.graphql */,
				EB3A238D21A59FB3007F52B6 /* CurrentChatResponseSubscription.graphql */,
				EB3A238E21A59FB3007F52B6 /* CreateSession.graphql */,
				EB3A238F21A59FB3007F52B6 /* MessageSubscription.graphql */,
				EB3A239021A59FB3007F52B6 /* SendChatSingleSelectResponse.graphql */,
			);
			path = GraphQL;
			sourceTree = "<group>";
		};
		EB3A239421A59FB3007F52B6 /* Assets */ = {
			isa = PBXGroup;
			children = (
				EB3A239521A59FB3007F52B6 /* Assets.xcassets */,
				EB3A239621A59FB3007F52B6 /* HedvigColors.swift */,
				EB3A239721A59FB3007F52B6 /* Icons */,
				EB3A239921A59FB3007F52B6 /* Fonts */,
			);
			path = Assets;
			sourceTree = "<group>";
		};
		EB3A239721A59FB3007F52B6 /* Icons */ = {
			isa = PBXGroup;
			children = (
				EB3A239821A59FB3007F52B6 /* Icon.swift */,
			);
			path = Icons;
			sourceTree = "<group>";
		};
		EB3A239921A59FB3007F52B6 /* Fonts */ = {
			isa = PBXGroup;
			children = (
				EB3A239A21A59FB3007F52B6 /* Merriweather-Light.ttf */,
				EB3A239B21A59FB3007F52B6 /* SoRay-ExtraBold.ttf */,
				EB3A239C21A59FB3007F52B6 /* HedvigFonts.swift */,
				EB3A239D21A59FB3007F52B6 /* CircularStd-Book.ttf */,
				EB3A239E21A59FB3007F52B6 /* CircularStd-Bold.ttf */,
			);
			path = Fonts;
			sourceTree = "<group>";
		};
		EB3A23A421A59FB3007F52B6 /* HedvigTests */ = {
			isa = PBXGroup;
			children = (
				EB3A23A521A59FB3007F52B6 /* ChatViewTest.swift */,
				EB3A23A621A59FB3007F52B6 /* Snapshots */,
				EB3A23AA21A59FB3007F52B6 /* Info.plist */,
			);
			path = HedvigTests;
			sourceTree = "<group>";
		};
		EB3A23A621A59FB3007F52B6 /* Snapshots */ = {
			isa = PBXGroup;
			children = (
				EB3A23A721A59FB3007F52B6 /* en */,
			);
			path = Snapshots;
			sourceTree = "<group>";
		};
		EB3A23A721A59FB3007F52B6 /* en */ = {
			isa = PBXGroup;
			children = (
				EB3A23A821A59FB3007F52B6 /* 375.0x812.0 */,
			);
			path = en;
			sourceTree = "<group>";
		};
		EB3A23A821A59FB3007F52B6 /* 375.0x812.0 */ = {
			isa = PBXGroup;
			children = (
				EB3A23A921A59FB3007F52B6 /* chatView001 (375.0, 812.0)@3x.png */,
			);
			path = 375.0x812.0;
			sourceTree = "<group>";
		};
/* End PBXGroup section */

/* Begin PBXNativeTarget section */
		B56386401DB9693800A0598C /* hedvig */ = {
			isa = PBXNativeTarget;
			buildConfigurationList = B56386581DB9693800A0598C /* Build configuration list for PBXNativeTarget "hedvig" */;
			buildPhases = (
				44BDFBEAACB7B256479661F4 /* [CP] Check Pods Manifest.lock */,
				B563863D1DB9693800A0598C /* Sources */,
				B563863E1DB9693800A0598C /* Frameworks */,
				EBC15BE5212850D700D0E296 /* Bundle React Native code and images */,
				B563863F1DB9693800A0598C /* Resources */,
				1692B8F87AFA418B9266FEBB /* Upload Debug Symbols to Sentry */,
				F46DC145B1EB001E5A3693E7 /* [CP] Copy Pods Resources */,
			);
			buildRules = (
			);
			dependencies = (
			);
			name = hedvig;
			productName = hedvig;
			productReference = B56386411DB9693800A0598C /* Hedvig Dev.app */;
			productType = "com.apple.product-type.application";
		};
/* End PBXNativeTarget section */

/* Begin PBXProject section */
		B56386391DB9693800A0598C /* Project object */ = {
			isa = PBXProject;
			attributes = {
				LastUpgradeCheck = 900;
				ORGANIZATIONNAME = "Hedvig AB";
				TargetAttributes = {
					B56386401DB9693800A0598C = {
						CreatedOnToolsVersion = 8.0;
						DevelopmentTeam = AW656G5PFM;
						LastSwiftMigration = 1010;
						ProvisioningStyle = Manual;
						SystemCapabilities = {
							com.apple.BackgroundModes = {
								enabled = 1;
							};
							com.apple.Push = {
								enabled = 1;
							};
							com.apple.SafariKeychain = {
								enabled = 1;
							};
							com.apple.iCloud = {
								enabled = 1;
							};
						};
					};
				};
			};
			buildConfigurationList = B563863C1DB9693800A0598C /* Build configuration list for PBXProject "hedvig" */;
			compatibilityVersion = "Xcode 3.2";
			developmentRegion = English;
			hasScannedForEncodings = 0;
			knownRegions = (
				en,
				Base,
			);
			mainGroup = B56386381DB9693800A0598C;
			productRefGroup = B56386421DB9693800A0598C /* Products */;
			projectDirPath = "";
			projectReferences = (
				{
					ProductGroup = EB3A235C21A59FB3007F52B6 /* Products */;
					ProjectRef = EB3A235B21A59FB3007F52B6 /* Hedvig.xcodeproj */;
				},
			);
			projectRoot = "";
			targets = (
				B56386401DB9693800A0598C /* hedvig */,
			);
		};
/* End PBXProject section */

/* Begin PBXReferenceProxy section */
		EB3A23AF21A59FB3007F52B6 /* Hedvig.app */ = {
			isa = PBXReferenceProxy;
			fileType = wrapper.application;
			path = Hedvig.app;
			remoteRef = EB3A23AE21A59FB3007F52B6 /* PBXContainerItemProxy */;
			sourceTree = BUILT_PRODUCTS_DIR;
		};
		EB3A23B121A59FB3007F52B6 /* HedvigTests.xctest */ = {
			isa = PBXReferenceProxy;
			fileType = wrapper.cfbundle;
			path = HedvigTests.xctest;
			remoteRef = EB3A23B021A59FB3007F52B6 /* PBXContainerItemProxy */;
			sourceTree = BUILT_PRODUCTS_DIR;
		};
/* End PBXReferenceProxy section */

/* Begin PBXResourcesBuildPhase section */
		B563863F1DB9693800A0598C /* Resources */ = {
			isa = PBXResourcesBuildPhase;
			buildActionMask = 2147483647;
			files = (
				55A1D9ED211DB2FA00547027 /* GoogleService-Info.plist in Resources */,
				B5693E8E1FABD16A00307FA4 /* LaunchScreen.xib in Resources */,
				B56386511DB9693800A0598C /* Assets.xcassets in Resources */,
				544ED67F4B9649438F02FDD3 /* CircularStd-Bold.ttf in Resources */,
				BBAFAB7DAC15463DAA2348E5 /* CircularStd-Book.ttf in Resources */,
				AC5BB2AB4E954E429F91AB9E /* Merriweather-Light.ttf in Resources */,
				559CCAF02121B3530080C272 /* debug.xcconfig in Resources */,
				64ADFEB80E9B4CE188FF5E21 /* SoRay-ExtraBold.ttf in Resources */,
			);
			runOnlyForDeploymentPostprocessing = 0;
		};
/* End PBXResourcesBuildPhase section */

/* Begin PBXShellScriptBuildPhase section */
		1692B8F87AFA418B9266FEBB /* Upload Debug Symbols to Sentry */ = {
			isa = PBXShellScriptBuildPhase;
			buildActionMask = 2147483647;
			files = (
			);
			inputPaths = (
			);
			name = "Upload Debug Symbols to Sentry";
			outputPaths = (
			);
			runOnlyForDeploymentPostprocessing = 0;
			shellPath = /bin/sh;
			shellScript = "../node_modules/@sentry/cli/bin/sentry-cli upload-dsym\n";
		};
		44BDFBEAACB7B256479661F4 /* [CP] Check Pods Manifest.lock */ = {
			isa = PBXShellScriptBuildPhase;
			buildActionMask = 2147483647;
			files = (
			);
			inputPaths = (
				"${PODS_PODFILE_DIR_PATH}/Podfile.lock",
				"${PODS_ROOT}/Manifest.lock",
			);
			name = "[CP] Check Pods Manifest.lock";
			outputPaths = (
				"$(DERIVED_FILE_DIR)/Pods-hedvig-checkManifestLockResult.txt",
			);
			runOnlyForDeploymentPostprocessing = 0;
			shellPath = /bin/sh;
			shellScript = "diff \"${PODS_PODFILE_DIR_PATH}/Podfile.lock\" \"${PODS_ROOT}/Manifest.lock\" > /dev/null\nif [ $? != 0 ] ; then\n    # print error to STDERR\n    echo \"error: The sandbox is not in sync with the Podfile.lock. Run 'pod install' or update your CocoaPods installation.\" >&2\n    exit 1\nfi\n# This output is used by Xcode 'outputs' to avoid re-running this script phase.\necho \"SUCCESS\" > \"${SCRIPT_OUTPUT_FILE_0}\"\n";
			showEnvVarsInLog = 0;
		};
		EBC15BE5212850D700D0E296 /* Bundle React Native code and images */ = {
			isa = PBXShellScriptBuildPhase;
			buildActionMask = 2147483647;
			files = (
			);
			inputPaths = (
			);
			name = "Bundle React Native code and images";
			outputPaths = (
			);
			runOnlyForDeploymentPostprocessing = 0;
			shellPath = /bin/sh;
			shellScript = "export DEVELOPMENT_BUILD_CONFIGURATIONS=\"+(Debug - Development|Debug- Staging|Debug - Production|Debug)\"\nexport NODE_BINARY=node\n$NODE_BINARY ../node_modules/@sentry/cli/bin/sentry-cli react-native xcode ../node_modules/react-native-schemes-manager/lib/react-native-xcode.sh";
		};
		F46DC145B1EB001E5A3693E7 /* [CP] Copy Pods Resources */ = {
			isa = PBXShellScriptBuildPhase;
			buildActionMask = 2147483647;
			files = (
			);
			inputPaths = (
				"${SRCROOT}/Pods/Target Support Files/Pods-hedvig/Pods-hedvig-resources.sh",
				"${PODS_ROOT}/Apollo/scripts/check-and-run-apollo-cli.sh",
				"${PODS_ROOT}/Apollo/scripts/check-and-run-apollo-codegen.sh",
			);
			name = "[CP] Copy Pods Resources";
			outputPaths = (
				"${TARGET_BUILD_DIR}/${UNLOCALIZED_RESOURCES_FOLDER_PATH}/check-and-run-apollo-cli.sh",
				"${TARGET_BUILD_DIR}/${UNLOCALIZED_RESOURCES_FOLDER_PATH}/check-and-run-apollo-codegen.sh",
			);
			runOnlyForDeploymentPostprocessing = 0;
			shellPath = /bin/sh;
			shellScript = "\"${SRCROOT}/Pods/Target Support Files/Pods-hedvig/Pods-hedvig-resources.sh\"\n";
			showEnvVarsInLog = 0;
		};
/* End PBXShellScriptBuildPhase section */

/* Begin PBXSourcesBuildPhase section */
		B563863D1DB9693800A0598C /* Sources */ = {
			isa = PBXSourcesBuildPhase;
			buildActionMask = 2147483647;
			files = (
				EB3A23B221A59FCE007F52B6 /* HedvigColors.swift in Sources */,
				B56386491DB9693800A0598C /* AppDelegate.swift in Sources */,
				EB3A235721A57EE5007F52B6 /* Test.swift in Sources */,
			);
			runOnlyForDeploymentPostprocessing = 0;
		};
/* End PBXSourcesBuildPhase section */

/* Begin PBXVariantGroup section */
		EB3A238121A59FB3007F52B6 /* LaunchScreen.storyboard */ = {
			isa = PBXVariantGroup;
			children = (
				EB3A238221A59FB3007F52B6 /* Base */,
			);
			name = LaunchScreen.storyboard;
			sourceTree = "<group>";
		};
/* End PBXVariantGroup section */

/* Begin XCBuildConfiguration section */
		B56386561DB9693800A0598C /* Debug - Production */ = {
			isa = XCBuildConfiguration;
			baseConfigurationReference = 559CCAEF2121B3530080C272 /* debug.xcconfig */;
			buildSettings = {
				ALWAYS_SEARCH_USER_PATHS = NO;
				ASSETCATALOG_COMPILER_APPICON_NAME = "AppIcon.$(BUNDLE_IDENTIFIER)";
				CLANG_ANALYZER_NONNULL = YES;
				CLANG_CXX_LANGUAGE_STANDARD = "gnu++0x";
				CLANG_CXX_LIBRARY = "libc++";
				CLANG_ENABLE_MODULES = YES;
				CLANG_ENABLE_OBJC_ARC = YES;
				CLANG_WARN_BLOCK_CAPTURE_AUTORELEASING = YES;
				CLANG_WARN_BOOL_CONVERSION = YES;
				CLANG_WARN_COMMA = YES;
				CLANG_WARN_CONSTANT_CONVERSION = YES;
				CLANG_WARN_DIRECT_OBJC_ISA_USAGE = YES_ERROR;
				CLANG_WARN_DOCUMENTATION_COMMENTS = YES;
				CLANG_WARN_EMPTY_BODY = YES;
				CLANG_WARN_ENUM_CONVERSION = YES;
				CLANG_WARN_INFINITE_RECURSION = YES;
				CLANG_WARN_INT_CONVERSION = YES;
				CLANG_WARN_NON_LITERAL_NULL_CONVERSION = YES;
				CLANG_WARN_OBJC_LITERAL_CONVERSION = YES;
				CLANG_WARN_OBJC_ROOT_CLASS = YES_ERROR;
				CLANG_WARN_RANGE_LOOP_ANALYSIS = YES;
				CLANG_WARN_STRICT_PROTOTYPES = YES;
				CLANG_WARN_SUSPICIOUS_MOVE = YES;
				CLANG_WARN_SUSPICIOUS_MOVES = YES;
				CLANG_WARN_UNREACHABLE_CODE = YES;
				CLANG_WARN__DUPLICATE_METHOD_MATCH = YES;
				CODE_SIGN_ENTITLEMENTS = hedvig/hedvig.entitlements;
				"CODE_SIGN_IDENTITY[sdk=iphoneos*]" = "iPhone Developer";
				COPY_PHASE_STRIP = NO;
				DEBUG_INFORMATION_FORMAT = dwarf;
				ENABLE_STRICT_OBJC_MSGSEND = YES;
				ENABLE_TESTABILITY = YES;
				GCC_C_LANGUAGE_STANDARD = gnu99;
				GCC_DYNAMIC_NO_PIC = NO;
				GCC_NO_COMMON_BLOCKS = YES;
				GCC_OPTIMIZATION_LEVEL = 0;
				GCC_PREPROCESSOR_DEFINITIONS = (
					"DEBUG=1",
					"$(inherited)",
				);
				GCC_WARN_64_TO_32_BIT_CONVERSION = YES;
				GCC_WARN_ABOUT_RETURN_TYPE = YES_ERROR;
				GCC_WARN_UNDECLARED_SELECTOR = YES;
				GCC_WARN_UNINITIALIZED_AUTOS = YES_AGGRESSIVE;
				GCC_WARN_UNUSED_FUNCTION = YES;
				GCC_WARN_UNUSED_VARIABLE = YES;
				IPHONEOS_DEPLOYMENT_TARGET = 9.0;
				MTL_ENABLE_DEBUG_INFO = YES;
				ONLY_ACTIVE_ARCH = YES;
				SDKROOT = iphoneos;
			};
			name = "Debug - Production";
		};
		B56386571DB9693800A0598C /* Release - Production */ = {
			isa = XCBuildConfiguration;
			baseConfigurationReference = 559CCAF22121B4620080C272 /* release.xcconfig */;
			buildSettings = {
				ALWAYS_SEARCH_USER_PATHS = NO;
				ASSETCATALOG_COMPILER_APPICON_NAME = "AppIcon.$(BUNDLE_IDENTIFIER)";
				CLANG_ANALYZER_NONNULL = YES;
				CLANG_CXX_LANGUAGE_STANDARD = "gnu++0x";
				CLANG_CXX_LIBRARY = "libc++";
				CLANG_ENABLE_MODULES = YES;
				CLANG_ENABLE_OBJC_ARC = YES;
				CLANG_WARN_BLOCK_CAPTURE_AUTORELEASING = YES;
				CLANG_WARN_BOOL_CONVERSION = YES;
				CLANG_WARN_COMMA = YES;
				CLANG_WARN_CONSTANT_CONVERSION = YES;
				CLANG_WARN_DIRECT_OBJC_ISA_USAGE = YES_ERROR;
				CLANG_WARN_DOCUMENTATION_COMMENTS = YES;
				CLANG_WARN_EMPTY_BODY = YES;
				CLANG_WARN_ENUM_CONVERSION = YES;
				CLANG_WARN_INFINITE_RECURSION = YES;
				CLANG_WARN_INT_CONVERSION = YES;
				CLANG_WARN_NON_LITERAL_NULL_CONVERSION = YES;
				CLANG_WARN_OBJC_LITERAL_CONVERSION = YES;
				CLANG_WARN_OBJC_ROOT_CLASS = YES_ERROR;
				CLANG_WARN_RANGE_LOOP_ANALYSIS = YES;
				CLANG_WARN_STRICT_PROTOTYPES = YES;
				CLANG_WARN_SUSPICIOUS_MOVE = YES;
				CLANG_WARN_SUSPICIOUS_MOVES = YES;
				CLANG_WARN_UNREACHABLE_CODE = YES;
				CLANG_WARN__DUPLICATE_METHOD_MATCH = YES;
				CODE_SIGN_ENTITLEMENTS = hedvig/hedvig.entitlements;
				"CODE_SIGN_IDENTITY[sdk=iphoneos*]" = "iPhone Developer";
				COPY_PHASE_STRIP = NO;
				DEBUG_INFORMATION_FORMAT = "dwarf-with-dsym";
				ENABLE_NS_ASSERTIONS = NO;
				ENABLE_STRICT_OBJC_MSGSEND = YES;
				GCC_C_LANGUAGE_STANDARD = gnu99;
				GCC_NO_COMMON_BLOCKS = YES;
				GCC_WARN_64_TO_32_BIT_CONVERSION = YES;
				GCC_WARN_ABOUT_RETURN_TYPE = YES_ERROR;
				GCC_WARN_UNDECLARED_SELECTOR = YES;
				GCC_WARN_UNINITIALIZED_AUTOS = YES_AGGRESSIVE;
				GCC_WARN_UNUSED_FUNCTION = YES;
				GCC_WARN_UNUSED_VARIABLE = YES;
				IPHONEOS_DEPLOYMENT_TARGET = 9.0;
				MTL_ENABLE_DEBUG_INFO = NO;
				SDKROOT = iphoneos;
				VALIDATE_PRODUCT = YES;
			};
			name = "Release - Production";
		};
		B56386591DB9693800A0598C /* Debug - Production */ = {
			isa = XCBuildConfiguration;
			baseConfigurationReference = 7CDE8491802332E881E48B7F /* Pods-hedvig.debug - production.xcconfig */;
			buildSettings = {
				ASSETCATALOG_COMPILER_APPICON_NAME = AppIcon.com.hedvig.app;
				BRANCH_KEY = "$(BRANCH_KEY)";
				BUNDLE_IDENTIFIER = com.hedvig.app;
				CLANG_ENABLE_MODULES = YES;
				CODE_PUSH_DEPLOYMENT_KEY = "$(CODE_PUSH_DEPLOYMENT_KEY)";
				CODE_SIGN_ENTITLEMENTS = hedvig/hedvig.entitlements;
				CODE_SIGN_IDENTITY = "iPhone Developer";
				CODE_SIGN_STYLE = Manual;
				DEBUG_INFORMATION_FORMAT = "dwarf-with-dsym";
				DEVELOPMENT_TEAM = AW656G5PFM;
				FACEBOOK_APP_ID = "$(FACEBOOK_APP_ID)";
				HEADER_SEARCH_PATHS = (
					"$(inherited)",
					"${PODS_ROOT}/Firebase/CoreOnly/Sources",
					"\"${PODS_ROOT}/Headers/Public\"",
					"\"${PODS_ROOT}/Headers/Public/Analytics\"",
					"\"${PODS_ROOT}/Headers/Public/Base64\"",
					"\"${PODS_ROOT}/Headers/Public/Bolts\"",
					"\"${PODS_ROOT}/Headers/Public/Branch-SDK\"",
					"\"${PODS_ROOT}/Headers/Public/CodePush\"",
					"\"${PODS_ROOT}/Headers/Public/DoubleConversion\"",
					"\"${PODS_ROOT}/Headers/Public/FBSDKCoreKit\"",
					"\"${PODS_ROOT}/Headers/Public/Firebase\"",
					"\"${PODS_ROOT}/Headers/Public/FirebaseAnalytics\"",
					"\"${PODS_ROOT}/Headers/Public/FirebaseCore\"",
					"\"${PODS_ROOT}/Headers/Public/FirebaseInstanceID\"",
					"\"${PODS_ROOT}/Headers/Public/FirebaseMessaging\"",
					"\"${PODS_ROOT}/Headers/Public/GoogleUtilities\"",
					"\"${PODS_ROOT}/Headers/Public/JWT\"",
					"\"${PODS_ROOT}/Headers/Public/KSCrash\"",
					"\"${PODS_ROOT}/Headers/Public/Protobuf\"",
					"\"${PODS_ROOT}/Headers/Public/RNAudio\"",
					"\"${PODS_ROOT}/Headers/Public/RNSound\"",
					"\"${PODS_ROOT}/Headers/Public/React\"",
					"\"${PODS_ROOT}/Headers/Public/ReactNativePermissions\"",
					"\"${PODS_ROOT}/Headers/Public/SSZipArchive\"",
					"\"${PODS_ROOT}/Headers/Public/Segment-Facebook-App-Events\"",
					"\"${PODS_ROOT}/Headers/Public/Sentry\"",
					"\"${PODS_ROOT}/Headers/Public/SentryReactNative\"",
					"\"${PODS_ROOT}/Headers/Public/glog\"",
					"\"${PODS_ROOT}/Headers/Public/lottie-ios\"",
					"\"${PODS_ROOT}/Headers/Public/lottie-react-native\"",
					"\"${PODS_ROOT}/Headers/Public/nanopb\"",
					"\"${PODS_ROOT}/Headers/Public/react-native-branch\"",
					"\"${PODS_ROOT}/Headers/Public/react-native-config\"",
					"\"${PODS_ROOT}/Headers/Public/rn-fetch-blob\"",
					"\"${PODS_ROOT}/Headers/Public/yoga\"",
					"$(SRCROOT)/../node_modules/react-native-firebase/ios/RNFirebase/**",
				);
				INFOPLIST_FILE = hedvig/Supporting/Info.plist;
				INFOPLIST_OTHER_PREPROCESSOR_FLAGS = "-traditional";
				INFOPLIST_PREFIX_HEADER = "${BUILD_DIR}/GeneratedInfoPlistDotEnv.h";
				INFOPLIST_PREPROCESS = YES;
				LD_RUNPATH_SEARCH_PATHS = "$(inherited) @executable_path/Frameworks";
				LIBRARY_SEARCH_PATHS = (
					"$(inherited)",
					"\"$(SRCROOT)/$(TARGET_NAME)\"",
					"\"$(SRCROOT)/$(TARGET_NAME)\"",
					"\"$(SRCROOT)/$(TARGET_NAME)\"",
					"\"$(SRCROOT)/$(PRODUCT_NAME)\"",
				);
				OTHER_SWIFT_FLAGS = "$(inherited) -Xcc -fmodule-map-file=\"${PODS_CONFIGURATION_BUILD_DIR}/Apollo/Apollo.modulemap\" -Xcc -fmodule-map-file=\"${PODS_CONFIGURATION_BUILD_DIR}/Disk/Disk.modulemap\" -Xcc -fmodule-map-file=\"${PODS_CONFIGURATION_BUILD_DIR}/DynamicColor/DynamicColor.modulemap\" -Xcc -fmodule-map-file=\"${PODS_CONFIGURATION_BUILD_DIR}/FlowFramework/Flow.modulemap\" -Xcc -fmodule-map-file=\"${PODS_CONFIGURATION_BUILD_DIR}/Katana/Katana.modulemap\" -Xcc -fmodule-map-file=\"${PODS_CONFIGURATION_BUILD_DIR}/PinLayout/PinLayout.modulemap\" -Xcc -fmodule-map-file=\"${PODS_ROOT}/Headers/Public/SSZipArchive/SSZipArchive.modulemap\" -Xcc -fmodule-map-file=\"${PODS_CONFIGURATION_BUILD_DIR}/Starscream/Starscream.modulemap\" -Xcc -fmodule-map-file=\"${PODS_CONFIGURATION_BUILD_DIR}/Tempura/Tempura.modulemap\" $(inherited) \"-D\" \"COCOAPODS\" -D \"DEBUG\"";
				PRODUCT_BUNDLE_IDENTIFIER = com.hedvig.app;
				PRODUCT_NAME = "$(PRODUCT_NAME)";
				PROVISIONING_PROFILE = "ec3e0828-e3fc-4165-afbc-b60504392532";
				PROVISIONING_PROFILE_SPECIFIER = "Hedvig App Test";
				SWIFT_OBJC_BRIDGING_HEADER = "hedvig/hedvig-Bridging-Header.h";
				SWIFT_OPTIMIZATION_LEVEL = "-Onone";
				SWIFT_VERSION = 4.2;
				TARGETED_DEVICE_FAMILY = 1;
			};
			name = "Debug - Production";
		};
		B563865A1DB9693800A0598C /* Release - Production */ = {
			isa = XCBuildConfiguration;
			baseConfigurationReference = D5671F6FBF53920F1E91F718 /* Pods-hedvig.release - production.xcconfig */;
			buildSettings = {
				ASSETCATALOG_COMPILER_APPICON_NAME = AppIcon.com.hedvig.app;
				BRANCH_KEY = "$(BRANCH_KEY)";
				CLANG_ENABLE_MODULES = YES;
				CODE_PUSH_DEPLOYMENT_KEY = "$(CODE_PUSH_DEPLOYMENT_KEY)";
				CODE_SIGN_ENTITLEMENTS = hedvig/hedvig.entitlements;
				CODE_SIGN_IDENTITY = "iPhone Distribution";
				CODE_SIGN_STYLE = Manual;
				DEVELOPMENT_TEAM = AW656G5PFM;
				FACEBOOK_APP_ID = "$(FACEBOOK_APP_ID)";
				INFOPLIST_FILE = hedvig/Supporting/Info.plist;
				INFOPLIST_OTHER_PREPROCESSOR_FLAGS = "-traditional";
				INFOPLIST_PREFIX_HEADER = "${BUILD_DIR}/GeneratedInfoPlistDotEnv.h";
				INFOPLIST_PREPROCESS = YES;
				LD_RUNPATH_SEARCH_PATHS = "$(inherited) @executable_path/Frameworks";
				LIBRARY_SEARCH_PATHS = (
					"$(inherited)",
					"\"$(SRCROOT)/$(TARGET_NAME)\"",
					"\"$(SRCROOT)/$(TARGET_NAME)\"",
					"\"$(SRCROOT)/$(TARGET_NAME)\"",
					"\"$(SRCROOT)/$(PRODUCT_NAME)\"",
				);
				PRODUCT_BUNDLE_IDENTIFIER = com.hedvig.app;
				PRODUCT_NAME = "$(PRODUCT_NAME)";
				PROVISIONING_PROFILE = "ec3e0828-e3fc-4165-afbc-b60504392532";
				PROVISIONING_PROFILE_SPECIFIER = "com.hedvig.test.app AppStore";
				SWIFT_OBJC_BRIDGING_HEADER = "hedvig/hedvig-Bridging-Header.h";
				SWIFT_VERSION = 4.2;
				TARGETED_DEVICE_FAMILY = 1;
			};
			name = "Release - Production";
		};
		EB99BB7F2129E5D1003AD933 /* Debug - Staging */ = {
			isa = XCBuildConfiguration;
			baseConfigurationReference = 559CCAEF2121B3530080C272 /* debug.xcconfig */;
			buildSettings = {
				ALWAYS_SEARCH_USER_PATHS = NO;
				ASSETCATALOG_COMPILER_APPICON_NAME = "AppIcon.$(BUNDLE_IDENTIFIER)";
				CLANG_ANALYZER_NONNULL = YES;
				CLANG_CXX_LANGUAGE_STANDARD = "gnu++0x";
				CLANG_CXX_LIBRARY = "libc++";
				CLANG_ENABLE_MODULES = YES;
				CLANG_ENABLE_OBJC_ARC = YES;
				CLANG_WARN_BLOCK_CAPTURE_AUTORELEASING = YES;
				CLANG_WARN_BOOL_CONVERSION = YES;
				CLANG_WARN_COMMA = YES;
				CLANG_WARN_CONSTANT_CONVERSION = YES;
				CLANG_WARN_DIRECT_OBJC_ISA_USAGE = YES_ERROR;
				CLANG_WARN_DOCUMENTATION_COMMENTS = YES;
				CLANG_WARN_EMPTY_BODY = YES;
				CLANG_WARN_ENUM_CONVERSION = YES;
				CLANG_WARN_INFINITE_RECURSION = YES;
				CLANG_WARN_INT_CONVERSION = YES;
				CLANG_WARN_NON_LITERAL_NULL_CONVERSION = YES;
				CLANG_WARN_OBJC_LITERAL_CONVERSION = YES;
				CLANG_WARN_OBJC_ROOT_CLASS = YES_ERROR;
				CLANG_WARN_RANGE_LOOP_ANALYSIS = YES;
				CLANG_WARN_STRICT_PROTOTYPES = YES;
				CLANG_WARN_SUSPICIOUS_MOVE = YES;
				CLANG_WARN_SUSPICIOUS_MOVES = YES;
				CLANG_WARN_UNREACHABLE_CODE = YES;
				CLANG_WARN__DUPLICATE_METHOD_MATCH = YES;
				CODE_SIGN_ENTITLEMENTS = hedvig/hedvig.entitlements;
				"CODE_SIGN_IDENTITY[sdk=iphoneos*]" = "iPhone Developer";
				COPY_PHASE_STRIP = NO;
				DEBUG_INFORMATION_FORMAT = dwarf;
				ENABLE_STRICT_OBJC_MSGSEND = YES;
				ENABLE_TESTABILITY = YES;
				GCC_C_LANGUAGE_STANDARD = gnu99;
				GCC_DYNAMIC_NO_PIC = NO;
				GCC_NO_COMMON_BLOCKS = YES;
				GCC_OPTIMIZATION_LEVEL = 0;
				GCC_PREPROCESSOR_DEFINITIONS = (
					"DEBUG=1",
					"$(inherited)",
				);
				GCC_WARN_64_TO_32_BIT_CONVERSION = YES;
				GCC_WARN_ABOUT_RETURN_TYPE = YES_ERROR;
				GCC_WARN_UNDECLARED_SELECTOR = YES;
				GCC_WARN_UNINITIALIZED_AUTOS = YES_AGGRESSIVE;
				GCC_WARN_UNUSED_FUNCTION = YES;
				GCC_WARN_UNUSED_VARIABLE = YES;
				IPHONEOS_DEPLOYMENT_TARGET = 9.0;
				MTL_ENABLE_DEBUG_INFO = YES;
				ONLY_ACTIVE_ARCH = YES;
				SDKROOT = iphoneos;
			};
			name = "Debug - Staging";
		};
		EB99BB802129E5D1003AD933 /* Debug - Staging */ = {
			isa = XCBuildConfiguration;
			baseConfigurationReference = 2DCF4132F2BAB8D3F906C415 /* Pods-hedvig.debug - staging.xcconfig */;
			buildSettings = {
				ASSETCATALOG_COMPILER_APPICON_NAME = AppIcon.com.hedvig.test.app;
				BRANCH_KEY = "$(BRANCH_KEY)";
				BUNDLE_IDENTIFIER = com.hedvig.test.app;
				CLANG_ENABLE_MODULES = YES;
				CODE_PUSH_DEPLOYMENT_KEY = "$(CODE_PUSH_DEPLOYMENT_KEY)";
				CODE_SIGN_ENTITLEMENTS = hedvig/hedvig.entitlements;
				CODE_SIGN_IDENTITY = "iPhone Developer";
				CODE_SIGN_STYLE = Manual;
				DEBUG_INFORMATION_FORMAT = "dwarf-with-dsym";
				DEVELOPMENT_TEAM = AW656G5PFM;
				FACEBOOK_APP_ID = "$(FACEBOOK_APP_ID)";
				HEADER_SEARCH_PATHS = (
					"$(inherited)",
					"${PODS_ROOT}/Firebase/CoreOnly/Sources",
					"\"${PODS_ROOT}/Headers/Public\"",
					"\"${PODS_ROOT}/Headers/Public/Analytics\"",
					"\"${PODS_ROOT}/Headers/Public/Base64\"",
					"\"${PODS_ROOT}/Headers/Public/Bolts\"",
					"\"${PODS_ROOT}/Headers/Public/Branch-SDK\"",
					"\"${PODS_ROOT}/Headers/Public/CodePush\"",
					"\"${PODS_ROOT}/Headers/Public/DoubleConversion\"",
					"\"${PODS_ROOT}/Headers/Public/FBSDKCoreKit\"",
					"\"${PODS_ROOT}/Headers/Public/Firebase\"",
					"\"${PODS_ROOT}/Headers/Public/FirebaseAnalytics\"",
					"\"${PODS_ROOT}/Headers/Public/FirebaseCore\"",
					"\"${PODS_ROOT}/Headers/Public/FirebaseInstanceID\"",
					"\"${PODS_ROOT}/Headers/Public/FirebaseMessaging\"",
					"\"${PODS_ROOT}/Headers/Public/GoogleUtilities\"",
					"\"${PODS_ROOT}/Headers/Public/JWT\"",
					"\"${PODS_ROOT}/Headers/Public/KSCrash\"",
					"\"${PODS_ROOT}/Headers/Public/Protobuf\"",
					"\"${PODS_ROOT}/Headers/Public/RNAudio\"",
					"\"${PODS_ROOT}/Headers/Public/RNSound\"",
					"\"${PODS_ROOT}/Headers/Public/React\"",
					"\"${PODS_ROOT}/Headers/Public/ReactNativePermissions\"",
					"\"${PODS_ROOT}/Headers/Public/SSZipArchive\"",
					"\"${PODS_ROOT}/Headers/Public/Segment-Facebook-App-Events\"",
					"\"${PODS_ROOT}/Headers/Public/Sentry\"",
					"\"${PODS_ROOT}/Headers/Public/SentryReactNative\"",
					"\"${PODS_ROOT}/Headers/Public/glog\"",
					"\"${PODS_ROOT}/Headers/Public/lottie-ios\"",
					"\"${PODS_ROOT}/Headers/Public/lottie-react-native\"",
					"\"${PODS_ROOT}/Headers/Public/nanopb\"",
					"\"${PODS_ROOT}/Headers/Public/react-native-branch\"",
					"\"${PODS_ROOT}/Headers/Public/react-native-config\"",
					"\"${PODS_ROOT}/Headers/Public/rn-fetch-blob\"",
					"\"${PODS_ROOT}/Headers/Public/yoga\"",
					"$(SRCROOT)/../node_modules/react-native-firebase/ios/RNFirebase/**",
				);
				INFOPLIST_FILE = hedvig/Supporting/Info.plist;
				INFOPLIST_OTHER_PREPROCESSOR_FLAGS = "-traditional";
				INFOPLIST_PREFIX_HEADER = "${BUILD_DIR}/GeneratedInfoPlistDotEnv.h";
				INFOPLIST_PREPROCESS = YES;
				LD_RUNPATH_SEARCH_PATHS = "$(inherited) @executable_path/Frameworks";
				LIBRARY_SEARCH_PATHS = (
					"$(inherited)",
					"\"$(SRCROOT)/$(TARGET_NAME)\"",
					"\"$(SRCROOT)/$(TARGET_NAME)\"",
					"\"$(SRCROOT)/$(TARGET_NAME)\"",
					"\"$(SRCROOT)/$(PRODUCT_NAME)\"",
				);
				OTHER_SWIFT_FLAGS = "$(inherited) -Xcc -fmodule-map-file=\"${PODS_CONFIGURATION_BUILD_DIR}/Apollo/Apollo.modulemap\" -Xcc -fmodule-map-file=\"${PODS_CONFIGURATION_BUILD_DIR}/Disk/Disk.modulemap\" -Xcc -fmodule-map-file=\"${PODS_CONFIGURATION_BUILD_DIR}/DynamicColor/DynamicColor.modulemap\" -Xcc -fmodule-map-file=\"${PODS_CONFIGURATION_BUILD_DIR}/FlowFramework/Flow.modulemap\" -Xcc -fmodule-map-file=\"${PODS_CONFIGURATION_BUILD_DIR}/Katana/Katana.modulemap\" -Xcc -fmodule-map-file=\"${PODS_CONFIGURATION_BUILD_DIR}/PinLayout/PinLayout.modulemap\" -Xcc -fmodule-map-file=\"${PODS_ROOT}/Headers/Public/SSZipArchive/SSZipArchive.modulemap\" -Xcc -fmodule-map-file=\"${PODS_CONFIGURATION_BUILD_DIR}/Starscream/Starscream.modulemap\" -Xcc -fmodule-map-file=\"${PODS_CONFIGURATION_BUILD_DIR}/Tempura/Tempura.modulemap\" $(inherited) \"-D\" \"COCOAPODS\" -D \"DEBUG\"";
				PRODUCT_BUNDLE_IDENTIFIER = com.hedvig.test.app;
				PRODUCT_NAME = "$(PRODUCT_NAME)";
				PROVISIONING_PROFILE = "ec3e0828-e3fc-4165-afbc-b60504392532";
				PROVISIONING_PROFILE_SPECIFIER = "Hedvig App Test";
				SWIFT_OBJC_BRIDGING_HEADER = "hedvig/hedvig-Bridging-Header.h";
				SWIFT_OPTIMIZATION_LEVEL = "-Onone";
				SWIFT_VERSION = 4.2;
				TARGETED_DEVICE_FAMILY = 1;
			};
			name = "Debug - Staging";
		};
		EB99BB812129E5DE003AD933 /* Debug - Development */ = {
			isa = XCBuildConfiguration;
			baseConfigurationReference = 559CCAEF2121B3530080C272 /* debug.xcconfig */;
			buildSettings = {
				ALWAYS_SEARCH_USER_PATHS = NO;
				ASSETCATALOG_COMPILER_APPICON_NAME = "AppIcon.$(BUNDLE_IDENTIFIER)";
				CLANG_ANALYZER_NONNULL = YES;
				CLANG_CXX_LANGUAGE_STANDARD = "gnu++0x";
				CLANG_CXX_LIBRARY = "libc++";
				CLANG_ENABLE_MODULES = YES;
				CLANG_ENABLE_OBJC_ARC = YES;
				CLANG_WARN_BLOCK_CAPTURE_AUTORELEASING = YES;
				CLANG_WARN_BOOL_CONVERSION = YES;
				CLANG_WARN_COMMA = YES;
				CLANG_WARN_CONSTANT_CONVERSION = YES;
				CLANG_WARN_DIRECT_OBJC_ISA_USAGE = YES_ERROR;
				CLANG_WARN_DOCUMENTATION_COMMENTS = YES;
				CLANG_WARN_EMPTY_BODY = YES;
				CLANG_WARN_ENUM_CONVERSION = YES;
				CLANG_WARN_INFINITE_RECURSION = YES;
				CLANG_WARN_INT_CONVERSION = YES;
				CLANG_WARN_NON_LITERAL_NULL_CONVERSION = YES;
				CLANG_WARN_OBJC_LITERAL_CONVERSION = YES;
				CLANG_WARN_OBJC_ROOT_CLASS = YES_ERROR;
				CLANG_WARN_RANGE_LOOP_ANALYSIS = YES;
				CLANG_WARN_STRICT_PROTOTYPES = YES;
				CLANG_WARN_SUSPICIOUS_MOVE = YES;
				CLANG_WARN_SUSPICIOUS_MOVES = YES;
				CLANG_WARN_UNREACHABLE_CODE = YES;
				CLANG_WARN__DUPLICATE_METHOD_MATCH = YES;
				CODE_SIGN_ENTITLEMENTS = hedvig/hedvig.entitlements;
				"CODE_SIGN_IDENTITY[sdk=iphoneos*]" = "iPhone Developer";
				COPY_PHASE_STRIP = NO;
				DEBUG_INFORMATION_FORMAT = dwarf;
				ENABLE_STRICT_OBJC_MSGSEND = YES;
				ENABLE_TESTABILITY = YES;
				GCC_C_LANGUAGE_STANDARD = gnu99;
				GCC_DYNAMIC_NO_PIC = NO;
				GCC_NO_COMMON_BLOCKS = YES;
				GCC_OPTIMIZATION_LEVEL = 0;
				GCC_PREPROCESSOR_DEFINITIONS = (
					"DEBUG=1",
					"$(inherited)",
				);
				GCC_WARN_64_TO_32_BIT_CONVERSION = YES;
				GCC_WARN_ABOUT_RETURN_TYPE = YES_ERROR;
				GCC_WARN_UNDECLARED_SELECTOR = YES;
				GCC_WARN_UNINITIALIZED_AUTOS = YES_AGGRESSIVE;
				GCC_WARN_UNUSED_FUNCTION = YES;
				GCC_WARN_UNUSED_VARIABLE = YES;
				IPHONEOS_DEPLOYMENT_TARGET = 9.0;
				MTL_ENABLE_DEBUG_INFO = YES;
				ONLY_ACTIVE_ARCH = YES;
				SDKROOT = iphoneos;
			};
			name = "Debug - Development";
		};
		EB99BB822129E5DE003AD933 /* Debug - Development */ = {
			isa = XCBuildConfiguration;
			baseConfigurationReference = FE838C28F7895ED6D2053AD7 /* Pods-hedvig.debug - development.xcconfig */;
			buildSettings = {
				ASSETCATALOG_COMPILER_APPICON_NAME = AppIcon.com.hedvig.dev.app;
				BRANCH_KEY = "$(BRANCH_KEY)";
				BUNDLE_IDENTIFIER = com.hedvig.dev.app;
				CLANG_ENABLE_MODULES = YES;
				CODE_PUSH_DEPLOYMENT_KEY = "$(CODE_PUSH_DEPLOYMENT_KEY)";
				CODE_SIGN_ENTITLEMENTS = hedvig/hedvig.entitlements;
				CODE_SIGN_IDENTITY = "iPhone Developer";
				CODE_SIGN_STYLE = Manual;
				DEBUG_INFORMATION_FORMAT = "dwarf-with-dsym";
				DEVELOPMENT_TEAM = AW656G5PFM;
				FACEBOOK_APP_ID = "$(FACEBOOK_APP_ID)";
				HEADER_SEARCH_PATHS = (
					"$(inherited)",
					"${PODS_ROOT}/Firebase/CoreOnly/Sources",
					"\"${PODS_ROOT}/Headers/Public\"",
					"\"${PODS_ROOT}/Headers/Public/Analytics\"",
					"\"${PODS_ROOT}/Headers/Public/Base64\"",
					"\"${PODS_ROOT}/Headers/Public/Bolts\"",
					"\"${PODS_ROOT}/Headers/Public/Branch-SDK\"",
					"\"${PODS_ROOT}/Headers/Public/CodePush\"",
					"\"${PODS_ROOT}/Headers/Public/DoubleConversion\"",
					"\"${PODS_ROOT}/Headers/Public/FBSDKCoreKit\"",
					"\"${PODS_ROOT}/Headers/Public/Firebase\"",
					"\"${PODS_ROOT}/Headers/Public/FirebaseAnalytics\"",
					"\"${PODS_ROOT}/Headers/Public/FirebaseCore\"",
					"\"${PODS_ROOT}/Headers/Public/FirebaseInstanceID\"",
					"\"${PODS_ROOT}/Headers/Public/FirebaseMessaging\"",
					"\"${PODS_ROOT}/Headers/Public/GoogleUtilities\"",
					"\"${PODS_ROOT}/Headers/Public/JWT\"",
					"\"${PODS_ROOT}/Headers/Public/KSCrash\"",
					"\"${PODS_ROOT}/Headers/Public/Protobuf\"",
					"\"${PODS_ROOT}/Headers/Public/RNAudio\"",
					"\"${PODS_ROOT}/Headers/Public/RNSound\"",
					"\"${PODS_ROOT}/Headers/Public/React\"",
					"\"${PODS_ROOT}/Headers/Public/ReactNativePermissions\"",
					"\"${PODS_ROOT}/Headers/Public/SSZipArchive\"",
					"\"${PODS_ROOT}/Headers/Public/Segment-Facebook-App-Events\"",
					"\"${PODS_ROOT}/Headers/Public/Sentry\"",
					"\"${PODS_ROOT}/Headers/Public/SentryReactNative\"",
					"\"${PODS_ROOT}/Headers/Public/glog\"",
					"\"${PODS_ROOT}/Headers/Public/lottie-ios\"",
					"\"${PODS_ROOT}/Headers/Public/lottie-react-native\"",
					"\"${PODS_ROOT}/Headers/Public/nanopb\"",
					"\"${PODS_ROOT}/Headers/Public/react-native-branch\"",
					"\"${PODS_ROOT}/Headers/Public/react-native-config\"",
					"\"${PODS_ROOT}/Headers/Public/rn-fetch-blob\"",
					"\"${PODS_ROOT}/Headers/Public/yoga\"",
					"$(SRCROOT)/../node_modules/react-native-firebase/ios/RNFirebase/**",
				);
				INFOPLIST_FILE = hedvig/Supporting/Info.plist;
				INFOPLIST_OTHER_PREPROCESSOR_FLAGS = "-traditional";
				INFOPLIST_PREFIX_HEADER = "${BUILD_DIR}/GeneratedInfoPlistDotEnv.h";
				INFOPLIST_PREPROCESS = YES;
				LD_RUNPATH_SEARCH_PATHS = "$(inherited) @executable_path/Frameworks";
				LIBRARY_SEARCH_PATHS = (
					"$(inherited)",
					"\"$(SRCROOT)/$(TARGET_NAME)\"",
					"\"$(SRCROOT)/$(TARGET_NAME)\"",
					"\"$(SRCROOT)/$(TARGET_NAME)\"",
					"\"$(SRCROOT)/$(PRODUCT_NAME)\"",
				);
				OTHER_SWIFT_FLAGS = "$(inherited) -Xcc -fmodule-map-file=\"${PODS_CONFIGURATION_BUILD_DIR}/Apollo/Apollo.modulemap\" -Xcc -fmodule-map-file=\"${PODS_CONFIGURATION_BUILD_DIR}/Disk/Disk.modulemap\" -Xcc -fmodule-map-file=\"${PODS_CONFIGURATION_BUILD_DIR}/DynamicColor/DynamicColor.modulemap\" -Xcc -fmodule-map-file=\"${PODS_CONFIGURATION_BUILD_DIR}/FlowFramework/Flow.modulemap\" -Xcc -fmodule-map-file=\"${PODS_CONFIGURATION_BUILD_DIR}/Katana/Katana.modulemap\" -Xcc -fmodule-map-file=\"${PODS_CONFIGURATION_BUILD_DIR}/PinLayout/PinLayout.modulemap\" -Xcc -fmodule-map-file=\"${PODS_ROOT}/Headers/Public/SSZipArchive/SSZipArchive.modulemap\" -Xcc -fmodule-map-file=\"${PODS_CONFIGURATION_BUILD_DIR}/Starscream/Starscream.modulemap\" -Xcc -fmodule-map-file=\"${PODS_CONFIGURATION_BUILD_DIR}/Tempura/Tempura.modulemap\" $(inherited) \"-D\" \"COCOAPODS\" -D \"DEBUG\"";
				PRODUCT_BUNDLE_IDENTIFIER = com.hedvig.dev.app;
				PRODUCT_NAME = "$(PRODUCT_NAME)";
				PROVISIONING_PROFILE = "ec3e0828-e3fc-4165-afbc-b60504392532";
				PROVISIONING_PROFILE_SPECIFIER = "Hedvig App Dev";
				SWIFT_OBJC_BRIDGING_HEADER = "hedvig/hedvig-Bridging-Header.h";
				SWIFT_OPTIMIZATION_LEVEL = "-Onone";
				SWIFT_VERSION = 4.2;
				TARGETED_DEVICE_FAMILY = 1;
			};
			name = "Debug - Development";
		};
		EB99BB832129E5E5003AD933 /* Release - Development */ = {
			isa = XCBuildConfiguration;
			baseConfigurationReference = 559CCAF22121B4620080C272 /* release.xcconfig */;
			buildSettings = {
				ALWAYS_SEARCH_USER_PATHS = NO;
				ASSETCATALOG_COMPILER_APPICON_NAME = "AppIcon.$(BUNDLE_IDENTIFIER)";
				CLANG_ANALYZER_NONNULL = YES;
				CLANG_CXX_LANGUAGE_STANDARD = "gnu++0x";
				CLANG_CXX_LIBRARY = "libc++";
				CLANG_ENABLE_MODULES = YES;
				CLANG_ENABLE_OBJC_ARC = YES;
				CLANG_WARN_BLOCK_CAPTURE_AUTORELEASING = YES;
				CLANG_WARN_BOOL_CONVERSION = YES;
				CLANG_WARN_COMMA = YES;
				CLANG_WARN_CONSTANT_CONVERSION = YES;
				CLANG_WARN_DIRECT_OBJC_ISA_USAGE = YES_ERROR;
				CLANG_WARN_DOCUMENTATION_COMMENTS = YES;
				CLANG_WARN_EMPTY_BODY = YES;
				CLANG_WARN_ENUM_CONVERSION = YES;
				CLANG_WARN_INFINITE_RECURSION = YES;
				CLANG_WARN_INT_CONVERSION = YES;
				CLANG_WARN_NON_LITERAL_NULL_CONVERSION = YES;
				CLANG_WARN_OBJC_LITERAL_CONVERSION = YES;
				CLANG_WARN_OBJC_ROOT_CLASS = YES_ERROR;
				CLANG_WARN_RANGE_LOOP_ANALYSIS = YES;
				CLANG_WARN_STRICT_PROTOTYPES = YES;
				CLANG_WARN_SUSPICIOUS_MOVE = YES;
				CLANG_WARN_SUSPICIOUS_MOVES = YES;
				CLANG_WARN_UNREACHABLE_CODE = YES;
				CLANG_WARN__DUPLICATE_METHOD_MATCH = YES;
				CODE_SIGN_ENTITLEMENTS = hedvig/hedvig.entitlements;
				"CODE_SIGN_IDENTITY[sdk=iphoneos*]" = "iPhone Developer";
				COPY_PHASE_STRIP = NO;
				DEBUG_INFORMATION_FORMAT = "dwarf-with-dsym";
				ENABLE_NS_ASSERTIONS = NO;
				ENABLE_STRICT_OBJC_MSGSEND = YES;
				GCC_C_LANGUAGE_STANDARD = gnu99;
				GCC_NO_COMMON_BLOCKS = YES;
				GCC_WARN_64_TO_32_BIT_CONVERSION = YES;
				GCC_WARN_ABOUT_RETURN_TYPE = YES_ERROR;
				GCC_WARN_UNDECLARED_SELECTOR = YES;
				GCC_WARN_UNINITIALIZED_AUTOS = YES_AGGRESSIVE;
				GCC_WARN_UNUSED_FUNCTION = YES;
				GCC_WARN_UNUSED_VARIABLE = YES;
				IPHONEOS_DEPLOYMENT_TARGET = 9.0;
				MTL_ENABLE_DEBUG_INFO = NO;
				SDKROOT = iphoneos;
				VALIDATE_PRODUCT = YES;
			};
			name = "Release - Development";
		};
		EB99BB842129E5E5003AD933 /* Release - Development */ = {
			isa = XCBuildConfiguration;
			baseConfigurationReference = EE9E45FE503F4AA1B6290424 /* Pods-hedvig.release - development.xcconfig */;
			buildSettings = {
				ASSETCATALOG_COMPILER_APPICON_NAME = AppIcon.com.hedvig.dev.app;
				BRANCH_KEY = "$(BRANCH_KEY)";
				BUNDLE_IDENTIFIER = com.hedvig.dev.app;
				CLANG_ENABLE_MODULES = YES;
				CODE_PUSH_DEPLOYMENT_KEY = "$(CODE_PUSH_DEPLOYMENT_KEY)";
				CODE_SIGN_ENTITLEMENTS = hedvig/hedvig.entitlements;
				CODE_SIGN_IDENTITY = "iPhone Distribution";
				CODE_SIGN_STYLE = Manual;
				DEVELOPMENT_TEAM = AW656G5PFM;
				FACEBOOK_APP_ID = "$(FACEBOOK_APP_ID)";
				INFOPLIST_FILE = hedvig/Supporting/Info.plist;
				INFOPLIST_OTHER_PREPROCESSOR_FLAGS = "-traditional";
				INFOPLIST_PREFIX_HEADER = "${BUILD_DIR}/GeneratedInfoPlistDotEnv.h";
				INFOPLIST_PREPROCESS = YES;
				LD_RUNPATH_SEARCH_PATHS = "$(inherited) @executable_path/Frameworks";
				LIBRARY_SEARCH_PATHS = (
					"$(inherited)",
					"\"$(SRCROOT)/$(TARGET_NAME)\"",
					"\"$(SRCROOT)/$(TARGET_NAME)\"",
					"\"$(SRCROOT)/$(TARGET_NAME)\"",
					"\"$(SRCROOT)/$(PRODUCT_NAME)\"",
				);
				PRODUCT_BUNDLE_IDENTIFIER = com.hedvig.dev.app;
				PRODUCT_NAME = "$(PRODUCT_NAME)";
				PROVISIONING_PROFILE = "ec3e0828-e3fc-4165-afbc-b60504392532";
				PROVISIONING_PROFILE_SPECIFIER = "com.hedvig.test.app AppStore";
				SWIFT_OBJC_BRIDGING_HEADER = "hedvig/hedvig-Bridging-Header.h";
				SWIFT_VERSION = 4.2;
				TARGETED_DEVICE_FAMILY = 1;
			};
			name = "Release - Development";
		};
		EBC15BE3212714AC00D0E296 /* Release - Staging */ = {
			isa = XCBuildConfiguration;
			baseConfigurationReference = 559CCAF22121B4620080C272 /* release.xcconfig */;
			buildSettings = {
				ALWAYS_SEARCH_USER_PATHS = NO;
				ASSETCATALOG_COMPILER_APPICON_NAME = "AppIcon.$(BUNDLE_IDENTIFIER)";
				CLANG_ANALYZER_NONNULL = YES;
				CLANG_CXX_LANGUAGE_STANDARD = "gnu++0x";
				CLANG_CXX_LIBRARY = "libc++";
				CLANG_ENABLE_MODULES = YES;
				CLANG_ENABLE_OBJC_ARC = YES;
				CLANG_WARN_BLOCK_CAPTURE_AUTORELEASING = YES;
				CLANG_WARN_BOOL_CONVERSION = YES;
				CLANG_WARN_COMMA = YES;
				CLANG_WARN_CONSTANT_CONVERSION = YES;
				CLANG_WARN_DIRECT_OBJC_ISA_USAGE = YES_ERROR;
				CLANG_WARN_DOCUMENTATION_COMMENTS = YES;
				CLANG_WARN_EMPTY_BODY = YES;
				CLANG_WARN_ENUM_CONVERSION = YES;
				CLANG_WARN_INFINITE_RECURSION = YES;
				CLANG_WARN_INT_CONVERSION = YES;
				CLANG_WARN_NON_LITERAL_NULL_CONVERSION = YES;
				CLANG_WARN_OBJC_LITERAL_CONVERSION = YES;
				CLANG_WARN_OBJC_ROOT_CLASS = YES_ERROR;
				CLANG_WARN_RANGE_LOOP_ANALYSIS = YES;
				CLANG_WARN_STRICT_PROTOTYPES = YES;
				CLANG_WARN_SUSPICIOUS_MOVE = YES;
				CLANG_WARN_SUSPICIOUS_MOVES = YES;
				CLANG_WARN_UNREACHABLE_CODE = YES;
				CLANG_WARN__DUPLICATE_METHOD_MATCH = YES;
				CODE_SIGN_ENTITLEMENTS = hedvig/hedvig.entitlements;
				"CODE_SIGN_IDENTITY[sdk=iphoneos*]" = "iPhone Developer";
				COPY_PHASE_STRIP = NO;
				DEBUG_INFORMATION_FORMAT = "dwarf-with-dsym";
				ENABLE_NS_ASSERTIONS = NO;
				ENABLE_STRICT_OBJC_MSGSEND = YES;
				GCC_C_LANGUAGE_STANDARD = gnu99;
				GCC_NO_COMMON_BLOCKS = YES;
				GCC_WARN_64_TO_32_BIT_CONVERSION = YES;
				GCC_WARN_ABOUT_RETURN_TYPE = YES_ERROR;
				GCC_WARN_UNDECLARED_SELECTOR = YES;
				GCC_WARN_UNINITIALIZED_AUTOS = YES_AGGRESSIVE;
				GCC_WARN_UNUSED_FUNCTION = YES;
				GCC_WARN_UNUSED_VARIABLE = YES;
				IPHONEOS_DEPLOYMENT_TARGET = 9.0;
				MTL_ENABLE_DEBUG_INFO = NO;
				SDKROOT = iphoneos;
				VALIDATE_PRODUCT = YES;
			};
			name = "Release - Staging";
		};
		EBC15BE4212714AC00D0E296 /* Release - Staging */ = {
			isa = XCBuildConfiguration;
			baseConfigurationReference = 2EE5FB9DB54A633C563A341F /* Pods-hedvig.release - staging.xcconfig */;
			buildSettings = {
				ASSETCATALOG_COMPILER_APPICON_NAME = AppIcon.com.hedvig.test.app;
				BRANCH_KEY = "$(BRANCH_KEY)";
				BUNDLE_IDENTIFIER = com.hedvig.test.app;
				CLANG_ENABLE_MODULES = YES;
				CODE_PUSH_DEPLOYMENT_KEY = "$(CODE_PUSH_DEPLOYMENT_KEY)";
				CODE_SIGN_ENTITLEMENTS = hedvig/hedvig.entitlements;
				CODE_SIGN_IDENTITY = "iPhone Distribution";
				CODE_SIGN_STYLE = Manual;
				DEVELOPMENT_TEAM = AW656G5PFM;
				FACEBOOK_APP_ID = "$(FACEBOOK_APP_ID)";
				INFOPLIST_FILE = hedvig/Supporting/Info.plist;
				INFOPLIST_OTHER_PREPROCESSOR_FLAGS = "-traditional";
				INFOPLIST_PREFIX_HEADER = "${BUILD_DIR}/GeneratedInfoPlistDotEnv.h";
				INFOPLIST_PREPROCESS = YES;
				LD_RUNPATH_SEARCH_PATHS = "$(inherited) @executable_path/Frameworks";
				LIBRARY_SEARCH_PATHS = (
					"$(inherited)",
					"\"$(SRCROOT)/$(PRODUCT_NAME)\"",
					"\"$(SRCROOT)/$(TARGET_NAME)\"",
					"\"$(SRCROOT)/$(TARGET_NAME)\"",
					"\"$(SRCROOT)/$(TARGET_NAME)\"",
				);
				PRODUCT_BUNDLE_IDENTIFIER = com.hedvig.test.app;
				PRODUCT_NAME = "$(PRODUCT_NAME)";
				PROVISIONING_PROFILE = "ec3e0828-e3fc-4165-afbc-b60504392532";
				PROVISIONING_PROFILE_SPECIFIER = "com.hedvig.test.app AppStore";
				SWIFT_OBJC_BRIDGING_HEADER = "hedvig/hedvig-Bridging-Header.h";
				SWIFT_VERSION = 4.2;
				TARGETED_DEVICE_FAMILY = 1;
			};
			name = "Release - Staging";
		};
/* End XCBuildConfiguration section */

/* Begin XCConfigurationList section */
		B563863C1DB9693800A0598C /* Build configuration list for PBXProject "hedvig" */ = {
			isa = XCConfigurationList;
			buildConfigurations = (
				B56386561DB9693800A0598C /* Debug - Production */,
				EB99BB812129E5DE003AD933 /* Debug - Development */,
				EB99BB7F2129E5D1003AD933 /* Debug - Staging */,
				B56386571DB9693800A0598C /* Release - Production */,
				EB99BB832129E5E5003AD933 /* Release - Development */,
				EBC15BE3212714AC00D0E296 /* Release - Staging */,
			);
			defaultConfigurationIsVisible = 0;
			defaultConfigurationName = "Release - Production";
		};
		B56386581DB9693800A0598C /* Build configuration list for PBXNativeTarget "hedvig" */ = {
			isa = XCConfigurationList;
			buildConfigurations = (
				B56386591DB9693800A0598C /* Debug - Production */,
				EB99BB822129E5DE003AD933 /* Debug - Development */,
				EB99BB802129E5D1003AD933 /* Debug - Staging */,
				B563865A1DB9693800A0598C /* Release - Production */,
				EB99BB842129E5E5003AD933 /* Release - Development */,
				EBC15BE4212714AC00D0E296 /* Release - Staging */,
			);
			defaultConfigurationIsVisible = 0;
			defaultConfigurationName = "Release - Production";
		};
/* End XCConfigurationList section */
	};
	rootObject = B56386391DB9693800A0598C /* Project object */;
}
